
Microsoft Visual Studio Solution File, Format Version 12.00
# Visual Studio 15
#
# This file was generated by MPC.  Any changes made directly to
# this file will be lost the next time it is generated.
#
# MPC Command:
# /home/johnny/DOC_ROOT/stage-6819/ACE_wrappers/bin/mwc.pl -type vs2017 -recurse -hierarchy -relative ACE_ROOT=/home/johnny/DOC_ROOT/stage-6819/ACE_wrappers -relative TAO_ROOT=/home/johnny/DOC_ROOT/stage-6819/ACE_wrappers/TAO -workers 8 -name_modifier "*_vs2017"
Project("{8BC9CEB8-8B4A-11D0-8D11-00A0C91BC942}") = "Basic_Notify_AdminProperties", "Basic_Notify_AdminProperties_vs2017.vcxproj", "{0D0C6E3F-FECA-1BAD-65F1-8A2709AE2C7A}"
EndProject
Project("{8BC9CEB8-8B4A-11D0-8D11-00A0C91BC942}") = "Basic_Notify_ConnectDisconnect", "Basic_Notify_ConnectDisconnect_vs2017.vcxproj", "{0CB36DE5-FECA-1BAD-65F1-8A2709AE2C7A}"
EndProject
Project("{8BC9CEB8-8B4A-11D0-8D11-00A0C91BC942}") = "Basic_Notify_Events", "Basic_Notify_Events_vs2017.vcxproj", "{3B7DCA14-FECA-1BAD-65F1-8A2709AE2C7A}"
EndProject
Project("{8BC9CEB8-8B4A-11D0-8D11-00A0C91BC942}") = "Basic_Notify_Extended_Filter", "Basic_Notify_Extended_Filter_vs2017.vcxproj", "{64835BDA-FECA-1BAD-65F1-8A2709AE2C7A}"
EndProject
Project("{8BC9CEB8-8B4A-11D0-8D11-00A0C91BC942}") = "Basic_Notify_Filter", "Basic_Notify_Filter_vs2017.vcxproj", "{2B7F32A5-FECA-1BAD-65F1-8A2709AE2C7A}"
EndProject
Project("{8BC9CEB8-8B4A-11D0-8D11-00A0C91BC942}") = "Basic_Notify_IdAssignment", "Basic_Notify_IdAssignment_vs2017.vcxproj", "{24161A5D-FECA-1BAD-65F1-8A2709AE2C7A}"
EndProject
Project("{8BC9CEB8-8B4A-11D0-8D11-00A0C91BC942}") = "Basic_Notify_LifeCycle", "Basic_Notify_LifeCycle_vs2017.vcxproj", "{0F639E89-FECA-1BAD-65F1-8A2709AE2C7A}"
EndProject
Project("{8BC9CEB8-8B4A-11D0-8D11-00A0C91BC942}") = "Basic_Notify_MultiTypes", "Basic_Notify_MultiTypes_vs2017.vcxproj", "{CFE1385D-FECA-1BAD-65F1-8A2709AE2C7A}"
EndProject
Project("{8BC9CEB8-8B4A-11D0-8D11-00A0C91BC942}") = "Basic_Notify_Sequence", "Basic_Notify_Sequence_vs2017.vcxproj", "{D60E1F28-FECA-1BAD-65F1-8A2709AE2C7A}"
EndProject
Project("{8BC9CEB8-8B4A-11D0-8D11-00A0C91BC942}") = "Basic_Notify_Simple", "Basic_Notify_Simple_vs2017.vcxproj", "{5B6A33ED-FECA-1BAD-65F1-8A2709AE2C7A}"
EndProject
Project("{8BC9CEB8-8B4A-11D0-8D11-00A0C91BC942}") = "Basic_Notify_Updates", "Basic_Notify_Updates_vs2017.vcxproj", "{443AA558-FECA-1BAD-65F1-8A2709AE2C7A}"
EndProject
Global
	GlobalSection(SolutionConfigurationPlatforms) = preSolution
		Debug|Win32 = Debug|Win32
		Debug|x64 = Debug|x64
		Release|Win32 = Release|Win32
		Release|x64 = Release|x64
	EndGlobalSection
	GlobalSection(ProjectConfigurationPlatforms) = postSolution
		{0D0C6E3F-FECA-1BAD-65F1-8A2709AE2C7A}.Debug|Win32.ActiveCfg = Debug|Win32
		{0D0C6E3F-FECA-1BAD-65F1-8A2709AE2C7A}.Debug|Win32.Build.0 = Debug|Win32
		{0D0C6E3F-FECA-1BAD-65F1-8A2709AE2C7A}.Debug|x64.ActiveCfg = Debug|x64
		{0D0C6E3F-FECA-1BAD-65F1-8A2709AE2C7A}.Debug|x64.Build.0 = Debug|x64
		{0D0C6E3F-FECA-1BAD-65F1-8A2709AE2C7A}.Release|Win32.ActiveCfg = Release|Win32
		{0D0C6E3F-FECA-1BAD-65F1-8A2709AE2C7A}.Release|Win32.Build.0 = Release|Win32
		{0D0C6E3F-FECA-1BAD-65F1-8A2709AE2C7A}.Release|x64.ActiveCfg = Release|x64
		{0D0C6E3F-FECA-1BAD-65F1-8A2709AE2C7A}.Release|x64.Build.0 = Release|x64
		{0CB36DE5-FECA-1BAD-65F1-8A2709AE2C7A}.Debug|Win32.ActiveCfg = Debug|Win32
		{0CB36DE5-FECA-1BAD-65F1-8A2709AE2C7A}.Debug|Win32.Build.0 = Debug|Win32
		{0CB36DE5-FECA-1BAD-65F1-8A2709AE2C7A}.Debug|x64.ActiveCfg = Debug|x64
		{0CB36DE5-FECA-1BAD-65F1-8A2709AE2C7A}.Debug|x64.Build.0 = Debug|x64
		{0CB36DE5-FECA-1BAD-65F1-8A2709AE2C7A}.Release|Win32.ActiveCfg = Release|Win32
		{0CB36DE5-FECA-1BAD-65F1-8A2709AE2C7A}.Release|Win32.Build.0 = Release|Win32
		{0CB36DE5-FECA-1BAD-65F1-8A2709AE2C7A}.Release|x64.ActiveCfg = Release|x64
		{0CB36DE5-FECA-1BAD-65F1-8A2709AE2C7A}.Release|x64.Build.0 = Release|x64
		{3B7DCA14-FECA-1BAD-65F1-8A2709AE2C7A}.Debug|Win32.ActiveCfg = Debug|Win32
		{3B7DCA14-FECA-1BAD-65F1-8A2709AE2C7A}.Debug|Win32.Build.0 = Debug|Win32
		{3B7DCA14-FECA-1BAD-65F1-8A2709AE2C7A}.Debug|x64.ActiveCfg = Debug|x64
		{3B7DCA14-FECA-1BAD-65F1-8A2709AE2C7A}.Debug|x64.Build.0 = Debug|x64
		{3B7DCA14-FECA-1BAD-65F1-8A2709AE2C7A}.Release|Win32.ActiveCfg = Release|Win32
		{3B7DCA14-FECA-1BAD-65F1-8A2709AE2C7A}.Release|Win32.Build.0 = Release|Win32
		{3B7DCA14-FECA-1BAD-65F1-8A2709AE2C7A}.Release|x64.ActiveCfg = Release|x64
		{3B7DCA14-FECA-1BAD-65F1-8A2709AE2C7A}.Release|x64.Build.0 = Release|x64
		{64835BDA-FECA-1BAD-65F1-8A2709AE2C7A}.Debug|Win32.ActiveCfg = Debug|Win32
		{64835BDA-FECA-1BAD-65F1-8A2709AE2C7A}.Debug|Win32.Build.0 = Debug|Win32
		{64835BDA-FECA-1BAD-65F1-8A2709AE2C7A}.Debug|x64.ActiveCfg = Debug|x64
		{64835BDA-FECA-1BAD-65F1-8A2709AE2C7A}.Debug|x64.Build.0 = Debug|x64
		{64835BDA-FECA-1BAD-65F1-8A2709AE2C7A}.Release|Win32.ActiveCfg = Release|Win32
		{64835BDA-FECA-1BAD-65F1-8A2709AE2C7A}.Release|Win32.Build.0 = Release|Win32
		{64835BDA-FECA-1BAD-65F1-8A2709AE2C7A}.Release|x64.ActiveCfg = Release|x64
		{64835BDA-FECA-1BAD-65F1-8A2709AE2C7A}.Release|x64.Build.0 = Release|x64
		{2B7F32A5-FECA-1BAD-65F1-8A2709AE2C7A}.Debug|Win32.ActiveCfg = Debug|Win32
		{2B7F32A5-FECA-1BAD-65F1-8A2709AE2C7A}.Debug|Win32.Build.0 = Debug|Win32
		{2B7F32A5-FECA-1BAD-65F1-8A2709AE2C7A}.Debug|x64.ActiveCfg = Debug|x64
		{2B7F32A5-FECA-1BAD-65F1-8A2709AE2C7A}.Debug|x64.Build.0 = Debug|x64
		{2B7F32A5-FECA-1BAD-65F1-8A2709AE2C7A}.Release|Win32.ActiveCfg = Release|Win32
		{2B7F32A5-FECA-1BAD-65F1-8A2709AE2C7A}.Release|Win32.Build.0 = Release|Win32
		{2B7F32A5-FECA-1BAD-65F1-8A2709AE2C7A}.Release|x64.ActiveCfg = Release|x64
		{2B7F32A5-FECA-1BAD-65F1-8A2709AE2C7A}.Release|x64.Build.0 = Release|x64
		{24161A5D-FECA-1BAD-65F1-8A2709AE2C7A}.Debug|Win32.ActiveCfg = Debug|Win32
		{24161A5D-FECA-1BAD-65F1-8A2709AE2C7A}.Debug|Win32.Build.0 = Debug|Win32
		{24161A5D-FECA-1BAD-65F1-8A2709AE2C7A}.Debug|x64.ActiveCfg = Debug|x64
		{24161A5D-FECA-1BAD-65F1-8A2709AE2C7A}.Debug|x64.Build.0 = Debug|x64
		{24161A5D-FECA-1BAD-65F1-8A2709AE2C7A}.Release|Win32.ActiveCfg = Release|Win32
		{24161A5D-FECA-1BAD-65F1-8A2709AE2C7A}.Release|Win32.Build.0 = Release|Win32
		{24161A5D-FECA-1BAD-65F1-8A2709AE2C7A}.Release|x64.ActiveCfg = Release|x64
		{24161A5D-FECA-1BAD-65F1-8A2709AE2C7A}.Release|x64.Build.0 = Release|x64
		{0F639E89-FECA-1BAD-65F1-8A2709AE2C7A}.Debug|Win32.ActiveCfg = Debug|Win32
		{0F639E89-FECA-1BAD-65F1-8A2709AE2C7A}.Debug|Win32.Build.0 = Debug|Win32
		{0F639E89-FECA-1BAD-65F1-8A2709AE2C7A}.Debug|x64.ActiveCfg = Debug|x64
		{0F639E89-FECA-1BAD-65F1-8A2709AE2C7A}.Debug|x64.Build.0 = Debug|x64
		{0F639E89-FECA-1BAD-65F1-8A2709AE2C7A}.Release|Win32.ActiveCfg = Release|Win32
		{0F639E89-FECA-1BAD-65F1-8A2709AE2C7A}.Release|Win32.Build.0 = Release|Win32
		{0F639E89-FECA-1BAD-65F1-8A2709AE2C7A}.Release|x64.ActiveCfg = Release|x64
		{0F639E89-FECA-1BAD-65F1-8A2709AE2C7A}.Release|x64.Build.0 = Release|x64
		{CFE1385D-FECA-1BAD-65F1-8A2709AE2C7A}.Debug|Win32.ActiveCfg = Debug|Win32
		{CFE1385D-FECA-1BAD-65F1-8A2709AE2C7A}.Debug|Win32.Build.0 = Debug|Win32
		{CFE1385D-FECA-1BAD-65F1-8A2709AE2C7A}.Debug|x64.ActiveCfg = Debug|x64
		{CFE1385D-FECA-1BAD-65F1-8A2709AE2C7A}.Debug|x64.Build.0 = Debug|x64
		{CFE1385D-FECA-1BAD-65F1-8A2709AE2C7A}.Release|Win32.ActiveCfg = Release|Win32
		{CFE1385D-FECA-1BAD-65F1-8A2709AE2C7A}.Release|Win32.Build.0 = Release|Win32
		{CFE1385D-FECA-1BAD-65F1-8A2709AE2C7A}.Release|x64.ActiveCfg = Release|x64
		{CFE1385D-FECA-1BAD-65F1-8A2709AE2C7A}.Release|x64.Build.0 = Release|x64
		{D60E1F28-FECA-1BAD-65F1-8A2709AE2C7A}.Debug|Win32.ActiveCfg = Debug|Win32
		{D60E1F28-FECA-1BAD-65F1-8A2709AE2C7A}.Debug|Win32.Build.0 = Debug|Win32
		{D60E1F28-FECA-1BAD-65F1-8A2709AE2C7A}.Debug|x64.ActiveCfg = Debug|x64
		{D60E1F28-FECA-1BAD-65F1-8A2709AE2C7A}.Debug|x64.Build.0 = Debug|x64
		{D60E1F28-FECA-1BAD-65F1-8A2709AE2C7A}.Release|Win32.ActiveCfg = Release|Win32
		{D60E1F28-FECA-1BAD-65F1-8A2709AE2C7A}.Release|Win32.Build.0 = Release|Win32
		{D60E1F28-FECA-1BAD-65F1-8A2709AE2C7A}.Release|x64.ActiveCfg = Release|x64
		{D60E1F28-FECA-1BAD-65F1-8A2709AE2C7A}.Release|x64.Build.0 = Release|x64
		{5B6A33ED-FECA-1BAD-65F1-8A2709AE2C7A}.Debug|Win32.ActiveCfg = Debug|Win32
		{5B6A33ED-FECA-1BAD-65F1-8A2709AE2C7A}.Debug|Win32.Build.0 = Debug|Win32
		{5B6A33ED-FECA-1BAD-65F1-8A2709AE2C7A}.Debug|x64.ActiveCfg = Debug|x64
		{5B6A33ED-FECA-1BAD-65F1-8A2709AE2C7A}.Debug|x64.Build.0 = Debug|x64
		{5B6A33ED-FECA-1BAD-65F1-8A2709AE2C7A}.Release|Win32.ActiveCfg = Release|Win32
		{5B6A33ED-FECA-1BAD-65F1-8A2709AE2C7A}.Release|Win32.Build.0 = Release|Win32
		{5B6A33ED-FECA-1BAD-65F1-8A2709AE2C7A}.Release|x64.ActiveCfg = Release|x64
		{5B6A33ED-FECA-1BAD-65F1-8A2709AE2C7A}.Release|x64.Build.0 = Release|x64
		{443AA558-FECA-1BAD-65F1-8A2709AE2C7A}.Debug|Win32.ActiveCfg = Debug|Win32
		{443AA558-FECA-1BAD-65F1-8A2709AE2C7A}.Debug|Win32.Build.0 = Debug|Win32
		{443AA558-FECA-1BAD-65F1-8A2709AE2C7A}.Debug|x64.ActiveCfg = Debug|x64
		{443AA558-FECA-1BAD-65F1-8A2709AE2C7A}.Debug|x64.Build.0 = Debug|x64
		{443AA558-FECA-1BAD-65F1-8A2709AE2C7A}.Release|Win32.ActiveCfg = Release|Win32
		{443AA558-FECA-1BAD-65F1-8A2709AE2C7A}.Release|Win32.Build.0 = Release|Win32
		{443AA558-FECA-1BAD-65F1-8A2709AE2C7A}.Release|x64.ActiveCfg = Release|x64
		{443AA558-FECA-1BAD-65F1-8A2709AE2C7A}.Release|x64.Build.0 = Release|x64
	EndGlobalSection
	GlobalSection(SolutionProperties) = preSolution
		HideSolutionNode = FALSE
	EndGlobalSection
EndGlobal
