
Microsoft Visual Studio Solution File, Format Version 12.00
# Visual Studio 15
#
# This file was generated by MPC.  Any changes made directly to
# this file will be lost the next time it is generated.
#
# MPC Command:
# /home/johnny/DOC_ROOT/stage-6819/ACE_wrappers/bin/mwc.pl -type vs2017 -recurse -hierarchy -relative ACE_ROOT=/home/johnny/DOC_ROOT/stage-6819/ACE_wrappers -relative TAO_ROOT=/home/johnny/DOC_ROOT/stage-6819/ACE_wrappers/TAO -workers 8 -name_modifier "*_vs2017"
Project("{8BC9CEB8-8B4A-11D0-8D11-00A0C91BC942}") = "AO_Multiple_ORBs", "Activate_Object_Multiple_ORBs\AO_Multiple_ORBs_vs2017.vcxproj", "{DBAF5C39-FECA-1BAD-9D7B-BAD24BF7CEDC}"
EndProject
Project("{8BC9CEB8-8B4A-11D0-8D11-00A0C91BC942}") = "RTCORBA_Banded_Conn_Client", "Banded_Connections\RTCORBA_Banded_Conn_Client_vs2017.vcxproj", "{FC94956D-FECA-1BAD-BAF3-0F1C595368E4}"
	ProjectSection(ProjectDependencies) = postProject
		{730B064B-FECA-1BAD-BAF3-0F1C595368E4} = {730B064B-FECA-1BAD-BAF3-0F1C595368E4}
	EndProjectSection
EndProject
Project("{8BC9CEB8-8B4A-11D0-8D11-00A0C91BC942}") = "RTCORBA_Banded_Conn_Idl", "Banded_Connections\RTCORBA_Banded_Conn_Idl_vs2017.vcxproj", "{730B064B-FECA-1BAD-BAF3-0F1C595368E4}"
EndProject
Project("{8BC9CEB8-8B4A-11D0-8D11-00A0C91BC942}") = "RTCORBA_Banded_Conn_Server", "Banded_Connections\RTCORBA_Banded_Conn_Server_vs2017.vcxproj", "{9C841F56-FECA-1BAD-BAF3-0F1C595368E4}"
	ProjectSection(ProjectDependencies) = postProject
		{730B064B-FECA-1BAD-BAF3-0F1C595368E4} = {730B064B-FECA-1BAD-BAF3-0F1C595368E4}
	EndProjectSection
EndProject
Project("{8BC9CEB8-8B4A-11D0-8D11-00A0C91BC942}") = "Bug_3382_Regression_Client", "Bug_3382_Regression\Bug_3382_Regression_Client_vs2017.vcxproj", "{E2D5C5B7-FECA-1BAD-60ED-4E4C462D6A6A}"
	ProjectSection(ProjectDependencies) = postProject
		{82C54F8C-FECA-1BAD-60ED-4E4C462D6A6A} = {82C54F8C-FECA-1BAD-60ED-4E4C462D6A6A}
	EndProjectSection
EndProject
Project("{8BC9CEB8-8B4A-11D0-8D11-00A0C91BC942}") = "Bug_3382_Regression_Server", "Bug_3382_Regression\Bug_3382_Regression_Server_vs2017.vcxproj", "{82C54F8C-FECA-1BAD-60ED-4E4C462D6A6A}"
EndProject
Project("{8BC9CEB8-8B4A-11D0-8D11-00A0C91BC942}") = "Bug_3382_Regression_SimpleClient", "Bug_3382_Regression\Bug_3382_Regression_SimpleClient_vs2017.vcxproj", "{025B8B02-FECA-1BAD-60ED-4E4C462D6A6A}"
EndProject
Project("{8BC9CEB8-8B4A-11D0-8D11-00A0C91BC942}") = "Bug_3643_Regression_Client", "Bug_3643_Regression\Bug_3643_Regression_Client_vs2017.vcxproj", "{E2D599A7-FECA-1BAD-70ED-4E1046717A6A}"
	ProjectSection(ProjectDependencies) = postProject
		{BFAAE25B-FECA-1BAD-70ED-4E1046717A6A} = {BFAAE25B-FECA-1BAD-70ED-4E1046717A6A}
	EndProjectSection
EndProject
Project("{8BC9CEB8-8B4A-11D0-8D11-00A0C91BC942}") = "Bug_3643_Regression_Idl", "Bug_3643_Regression\Bug_3643_Regression_Idl_vs2017.vcxproj", "{BFAAE25B-FECA-1BAD-70ED-4E1046717A6A}"
EndProject
Project("{8BC9CEB8-8B4A-11D0-8D11-00A0C91BC942}") = "Bug_3643_Regression_Server", "Bug_3643_Regression\Bug_3643_Regression_Server_vs2017.vcxproj", "{82C5139C-FECA-1BAD-70ED-4E1046717A6A}"
	ProjectSection(ProjectDependencies) = postProject
		{BFAAE25B-FECA-1BAD-70ED-4E1046717A6A} = {BFAAE25B-FECA-1BAD-70ED-4E1046717A6A}
	EndProjectSection
EndProject
Project("{8BC9CEB8-8B4A-11D0-8D11-00A0C91BC942}") = "RTCORBA_Client_Propagated_Client", "Client_Propagated\RTCORBA_Client_Propagated_Client_vs2017.vcxproj", "{AF3F04CB-FECA-1BAD-1CA0-A48DACCA7A0F}"
	ProjectSection(ProjectDependencies) = postProject
		{696E3CF2-FECA-1BAD-1CA0-A48DACCA7A0F} = {696E3CF2-FECA-1BAD-1CA0-A48DACCA7A0F}
	EndProjectSection
EndProject
Project("{8BC9CEB8-8B4A-11D0-8D11-00A0C91BC942}") = "RTCORBA_Client_Propagated_Idl", "Client_Propagated\RTCORBA_Client_Propagated_Idl_vs2017.vcxproj", "{696E3CF2-FECA-1BAD-1CA0-A48DACCA7A0F}"
EndProject
Project("{8BC9CEB8-8B4A-11D0-8D11-00A0C91BC942}") = "RTCORBA_Client_Propagated_Server", "Client_Propagated\RTCORBA_Client_Propagated_Server_vs2017.vcxproj", "{CF2F8EF0-FECA-1BAD-1CA0-A48DACCA7A0F}"
	ProjectSection(ProjectDependencies) = postProject
		{696E3CF2-FECA-1BAD-1CA0-A48DACCA7A0F} = {696E3CF2-FECA-1BAD-1CA0-A48DACCA7A0F}
	EndProjectSection
EndProject
Project("{8BC9CEB8-8B4A-11D0-8D11-00A0C91BC942}") = "RTCORBA_Client_Protocol_Client", "Client_Protocol\RTCORBA_Client_Protocol_Client_vs2017.vcxproj", "{EF87C0DD-FECA-1BAD-0AE0-1C493BA82E84}"
	ProjectSection(ProjectDependencies) = postProject
		{280A377E-FECA-1BAD-0AE0-1C493BA82E84} = {280A377E-FECA-1BAD-0AE0-1C493BA82E84}
	EndProjectSection
EndProject
Project("{8BC9CEB8-8B4A-11D0-8D11-00A0C91BC942}") = "RTCORBA_Client_Protocol_Idl", "Client_Protocol\RTCORBA_Client_Protocol_Idl_vs2017.vcxproj", "{280A377E-FECA-1BAD-0AE0-1C493BA82E84}"
EndProject
Project("{8BC9CEB8-8B4A-11D0-8D11-00A0C91BC942}") = "RTCORBA_Client_Protocol_Server", "Client_Protocol\RTCORBA_Client_Protocol_Server_vs2017.vcxproj", "{8F974AE6-FECA-1BAD-0AE0-1C493BA82E84}"
	ProjectSection(ProjectDependencies) = postProject
		{280A377E-FECA-1BAD-0AE0-1C493BA82E84} = {280A377E-FECA-1BAD-0AE0-1C493BA82E84}
	EndProjectSection
EndProject
Project("{8BC9CEB8-8B4A-11D0-8D11-00A0C91BC942}") = "RTCORBA_Collocation_Server", "Collocation\RTCORBA_Collocation_Server_vs2017.vcxproj", "{6E0E5221-FECA-1BAD-CD01-85512B546081}"
EndProject
Project("{8BC9CEB8-8B4A-11D0-8D11-00A0C91BC942}") = "RTCORBA_Destroy_Thread_Pool_Server", "Destroy_Thread_Pool\RTCORBA_Destroy_Thread_Pool_Server_vs2017.vcxproj", "{26A492C2-FECA-1BAD-2E49-2F91819483C9}"
EndProject
Project("{8BC9CEB8-8B4A-11D0-8D11-00A0C91BC942}") = "RTCORBA_Diffserv_Client", "Diffserv\RTCORBA_Diffserv_Client_vs2017.vcxproj", "{154E91E3-FECA-1BAD-341A-D51887597272}"
	ProjectSection(ProjectDependencies) = postProject
		{3BE59BEB-FECA-1BAD-341A-D51887597272} = {3BE59BEB-FECA-1BAD-341A-D51887597272}
	EndProjectSection
EndProject
Project("{8BC9CEB8-8B4A-11D0-8D11-00A0C91BC942}") = "RTCORBA_Diffserv_Idl", "Diffserv\RTCORBA_Diffserv_Idl_vs2017.vcxproj", "{3BE59BEB-FECA-1BAD-341A-D51887597272}"
EndProject
Project("{8BC9CEB8-8B4A-11D0-8D11-00A0C91BC942}") = "RTCORBA_Diffserv_Server", "Diffserv\RTCORBA_Diffserv_Server_vs2017.vcxproj", "{755E1BD8-FECA-1BAD-341A-D51887597272}"
	ProjectSection(ProjectDependencies) = postProject
		{3BE59BEB-FECA-1BAD-341A-D51887597272} = {3BE59BEB-FECA-1BAD-341A-D51887597272}
	EndProjectSection
EndProject
Project("{8BC9CEB8-8B4A-11D0-8D11-00A0C91BC942}") = "RT_Dynamic_Thread_Pool_Client", "Dynamic_Thread_Pool\RT_Dynamic_Thread_Pool_Client_vs2017.vcxproj", "{9D5877AF-FECA-1BAD-7892-C3FECEEE8215}"
	ProjectSection(ProjectDependencies) = postProject
		{5F2D1A85-FECA-1BAD-7892-C3FECEEE8215} = {5F2D1A85-FECA-1BAD-7892-C3FECEEE8215}
	EndProjectSection
EndProject
Project("{8BC9CEB8-8B4A-11D0-8D11-00A0C91BC942}") = "RT_Dynamic_Thread_Pool_Idl", "Dynamic_Thread_Pool\RT_Dynamic_Thread_Pool_Idl_vs2017.vcxproj", "{5F2D1A85-FECA-1BAD-7892-C3FECEEE8215}"
EndProject
Project("{8BC9CEB8-8B4A-11D0-8D11-00A0C91BC942}") = "RT_Dynamic_Thread_Pool_Server", "Dynamic_Thread_Pool\RT_Dynamic_Thread_Pool_Server_vs2017.vcxproj", "{FD48FD94-FECA-1BAD-7892-C3FECEEE8215}"
	ProjectSection(ProjectDependencies) = postProject
		{5F2D1A85-FECA-1BAD-7892-C3FECEEE8215} = {5F2D1A85-FECA-1BAD-7892-C3FECEEE8215}
	EndProjectSection
EndProject
Project("{8BC9CEB8-8B4A-11D0-8D11-00A0C91BC942}") = "RTCORBA_Explicit_Binding_Client", "Explicit_Binding\RTCORBA_Explicit_Binding_Client_vs2017.vcxproj", "{25FA026B-FECA-1BAD-BC2A-618B33CAFA42}"
	ProjectSection(ProjectDependencies) = postProject
		{036690A2-FECA-1BAD-BC2A-618B33CAFA42} = {036690A2-FECA-1BAD-BC2A-618B33CAFA42}
	EndProjectSection
EndProject
Project("{8BC9CEB8-8B4A-11D0-8D11-00A0C91BC942}") = "RTCORBA_Explicit_Binding_Idl", "Explicit_Binding\RTCORBA_Explicit_Binding_Idl_vs2017.vcxproj", "{036690A2-FECA-1BAD-BC2A-618B33CAFA42}"
EndProject
Project("{8BC9CEB8-8B4A-11D0-8D11-00A0C91BC942}") = "RTCORBA_Explicit_Binding_Server", "Explicit_Binding\RTCORBA_Explicit_Binding_Server_vs2017.vcxproj", "{45EA8850-FECA-1BAD-BC2A-618B33CAFA42}"
	ProjectSection(ProjectDependencies) = postProject
		{036690A2-FECA-1BAD-BC2A-618B33CAFA42} = {036690A2-FECA-1BAD-BC2A-618B33CAFA42}
	EndProjectSection
EndProject
Project("{8BC9CEB8-8B4A-11D0-8D11-00A0C91BC942}") = "RTCORBA_Linear_Priority_Client", "Linear_Priority\RTCORBA_Linear_Priority_Client_vs2017.vcxproj", "{2A88ED09-FECA-1BAD-DE25-13643485FA41}"
	ProjectSection(ProjectDependencies) = postProject
		{F546678C-FECA-1BAD-DE25-13643485FA41} = {F546678C-FECA-1BAD-DE25-13643485FA41}
	EndProjectSection
EndProject
Project("{8BC9CEB8-8B4A-11D0-8D11-00A0C91BC942}") = "RTCORBA_Linear_Priority_Idl", "Linear_Priority\RTCORBA_Linear_Priority_Idl_vs2017.vcxproj", "{F546678C-FECA-1BAD-DE25-13643485FA41}"
EndProject
Project("{8BC9CEB8-8B4A-11D0-8D11-00A0C91BC942}") = "RTCORBA_Linear_Priority_Server", "Linear_Priority\RTCORBA_Linear_Priority_Server_vs2017.vcxproj", "{4A986732-FECA-1BAD-DE25-13643485FA41}"
	ProjectSection(ProjectDependencies) = postProject
		{F546678C-FECA-1BAD-DE25-13643485FA41} = {F546678C-FECA-1BAD-DE25-13643485FA41}
	EndProjectSection
EndProject
Project("{8BC9CEB8-8B4A-11D0-8D11-00A0C91BC942}") = "RTCORBA_MT_Client_Proto_Prio_Client", "MT_Client_Protocol_Priority\RTCORBA_MT_Client_Proto_Prio_Client_vs2017.vcxproj", "{495A3748-FECA-1BAD-9F46-C1BEE420C49A}"
	ProjectSection(ProjectDependencies) = postProject
		{51505AA1-FECA-1BAD-9F46-C1BEE420C49A} = {51505AA1-FECA-1BAD-9F46-C1BEE420C49A}
	EndProjectSection
EndProject
Project("{8BC9CEB8-8B4A-11D0-8D11-00A0C91BC942}") = "RTCORBA_MT_Client_Proto_Prio_Idl", "MT_Client_Protocol_Priority\RTCORBA_MT_Client_Proto_Prio_Idl_vs2017.vcxproj", "{51505AA1-FECA-1BAD-9F46-C1BEE420C49A}"
EndProject
Project("{8BC9CEB8-8B4A-11D0-8D11-00A0C91BC942}") = "RTCORBA_MT_Client_Proto_Prio_Server", "MT_Client_Protocol_Priority\RTCORBA_MT_Client_Proto_Prio_Server_vs2017.vcxproj", "{294ABD73-FECA-1BAD-9F46-C1BEE420C49A}"
	ProjectSection(ProjectDependencies) = postProject
		{51505AA1-FECA-1BAD-9F46-C1BEE420C49A} = {51505AA1-FECA-1BAD-9F46-C1BEE420C49A}
	EndProjectSection
EndProject
Project("{8BC9CEB8-8B4A-11D0-8D11-00A0C91BC942}") = "ORB_init_RT", "ORB_init\ORB_init_RT_vs2017.vcxproj", "{715CA0EF-FECA-1BAD-9EA8-5C600E21D8C0}"
EndProject
Project("{8BC9CEB8-8B4A-11D0-8D11-00A0C91BC942}") = "RTCORBA_Persistent_IOR_Client", "Persistent_IOR\RTCORBA_Persistent_IOR_Client_vs2017.vcxproj", "{2D7D6945-FECA-1BAD-9222-E6E0065BB066}"
	ProjectSection(ProjectDependencies) = postProject
		{B18618D4-FECA-1BAD-9222-E6E0065BB066} = {B18618D4-FECA-1BAD-9222-E6E0065BB066}
	EndProjectSection
EndProject
Project("{8BC9CEB8-8B4A-11D0-8D11-00A0C91BC942}") = "RTCORBA_Persistent_IOR_Idl", "Persistent_IOR\RTCORBA_Persistent_IOR_Idl_vs2017.vcxproj", "{B18618D4-FECA-1BAD-9222-E6E0065BB066}"
EndProject
Project("{8BC9CEB8-8B4A-11D0-8D11-00A0C91BC942}") = "RTCORBA_Persistent_IOR_Server", "Persistent_IOR\RTCORBA_Persistent_IOR_Server_vs2017.vcxproj", "{4D6DE37E-FECA-1BAD-9222-E6E0065BB066}"
	ProjectSection(ProjectDependencies) = postProject
		{B18618D4-FECA-1BAD-9222-E6E0065BB066} = {B18618D4-FECA-1BAD-9222-E6E0065BB066}
	EndProjectSection
EndProject
Project("{8BC9CEB8-8B4A-11D0-8D11-00A0C91BC942}") = "RTCORBA_Policies_Server", "Policies\RTCORBA_Policies_Server_vs2017.vcxproj", "{0118B5D5-FECA-1BAD-5F24-E3CCC1F77F06}"
EndProject
Project("{8BC9CEB8-8B4A-11D0-8D11-00A0C91BC942}") = "RTCORBA_Policy_Combinations_Client", "Policy_Combinations\RTCORBA_Policy_Combinations_Client_vs2017.vcxproj", "{B7BB2786-FECA-1BAD-51B8-20AE8EABFC38}"
	ProjectSection(ProjectDependencies) = postProject
		{5DBFB4B0-FECA-1BAD-51B8-20AE8EABFC38} = {5DBFB4B0-FECA-1BAD-51B8-20AE8EABFC38}
	EndProjectSection
EndProject
Project("{8BC9CEB8-8B4A-11D0-8D11-00A0C91BC942}") = "RTCORBA_Policy_Combinations_Idl", "Policy_Combinations\RTCORBA_Policy_Combinations_Idl_vs2017.vcxproj", "{5DBFB4B0-FECA-1BAD-51B8-20AE8EABFC38}"
EndProject
Project("{8BC9CEB8-8B4A-11D0-8D11-00A0C91BC942}") = "RTCORBA_Policy_Combinations_Server", "Policy_Combinations\RTCORBA_Policy_Combinations_Server_vs2017.vcxproj", "{D7ABADBD-FECA-1BAD-51B8-20AE8EABFC38}"
	ProjectSection(ProjectDependencies) = postProject
		{5DBFB4B0-FECA-1BAD-51B8-20AE8EABFC38} = {5DBFB4B0-FECA-1BAD-51B8-20AE8EABFC38}
	EndProjectSection
EndProject
Project("{8BC9CEB8-8B4A-11D0-8D11-00A0C91BC942}") = "Priority_Inversion_With_Bands_Client", "Priority_Inversion_With_Bands\Priority_Inversion_With_Bands_Client_vs2017.vcxproj", "{A68A3BA3-FECA-1BAD-74A9-11B299DBF129}"
	ProjectSection(ProjectDependencies) = postProject
		{9FEEA7A1-FECA-1BAD-74A9-11B299DBF129} = {9FEEA7A1-FECA-1BAD-74A9-11B299DBF129}
	EndProjectSection
EndProject
Project("{8BC9CEB8-8B4A-11D0-8D11-00A0C91BC942}") = "Priority_Inversion_With_Bands_Idl", "Priority_Inversion_With_Bands\Priority_Inversion_With_Bands_Idl_vs2017.vcxproj", "{9FEEA7A1-FECA-1BAD-74A9-11B299DBF129}"
EndProject
Project("{8BC9CEB8-8B4A-11D0-8D11-00A0C91BC942}") = "Priority_Inversion_With_Bands_Server", "Priority_Inversion_With_Bands\Priority_Inversion_With_Bands_Server_vs2017.vcxproj", "{C69AB198-FECA-1BAD-74A9-11B299DBF129}"
	ProjectSection(ProjectDependencies) = postProject
		{9FEEA7A1-FECA-1BAD-74A9-11B299DBF129} = {9FEEA7A1-FECA-1BAD-74A9-11B299DBF129}
	EndProjectSection
EndProject
Project("{8BC9CEB8-8B4A-11D0-8D11-00A0C91BC942}") = "RTCORBA_Private_Connection_Client", "Private_Connection\RTCORBA_Private_Connection_Client_vs2017.vcxproj", "{CE03DABC-FECA-1BAD-6BC1-98533076011B}"
	ProjectSection(ProjectDependencies) = postProject
		{8E182F3F-FECA-1BAD-6BC1-98533076011B} = {8E182F3F-FECA-1BAD-6BC1-98533076011B}
	EndProjectSection
EndProject
Project("{8BC9CEB8-8B4A-11D0-8D11-00A0C91BC942}") = "RTCORBA_Private_Connection_Idl", "Private_Connection\RTCORBA_Private_Connection_Idl_vs2017.vcxproj", "{8E182F3F-FECA-1BAD-6BC1-98533076011B}"
EndProject
Project("{8BC9CEB8-8B4A-11D0-8D11-00A0C91BC942}") = "RTCORBA_Private_Connection_Server", "Private_Connection\RTCORBA_Private_Connection_Server_vs2017.vcxproj", "{AE135087-FECA-1BAD-6BC1-98533076011B}"
	ProjectSection(ProjectDependencies) = postProject
		{8E182F3F-FECA-1BAD-6BC1-98533076011B} = {8E182F3F-FECA-1BAD-6BC1-98533076011B}
	EndProjectSection
EndProject
Project("{8BC9CEB8-8B4A-11D0-8D11-00A0C91BC942}") = "PaE_Selection_Client", "Profile_And_Endpoint_Selection\PaE_Selection_Client_vs2017.vcxproj", "{362B88A8-FECA-1BAD-7F39-B001220F6DD9}"
	ProjectSection(ProjectDependencies) = postProject
		{AF57ADBA-FECA-1BAD-7F39-B001220F6DD9} = {AF57ADBA-FECA-1BAD-7F39-B001220F6DD9}
	EndProjectSection
EndProject
Project("{8BC9CEB8-8B4A-11D0-8D11-00A0C91BC942}") = "PaE_Selection_Idl", "Profile_And_Endpoint_Selection\PaE_Selection_Idl_vs2017.vcxproj", "{AF57ADBA-FECA-1BAD-7F39-B001220F6DD9}"
EndProject
Project("{8BC9CEB8-8B4A-11D0-8D11-00A0C91BC942}") = "PaE_Selection_Server", "Profile_And_Endpoint_Selection\PaE_Selection_Server_vs2017.vcxproj", "{563B0293-FECA-1BAD-7F39-B001220F6DD9}"
	ProjectSection(ProjectDependencies) = postProject
		{AF57ADBA-FECA-1BAD-7F39-B001220F6DD9} = {AF57ADBA-FECA-1BAD-7F39-B001220F6DD9}
	EndProjectSection
EndProject
Project("{8BC9CEB8-8B4A-11D0-8D11-00A0C91BC942}") = "RTCORBA_RTMutex_Server", "RTMutex\RTCORBA_RTMutex_Server_vs2017.vcxproj", "{21F16D68-FECA-1BAD-844E-7A6E5D8FA02A}"
EndProject
Project("{8BC9CEB8-8B4A-11D0-8D11-00A0C91BC942}") = "RTCORBA_Server_Declared_Client", "Server_Declared\RTCORBA_Server_Declared_Client_vs2017.vcxproj", "{26C09217-FECA-1BAD-C029-5B1B7CFAE44D}"
	ProjectSection(ProjectDependencies) = postProject
		{04A6A30B-FECA-1BAD-C029-5B1B7CFAE44D} = {04A6A30B-FECA-1BAD-C029-5B1B7CFAE44D}
	EndProjectSection
EndProject
Project("{8BC9CEB8-8B4A-11D0-8D11-00A0C91BC942}") = "RTCORBA_Server_Declared_Idl", "Server_Declared\RTCORBA_Server_Declared_Idl_vs2017.vcxproj", "{04A6A30B-FECA-1BAD-C029-5B1B7CFAE44D}"
EndProject
Project("{8BC9CEB8-8B4A-11D0-8D11-00A0C91BC942}") = "RTCORBA_Server_Declared_Server", "Server_Declared\RTCORBA_Server_Declared_Server_vs2017.vcxproj", "{46D0182C-FECA-1BAD-C029-5B1B7CFAE44D}"
	ProjectSection(ProjectDependencies) = postProject
		{04A6A30B-FECA-1BAD-C029-5B1B7CFAE44D} = {04A6A30B-FECA-1BAD-C029-5B1B7CFAE44D}
	EndProjectSection
EndProject
Project("{8BC9CEB8-8B4A-11D0-8D11-00A0C91BC942}") = "RTCORBA_Server_Protocol_Client", "Server_Protocol\RTCORBA_Server_Protocol_Client_vs2017.vcxproj", "{8F974AE6-FECA-1BAD-3180-0CC32B2215E4}"
	ProjectSection(ProjectDependencies) = postProject
		{8BBC3676-FECA-1BAD-3180-0CC32B2215E4} = {8BBC3676-FECA-1BAD-3180-0CC32B2215E4}
	EndProjectSection
EndProject
Project("{8BC9CEB8-8B4A-11D0-8D11-00A0C91BC942}") = "RTCORBA_Server_Protocol_Idl", "Server_Protocol\RTCORBA_Server_Protocol_Idl_vs2017.vcxproj", "{8BBC3676-FECA-1BAD-3180-0CC32B2215E4}"
EndProject
Project("{8BC9CEB8-8B4A-11D0-8D11-00A0C91BC942}") = "RTCORBA_Server_Protocol_Server", "Server_Protocol\RTCORBA_Server_Protocol_Server_vs2017.vcxproj", "{EF87C0DD-FECA-1BAD-3180-0CC32B2215E4}"
	ProjectSection(ProjectDependencies) = postProject
		{8BBC3676-FECA-1BAD-3180-0CC32B2215E4} = {8BBC3676-FECA-1BAD-3180-0CC32B2215E4}
	EndProjectSection
EndProject
Project("{8BC9CEB8-8B4A-11D0-8D11-00A0C91BC942}") = "RTCORBA_Thread_Pool_Client", "Thread_Pool\RTCORBA_Thread_Pool_Client_vs2017.vcxproj", "{6280944B-FECA-1BAD-9C6D-1B1DB51831ED}"
	ProjectSection(ProjectDependencies) = postProject
		{6162E70B-FECA-1BAD-9C6D-1B1DB51831ED} = {6162E70B-FECA-1BAD-9C6D-1B1DB51831ED}
	EndProjectSection
EndProject
Project("{8BC9CEB8-8B4A-11D0-8D11-00A0C91BC942}") = "RTCORBA_Thread_Pool_Idl", "Thread_Pool\RTCORBA_Thread_Pool_Idl_vs2017.vcxproj", "{6162E70B-FECA-1BAD-9C6D-1B1DB51831ED}"
EndProject
Project("{8BC9CEB8-8B4A-11D0-8D11-00A0C91BC942}") = "RTCORBA_Thread_Pool_Server", "Thread_Pool\RTCORBA_Thread_Pool_Server_vs2017.vcxproj", "{02901E70-FECA-1BAD-9C6D-1B1DB51831ED}"
	ProjectSection(ProjectDependencies) = postProject
		{6162E70B-FECA-1BAD-9C6D-1B1DB51831ED} = {6162E70B-FECA-1BAD-9C6D-1B1DB51831ED}
	EndProjectSection
EndProject
Global
	GlobalSection(SolutionConfigurationPlatforms) = preSolution
		Debug|Win32 = Debug|Win32
		Debug|x64 = Debug|x64
		Release|Win32 = Release|Win32
		Release|x64 = Release|x64
	EndGlobalSection
	GlobalSection(ProjectConfigurationPlatforms) = postSolution
		{DBAF5C39-FECA-1BAD-9D7B-BAD24BF7CEDC}.Debug|Win32.ActiveCfg = Debug|Win32
		{DBAF5C39-FECA-1BAD-9D7B-BAD24BF7CEDC}.Debug|Win32.Build.0 = Debug|Win32
		{DBAF5C39-FECA-1BAD-9D7B-BAD24BF7CEDC}.Debug|x64.ActiveCfg = Debug|x64
		{DBAF5C39-FECA-1BAD-9D7B-BAD24BF7CEDC}.Debug|x64.Build.0 = Debug|x64
		{DBAF5C39-FECA-1BAD-9D7B-BAD24BF7CEDC}.Release|Win32.ActiveCfg = Release|Win32
		{DBAF5C39-FECA-1BAD-9D7B-BAD24BF7CEDC}.Release|Win32.Build.0 = Release|Win32
		{DBAF5C39-FECA-1BAD-9D7B-BAD24BF7CEDC}.Release|x64.ActiveCfg = Release|x64
		{DBAF5C39-FECA-1BAD-9D7B-BAD24BF7CEDC}.Release|x64.Build.0 = Release|x64
		{FC94956D-FECA-1BAD-BAF3-0F1C595368E4}.Debug|Win32.ActiveCfg = Debug|Win32
		{FC94956D-FECA-1BAD-BAF3-0F1C595368E4}.Debug|Win32.Build.0 = Debug|Win32
		{FC94956D-FECA-1BAD-BAF3-0F1C595368E4}.Debug|x64.ActiveCfg = Debug|x64
		{FC94956D-FECA-1BAD-BAF3-0F1C595368E4}.Debug|x64.Build.0 = Debug|x64
		{FC94956D-FECA-1BAD-BAF3-0F1C595368E4}.Release|Win32.ActiveCfg = Release|Win32
		{FC94956D-FECA-1BAD-BAF3-0F1C595368E4}.Release|Win32.Build.0 = Release|Win32
		{FC94956D-FECA-1BAD-BAF3-0F1C595368E4}.Release|x64.ActiveCfg = Release|x64
		{FC94956D-FECA-1BAD-BAF3-0F1C595368E4}.Release|x64.Build.0 = Release|x64
		{730B064B-FECA-1BAD-BAF3-0F1C595368E4}.Debug|Win32.ActiveCfg = Debug|Win32
		{730B064B-FECA-1BAD-BAF3-0F1C595368E4}.Debug|Win32.Build.0 = Debug|Win32
		{730B064B-FECA-1BAD-BAF3-0F1C595368E4}.Debug|x64.ActiveCfg = Debug|x64
		{730B064B-FECA-1BAD-BAF3-0F1C595368E4}.Debug|x64.Build.0 = Debug|x64
		{730B064B-FECA-1BAD-BAF3-0F1C595368E4}.Release|Win32.ActiveCfg = Release|Win32
		{730B064B-FECA-1BAD-BAF3-0F1C595368E4}.Release|Win32.Build.0 = Release|Win32
		{730B064B-FECA-1BAD-BAF3-0F1C595368E4}.Release|x64.ActiveCfg = Release|x64
		{730B064B-FECA-1BAD-BAF3-0F1C595368E4}.Release|x64.Build.0 = Release|x64
		{9C841F56-FECA-1BAD-BAF3-0F1C595368E4}.Debug|Win32.ActiveCfg = Debug|Win32
		{9C841F56-FECA-1BAD-BAF3-0F1C595368E4}.Debug|Win32.Build.0 = Debug|Win32
		{9C841F56-FECA-1BAD-BAF3-0F1C595368E4}.Debug|x64.ActiveCfg = Debug|x64
		{9C841F56-FECA-1BAD-BAF3-0F1C595368E4}.Debug|x64.Build.0 = Debug|x64
		{9C841F56-FECA-1BAD-BAF3-0F1C595368E4}.Release|Win32.ActiveCfg = Release|Win32
		{9C841F56-FECA-1BAD-BAF3-0F1C595368E4}.Release|Win32.Build.0 = Release|Win32
		{9C841F56-FECA-1BAD-BAF3-0F1C595368E4}.Release|x64.ActiveCfg = Release|x64
		{9C841F56-FECA-1BAD-BAF3-0F1C595368E4}.Release|x64.Build.0 = Release|x64
		{E2D5C5B7-FECA-1BAD-60ED-4E4C462D6A6A}.Debug|Win32.ActiveCfg = Debug|Win32
		{E2D5C5B7-FECA-1BAD-60ED-4E4C462D6A6A}.Debug|Win32.Build.0 = Debug|Win32
		{E2D5C5B7-FECA-1BAD-60ED-4E4C462D6A6A}.Debug|x64.ActiveCfg = Debug|x64
		{E2D5C5B7-FECA-1BAD-60ED-4E4C462D6A6A}.Debug|x64.Build.0 = Debug|x64
		{E2D5C5B7-FECA-1BAD-60ED-4E4C462D6A6A}.Release|Win32.ActiveCfg = Release|Win32
		{E2D5C5B7-FECA-1BAD-60ED-4E4C462D6A6A}.Release|Win32.Build.0 = Release|Win32
		{E2D5C5B7-FECA-1BAD-60ED-4E4C462D6A6A}.Release|x64.ActiveCfg = Release|x64
		{E2D5C5B7-FECA-1BAD-60ED-4E4C462D6A6A}.Release|x64.Build.0 = Release|x64
		{82C54F8C-FECA-1BAD-60ED-4E4C462D6A6A}.Debug|Win32.ActiveCfg = Debug|Win32
		{82C54F8C-FECA-1BAD-60ED-4E4C462D6A6A}.Debug|Win32.Build.0 = Debug|Win32
		{82C54F8C-FECA-1BAD-60ED-4E4C462D6A6A}.Debug|x64.ActiveCfg = Debug|x64
		{82C54F8C-FECA-1BAD-60ED-4E4C462D6A6A}.Debug|x64.Build.0 = Debug|x64
		{82C54F8C-FECA-1BAD-60ED-4E4C462D6A6A}.Release|Win32.ActiveCfg = Release|Win32
		{82C54F8C-FECA-1BAD-60ED-4E4C462D6A6A}.Release|Win32.Build.0 = Release|Win32
		{82C54F8C-FECA-1BAD-60ED-4E4C462D6A6A}.Release|x64.ActiveCfg = Release|x64
		{82C54F8C-FECA-1BAD-60ED-4E4C462D6A6A}.Release|x64.Build.0 = Release|x64
		{025B8B02-FECA-1BAD-60ED-4E4C462D6A6A}.Debug|Win32.ActiveCfg = Debug|Win32
		{025B8B02-FECA-1BAD-60ED-4E4C462D6A6A}.Debug|Win32.Build.0 = Debug|Win32
		{025B8B02-FECA-1BAD-60ED-4E4C462D6A6A}.Debug|x64.ActiveCfg = Debug|x64
		{025B8B02-FECA-1BAD-60ED-4E4C462D6A6A}.Debug|x64.Build.0 = Debug|x64
		{025B8B02-FECA-1BAD-60ED-4E4C462D6A6A}.Release|Win32.ActiveCfg = Release|Win32
		{025B8B02-FECA-1BAD-60ED-4E4C462D6A6A}.Release|Win32.Build.0 = Release|Win32
		{025B8B02-FECA-1BAD-60ED-4E4C462D6A6A}.Release|x64.ActiveCfg = Release|x64
		{025B8B02-FECA-1BAD-60ED-4E4C462D6A6A}.Release|x64.Build.0 = Release|x64
		{E2D599A7-FECA-1BAD-70ED-4E1046717A6A}.Debug|Win32.ActiveCfg = Debug|Win32
		{E2D599A7-FECA-1BAD-70ED-4E1046717A6A}.Debug|Win32.Build.0 = Debug|Win32
		{E2D599A7-FECA-1BAD-70ED-4E1046717A6A}.Debug|x64.ActiveCfg = Debug|x64
		{E2D599A7-FECA-1BAD-70ED-4E1046717A6A}.Debug|x64.Build.0 = Debug|x64
		{E2D599A7-FECA-1BAD-70ED-4E1046717A6A}.Release|Win32.ActiveCfg = Release|Win32
		{E2D599A7-FECA-1BAD-70ED-4E1046717A6A}.Release|Win32.Build.0 = Release|Win32
		{E2D599A7-FECA-1BAD-70ED-4E1046717A6A}.Release|x64.ActiveCfg = Release|x64
		{E2D599A7-FECA-1BAD-70ED-4E1046717A6A}.Release|x64.Build.0 = Release|x64
		{BFAAE25B-FECA-1BAD-70ED-4E1046717A6A}.Debug|Win32.ActiveCfg = Debug|Win32
		{BFAAE25B-FECA-1BAD-70ED-4E1046717A6A}.Debug|Win32.Build.0 = Debug|Win32
		{BFAAE25B-FECA-1BAD-70ED-4E1046717A6A}.Debug|x64.ActiveCfg = Debug|x64
		{BFAAE25B-FECA-1BAD-70ED-4E1046717A6A}.Debug|x64.Build.0 = Debug|x64
		{BFAAE25B-FECA-1BAD-70ED-4E1046717A6A}.Release|Win32.ActiveCfg = Release|Win32
		{BFAAE25B-FECA-1BAD-70ED-4E1046717A6A}.Release|Win32.Build.0 = Release|Win32
		{BFAAE25B-FECA-1BAD-70ED-4E1046717A6A}.Release|x64.ActiveCfg = Release|x64
		{BFAAE25B-FECA-1BAD-70ED-4E1046717A6A}.Release|x64.Build.0 = Release|x64
		{82C5139C-FECA-1BAD-70ED-4E1046717A6A}.Debug|Win32.ActiveCfg = Debug|Win32
		{82C5139C-FECA-1BAD-70ED-4E1046717A6A}.Debug|Win32.Build.0 = Debug|Win32
		{82C5139C-FECA-1BAD-70ED-4E1046717A6A}.Debug|x64.ActiveCfg = Debug|x64
		{82C5139C-FECA-1BAD-70ED-4E1046717A6A}.Debug|x64.Build.0 = Debug|x64
		{82C5139C-FECA-1BAD-70ED-4E1046717A6A}.Release|Win32.ActiveCfg = Release|Win32
		{82C5139C-FECA-1BAD-70ED-4E1046717A6A}.Release|Win32.Build.0 = Release|Win32
		{82C5139C-FECA-1BAD-70ED-4E1046717A6A}.Release|x64.ActiveCfg = Release|x64
		{82C5139C-FECA-1BAD-70ED-4E1046717A6A}.Release|x64.Build.0 = Release|x64
		{AF3F04CB-FECA-1BAD-1CA0-A48DACCA7A0F}.Debug|Win32.ActiveCfg = Debug|Win32
		{AF3F04CB-FECA-1BAD-1CA0-A48DACCA7A0F}.Debug|Win32.Build.0 = Debug|Win32
		{AF3F04CB-FECA-1BAD-1CA0-A48DACCA7A0F}.Debug|x64.ActiveCfg = Debug|x64
		{AF3F04CB-FECA-1BAD-1CA0-A48DACCA7A0F}.Debug|x64.Build.0 = Debug|x64
		{AF3F04CB-FECA-1BAD-1CA0-A48DACCA7A0F}.Release|Win32.ActiveCfg = Release|Win32
		{AF3F04CB-FECA-1BAD-1CA0-A48DACCA7A0F}.Release|Win32.Build.0 = Release|Win32
		{AF3F04CB-FECA-1BAD-1CA0-A48DACCA7A0F}.Release|x64.ActiveCfg = Release|x64
		{AF3F04CB-FECA-1BAD-1CA0-A48DACCA7A0F}.Release|x64.Build.0 = Release|x64
		{696E3CF2-FECA-1BAD-1CA0-A48DACCA7A0F}.Debug|Win32.ActiveCfg = Debug|Win32
		{696E3CF2-FECA-1BAD-1CA0-A48DACCA7A0F}.Debug|Win32.Build.0 = Debug|Win32
		{696E3CF2-FECA-1BAD-1CA0-A48DACCA7A0F}.Debug|x64.ActiveCfg = Debug|x64
		{696E3CF2-FECA-1BAD-1CA0-A48DACCA7A0F}.Debug|x64.Build.0 = Debug|x64
		{696E3CF2-FECA-1BAD-1CA0-A48DACCA7A0F}.Release|Win32.ActiveCfg = Release|Win32
		{696E3CF2-FECA-1BAD-1CA0-A48DACCA7A0F}.Release|Win32.Build.0 = Release|Win32
		{696E3CF2-FECA-1BAD-1CA0-A48DACCA7A0F}.Release|x64.ActiveCfg = Release|x64
		{696E3CF2-FECA-1BAD-1CA0-A48DACCA7A0F}.Release|x64.Build.0 = Release|x64
		{CF2F8EF0-FECA-1BAD-1CA0-A48DACCA7A0F}.Debug|Win32.ActiveCfg = Debug|Win32
		{CF2F8EF0-FECA-1BAD-1CA0-A48DACCA7A0F}.Debug|Win32.Build.0 = Debug|Win32
		{CF2F8EF0-FECA-1BAD-1CA0-A48DACCA7A0F}.Debug|x64.ActiveCfg = Debug|x64
		{CF2F8EF0-FECA-1BAD-1CA0-A48DACCA7A0F}.Debug|x64.Build.0 = Debug|x64
		{CF2F8EF0-FECA-1BAD-1CA0-A48DACCA7A0F}.Release|Win32.ActiveCfg = Release|Win32
		{CF2F8EF0-FECA-1BAD-1CA0-A48DACCA7A0F}.Release|Win32.Build.0 = Release|Win32
		{CF2F8EF0-FECA-1BAD-1CA0-A48DACCA7A0F}.Release|x64.ActiveCfg = Release|x64
		{CF2F8EF0-FECA-1BAD-1CA0-A48DACCA7A0F}.Release|x64.Build.0 = Release|x64
		{EF87C0DD-FECA-1BAD-0AE0-1C493BA82E84}.Debug|Win32.ActiveCfg = Debug|Win32
		{EF87C0DD-FECA-1BAD-0AE0-1C493BA82E84}.Debug|Win32.Build.0 = Debug|Win32
		{EF87C0DD-FECA-1BAD-0AE0-1C493BA82E84}.Debug|x64.ActiveCfg = Debug|x64
		{EF87C0DD-FECA-1BAD-0AE0-1C493BA82E84}.Debug|x64.Build.0 = Debug|x64
		{EF87C0DD-FECA-1BAD-0AE0-1C493BA82E84}.Release|Win32.ActiveCfg = Release|Win32
		{EF87C0DD-FECA-1BAD-0AE0-1C493BA82E84}.Release|Win32.Build.0 = Release|Win32
		{EF87C0DD-FECA-1BAD-0AE0-1C493BA82E84}.Release|x64.ActiveCfg = Release|x64
		{EF87C0DD-FECA-1BAD-0AE0-1C493BA82E84}.Release|x64.Build.0 = Release|x64
		{280A377E-FECA-1BAD-0AE0-1C493BA82E84}.Debug|Win32.ActiveCfg = Debug|Win32
		{280A377E-FECA-1BAD-0AE0-1C493BA82E84}.Debug|Win32.Build.0 = Debug|Win32
		{280A377E-FECA-1BAD-0AE0-1C493BA82E84}.Debug|x64.ActiveCfg = Debug|x64
		{280A377E-FECA-1BAD-0AE0-1C493BA82E84}.Debug|x64.Build.0 = Debug|x64
		{280A377E-FECA-1BAD-0AE0-1C493BA82E84}.Release|Win32.ActiveCfg = Release|Win32
		{280A377E-FECA-1BAD-0AE0-1C493BA82E84}.Release|Win32.Build.0 = Release|Win32
		{280A377E-FECA-1BAD-0AE0-1C493BA82E84}.Release|x64.ActiveCfg = Release|x64
		{280A377E-FECA-1BAD-0AE0-1C493BA82E84}.Release|x64.Build.0 = Release|x64
		{8F974AE6-FECA-1BAD-0AE0-1C493BA82E84}.Debug|Win32.ActiveCfg = Debug|Win32
		{8F974AE6-FECA-1BAD-0AE0-1C493BA82E84}.Debug|Win32.Build.0 = Debug|Win32
		{8F974AE6-FECA-1BAD-0AE0-1C493BA82E84}.Debug|x64.ActiveCfg = Debug|x64
		{8F974AE6-FECA-1BAD-0AE0-1C493BA82E84}.Debug|x64.Build.0 = Debug|x64
		{8F974AE6-FECA-1BAD-0AE0-1C493BA82E84}.Release|Win32.ActiveCfg = Release|Win32
		{8F974AE6-FECA-1BAD-0AE0-1C493BA82E84}.Release|Win32.Build.0 = Release|Win32
		{8F974AE6-FECA-1BAD-0AE0-1C493BA82E84}.Release|x64.ActiveCfg = Release|x64
		{8F974AE6-FECA-1BAD-0AE0-1C493BA82E84}.Release|x64.Build.0 = Release|x64
		{6E0E5221-FECA-1BAD-CD01-85512B546081}.Debug|Win32.ActiveCfg = Debug|Win32
		{6E0E5221-FECA-1BAD-CD01-85512B546081}.Debug|Win32.Build.0 = Debug|Win32
		{6E0E5221-FECA-1BAD-CD01-85512B546081}.Debug|x64.ActiveCfg = Debug|x64
		{6E0E5221-FECA-1BAD-CD01-85512B546081}.Debug|x64.Build.0 = Debug|x64
		{6E0E5221-FECA-1BAD-CD01-85512B546081}.Release|Win32.ActiveCfg = Release|Win32
		{6E0E5221-FECA-1BAD-CD01-85512B546081}.Release|Win32.Build.0 = Release|Win32
		{6E0E5221-FECA-1BAD-CD01-85512B546081}.Release|x64.ActiveCfg = Release|x64
		{6E0E5221-FECA-1BAD-CD01-85512B546081}.Release|x64.Build.0 = Release|x64
		{26A492C2-FECA-1BAD-2E49-2F91819483C9}.Debug|Win32.ActiveCfg = Debug|Win32
		{26A492C2-FECA-1BAD-2E49-2F91819483C9}.Debug|Win32.Build.0 = Debug|Win32
		{26A492C2-FECA-1BAD-2E49-2F91819483C9}.Debug|x64.ActiveCfg = Debug|x64
		{26A492C2-FECA-1BAD-2E49-2F91819483C9}.Debug|x64.Build.0 = Debug|x64
		{26A492C2-FECA-1BAD-2E49-2F91819483C9}.Release|Win32.ActiveCfg = Release|Win32
		{26A492C2-FECA-1BAD-2E49-2F91819483C9}.Release|Win32.Build.0 = Release|Win32
		{26A492C2-FECA-1BAD-2E49-2F91819483C9}.Release|x64.ActiveCfg = Release|x64
		{26A492C2-FECA-1BAD-2E49-2F91819483C9}.Release|x64.Build.0 = Release|x64
		{154E91E3-FECA-1BAD-341A-D51887597272}.Debug|Win32.ActiveCfg = Debug|Win32
		{154E91E3-FECA-1BAD-341A-D51887597272}.Debug|Win32.Build.0 = Debug|Win32
		{154E91E3-FECA-1BAD-341A-D51887597272}.Debug|x64.ActiveCfg = Debug|x64
		{154E91E3-FECA-1BAD-341A-D51887597272}.Debug|x64.Build.0 = Debug|x64
		{154E91E3-FECA-1BAD-341A-D51887597272}.Release|Win32.ActiveCfg = Release|Win32
		{154E91E3-FECA-1BAD-341A-D51887597272}.Release|Win32.Build.0 = Release|Win32
		{154E91E3-FECA-1BAD-341A-D51887597272}.Release|x64.ActiveCfg = Release|x64
		{154E91E3-FECA-1BAD-341A-D51887597272}.Release|x64.Build.0 = Release|x64
		{3BE59BEB-FECA-1BAD-341A-D51887597272}.Debug|Win32.ActiveCfg = Debug|Win32
		{3BE59BEB-FECA-1BAD-341A-D51887597272}.Debug|Win32.Build.0 = Debug|Win32
		{3BE59BEB-FECA-1BAD-341A-D51887597272}.Debug|x64.ActiveCfg = Debug|x64
		{3BE59BEB-FECA-1BAD-341A-D51887597272}.Debug|x64.Build.0 = Debug|x64
		{3BE59BEB-FECA-1BAD-341A-D51887597272}.Release|Win32.ActiveCfg = Release|Win32
		{3BE59BEB-FECA-1BAD-341A-D51887597272}.Release|Win32.Build.0 = Release|Win32
		{3BE59BEB-FECA-1BAD-341A-D51887597272}.Release|x64.ActiveCfg = Release|x64
		{3BE59BEB-FECA-1BAD-341A-D51887597272}.Release|x64.Build.0 = Release|x64
		{755E1BD8-FECA-1BAD-341A-D51887597272}.Debug|Win32.ActiveCfg = Debug|Win32
		{755E1BD8-FECA-1BAD-341A-D51887597272}.Debug|Win32.Build.0 = Debug|Win32
		{755E1BD8-FECA-1BAD-341A-D51887597272}.Debug|x64.ActiveCfg = Debug|x64
		{755E1BD8-FECA-1BAD-341A-D51887597272}.Debug|x64.Build.0 = Debug|x64
		{755E1BD8-FECA-1BAD-341A-D51887597272}.Release|Win32.ActiveCfg = Release|Win32
		{755E1BD8-FECA-1BAD-341A-D51887597272}.Release|Win32.Build.0 = Release|Win32
		{755E1BD8-FECA-1BAD-341A-D51887597272}.Release|x64.ActiveCfg = Release|x64
		{755E1BD8-FECA-1BAD-341A-D51887597272}.Release|x64.Build.0 = Release|x64
		{9D5877AF-FECA-1BAD-7892-C3FECEEE8215}.Debug|Win32.ActiveCfg = Debug|Win32
		{9D5877AF-FECA-1BAD-7892-C3FECEEE8215}.Debug|Win32.Build.0 = Debug|Win32
		{9D5877AF-FECA-1BAD-7892-C3FECEEE8215}.Debug|x64.ActiveCfg = Debug|x64
		{9D5877AF-FECA-1BAD-7892-C3FECEEE8215}.Debug|x64.Build.0 = Debug|x64
		{9D5877AF-FECA-1BAD-7892-C3FECEEE8215}.Release|Win32.ActiveCfg = Release|Win32
		{9D5877AF-FECA-1BAD-7892-C3FECEEE8215}.Release|Win32.Build.0 = Release|Win32
		{9D5877AF-FECA-1BAD-7892-C3FECEEE8215}.Release|x64.ActiveCfg = Release|x64
		{9D5877AF-FECA-1BAD-7892-C3FECEEE8215}.Release|x64.Build.0 = Release|x64
		{5F2D1A85-FECA-1BAD-7892-C3FECEEE8215}.Debug|Win32.ActiveCfg = Debug|Win32
		{5F2D1A85-FECA-1BAD-7892-C3FECEEE8215}.Debug|Win32.Build.0 = Debug|Win32
		{5F2D1A85-FECA-1BAD-7892-C3FECEEE8215}.Debug|x64.ActiveCfg = Debug|x64
		{5F2D1A85-FECA-1BAD-7892-C3FECEEE8215}.Debug|x64.Build.0 = Debug|x64
		{5F2D1A85-FECA-1BAD-7892-C3FECEEE8215}.Release|Win32.ActiveCfg = Release|Win32
		{5F2D1A85-FECA-1BAD-7892-C3FECEEE8215}.Release|Win32.Build.0 = Release|Win32
		{5F2D1A85-FECA-1BAD-7892-C3FECEEE8215}.Release|x64.ActiveCfg = Release|x64
		{5F2D1A85-FECA-1BAD-7892-C3FECEEE8215}.Release|x64.Build.0 = Release|x64
		{FD48FD94-FECA-1BAD-7892-C3FECEEE8215}.Debug|Win32.ActiveCfg = Debug|Win32
		{FD48FD94-FECA-1BAD-7892-C3FECEEE8215}.Debug|Win32.Build.0 = Debug|Win32
		{FD48FD94-FECA-1BAD-7892-C3FECEEE8215}.Debug|x64.ActiveCfg = Debug|x64
		{FD48FD94-FECA-1BAD-7892-C3FECEEE8215}.Debug|x64.Build.0 = Debug|x64
		{FD48FD94-FECA-1BAD-7892-C3FECEEE8215}.Release|Win32.ActiveCfg = Release|Win32
		{FD48FD94-FECA-1BAD-7892-C3FECEEE8215}.Release|Win32.Build.0 = Release|Win32
		{FD48FD94-FECA-1BAD-7892-C3FECEEE8215}.Release|x64.ActiveCfg = Release|x64
		{FD48FD94-FECA-1BAD-7892-C3FECEEE8215}.Release|x64.Build.0 = Release|x64
		{25FA026B-FECA-1BAD-BC2A-618B33CAFA42}.Debug|Win32.ActiveCfg = Debug|Win32
		{25FA026B-FECA-1BAD-BC2A-618B33CAFA42}.Debug|Win32.Build.0 = Debug|Win32
		{25FA026B-FECA-1BAD-BC2A-618B33CAFA42}.Debug|x64.ActiveCfg = Debug|x64
		{25FA026B-FECA-1BAD-BC2A-618B33CAFA42}.Debug|x64.Build.0 = Debug|x64
		{25FA026B-FECA-1BAD-BC2A-618B33CAFA42}.Release|Win32.ActiveCfg = Release|Win32
		{25FA026B-FECA-1BAD-BC2A-618B33CAFA42}.Release|Win32.Build.0 = Release|Win32
		{25FA026B-FECA-1BAD-BC2A-618B33CAFA42}.Release|x64.ActiveCfg = Release|x64
		{25FA026B-FECA-1BAD-BC2A-618B33CAFA42}.Release|x64.Build.0 = Release|x64
		{036690A2-FECA-1BAD-BC2A-618B33CAFA42}.Debug|Win32.ActiveCfg = Debug|Win32
		{036690A2-FECA-1BAD-BC2A-618B33CAFA42}.Debug|Win32.Build.0 = Debug|Win32
		{036690A2-FECA-1BAD-BC2A-618B33CAFA42}.Debug|x64.ActiveCfg = Debug|x64
		{036690A2-FECA-1BAD-BC2A-618B33CAFA42}.Debug|x64.Build.0 = Debug|x64
		{036690A2-FECA-1BAD-BC2A-618B33CAFA42}.Release|Win32.ActiveCfg = Release|Win32
		{036690A2-FECA-1BAD-BC2A-618B33CAFA42}.Release|Win32.Build.0 = Release|Win32
		{036690A2-FECA-1BAD-BC2A-618B33CAFA42}.Release|x64.ActiveCfg = Release|x64
		{036690A2-FECA-1BAD-BC2A-618B33CAFA42}.Release|x64.Build.0 = Release|x64
		{45EA8850-FECA-1BAD-BC2A-618B33CAFA42}.Debug|Win32.ActiveCfg = Debug|Win32
		{45EA8850-FECA-1BAD-BC2A-618B33CAFA42}.Debug|Win32.Build.0 = Debug|Win32
		{45EA8850-FECA-1BAD-BC2A-618B33CAFA42}.Debug|x64.ActiveCfg = Debug|x64
		{45EA8850-FECA-1BAD-BC2A-618B33CAFA42}.Debug|x64.Build.0 = Debug|x64
		{45EA8850-FECA-1BAD-BC2A-618B33CAFA42}.Release|Win32.ActiveCfg = Release|Win32
		{45EA8850-FECA-1BAD-BC2A-618B33CAFA42}.Release|Win32.Build.0 = Release|Win32
		{45EA8850-FECA-1BAD-BC2A-618B33CAFA42}.Release|x64.ActiveCfg = Release|x64
		{45EA8850-FECA-1BAD-BC2A-618B33CAFA42}.Release|x64.Build.0 = Release|x64
		{2A88ED09-FECA-1BAD-DE25-13643485FA41}.Debug|Win32.ActiveCfg = Debug|Win32
		{2A88ED09-FECA-1BAD-DE25-13643485FA41}.Debug|Win32.Build.0 = Debug|Win32
		{2A88ED09-FECA-1BAD-DE25-13643485FA41}.Debug|x64.ActiveCfg = Debug|x64
		{2A88ED09-FECA-1BAD-DE25-13643485FA41}.Debug|x64.Build.0 = Debug|x64
		{2A88ED09-FECA-1BAD-DE25-13643485FA41}.Release|Win32.ActiveCfg = Release|Win32
		{2A88ED09-FECA-1BAD-DE25-13643485FA41}.Release|Win32.Build.0 = Release|Win32
		{2A88ED09-FECA-1BAD-DE25-13643485FA41}.Release|x64.ActiveCfg = Release|x64
		{2A88ED09-FECA-1BAD-DE25-13643485FA41}.Release|x64.Build.0 = Release|x64
		{F546678C-FECA-1BAD-DE25-13643485FA41}.Debug|Win32.ActiveCfg = Debug|Win32
		{F546678C-FECA-1BAD-DE25-13643485FA41}.Debug|Win32.Build.0 = Debug|Win32
		{F546678C-FECA-1BAD-DE25-13643485FA41}.Debug|x64.ActiveCfg = Debug|x64
		{F546678C-FECA-1BAD-DE25-13643485FA41}.Debug|x64.Build.0 = Debug|x64
		{F546678C-FECA-1BAD-DE25-13643485FA41}.Release|Win32.ActiveCfg = Release|Win32
		{F546678C-FECA-1BAD-DE25-13643485FA41}.Release|Win32.Build.0 = Release|Win32
		{F546678C-FECA-1BAD-DE25-13643485FA41}.Release|x64.ActiveCfg = Release|x64
		{F546678C-FECA-1BAD-DE25-13643485FA41}.Release|x64.Build.0 = Release|x64
		{4A986732-FECA-1BAD-DE25-13643485FA41}.Debug|Win32.ActiveCfg = Debug|Win32
		{4A986732-FECA-1BAD-DE25-13643485FA41}.Debug|Win32.Build.0 = Debug|Win32
		{4A986732-FECA-1BAD-DE25-13643485FA41}.Debug|x64.ActiveCfg = Debug|x64
		{4A986732-FECA-1BAD-DE25-13643485FA41}.Debug|x64.Build.0 = Debug|x64
		{4A986732-FECA-1BAD-DE25-13643485FA41}.Release|Win32.ActiveCfg = Release|Win32
		{4A986732-FECA-1BAD-DE25-13643485FA41}.Release|Win32.Build.0 = Release|Win32
		{4A986732-FECA-1BAD-DE25-13643485FA41}.Release|x64.ActiveCfg = Release|x64
		{4A986732-FECA-1BAD-DE25-13643485FA41}.Release|x64.Build.0 = Release|x64
		{495A3748-FECA-1BAD-9F46-C1BEE420C49A}.Debug|Win32.ActiveCfg = Debug|Win32
		{495A3748-FECA-1BAD-9F46-C1BEE420C49A}.Debug|Win32.Build.0 = Debug|Win32
		{495A3748-FECA-1BAD-9F46-C1BEE420C49A}.Debug|x64.ActiveCfg = Debug|x64
		{495A3748-FECA-1BAD-9F46-C1BEE420C49A}.Debug|x64.Build.0 = Debug|x64
		{495A3748-FECA-1BAD-9F46-C1BEE420C49A}.Release|Win32.ActiveCfg = Release|Win32
		{495A3748-FECA-1BAD-9F46-C1BEE420C49A}.Release|Win32.Build.0 = Release|Win32
		{495A3748-FECA-1BAD-9F46-C1BEE420C49A}.Release|x64.ActiveCfg = Release|x64
		{495A3748-FECA-1BAD-9F46-C1BEE420C49A}.Release|x64.Build.0 = Release|x64
		{51505AA1-FECA-1BAD-9F46-C1BEE420C49A}.Debug|Win32.ActiveCfg = Debug|Win32
		{51505AA1-FECA-1BAD-9F46-C1BEE420C49A}.Debug|Win32.Build.0 = Debug|Win32
		{51505AA1-FECA-1BAD-9F46-C1BEE420C49A}.Debug|x64.ActiveCfg = Debug|x64
		{51505AA1-FECA-1BAD-9F46-C1BEE420C49A}.Debug|x64.Build.0 = Debug|x64
		{51505AA1-FECA-1BAD-9F46-C1BEE420C49A}.Release|Win32.ActiveCfg = Release|Win32
		{51505AA1-FECA-1BAD-9F46-C1BEE420C49A}.Release|Win32.Build.0 = Release|Win32
		{51505AA1-FECA-1BAD-9F46-C1BEE420C49A}.Release|x64.ActiveCfg = Release|x64
		{51505AA1-FECA-1BAD-9F46-C1BEE420C49A}.Release|x64.Build.0 = Release|x64
		{294ABD73-FECA-1BAD-9F46-C1BEE420C49A}.Debug|Win32.ActiveCfg = Debug|Win32
		{294ABD73-FECA-1BAD-9F46-C1BEE420C49A}.Debug|Win32.Build.0 = Debug|Win32
		{294ABD73-FECA-1BAD-9F46-C1BEE420C49A}.Debug|x64.ActiveCfg = Debug|x64
		{294ABD73-FECA-1BAD-9F46-C1BEE420C49A}.Debug|x64.Build.0 = Debug|x64
		{294ABD73-FECA-1BAD-9F46-C1BEE420C49A}.Release|Win32.ActiveCfg = Release|Win32
		{294ABD73-FECA-1BAD-9F46-C1BEE420C49A}.Release|Win32.Build.0 = Release|Win32
		{294ABD73-FECA-1BAD-9F46-C1BEE420C49A}.Release|x64.ActiveCfg = Release|x64
		{294ABD73-FECA-1BAD-9F46-C1BEE420C49A}.Release|x64.Build.0 = Release|x64
		{715CA0EF-FECA-1BAD-9EA8-5C600E21D8C0}.Debug|Win32.ActiveCfg = Debug|Win32
		{715CA0EF-FECA-1BAD-9EA8-5C600E21D8C0}.Debug|Win32.Build.0 = Debug|Win32
		{715CA0EF-FECA-1BAD-9EA8-5C600E21D8C0}.Debug|x64.ActiveCfg = Debug|x64
		{715CA0EF-FECA-1BAD-9EA8-5C600E21D8C0}.Debug|x64.Build.0 = Debug|x64
		{715CA0EF-FECA-1BAD-9EA8-5C600E21D8C0}.Release|Win32.ActiveCfg = Release|Win32
		{715CA0EF-FECA-1BAD-9EA8-5C600E21D8C0}.Release|Win32.Build.0 = Release|Win32
		{715CA0EF-FECA-1BAD-9EA8-5C600E21D8C0}.Release|x64.ActiveCfg = Release|x64
		{715CA0EF-FECA-1BAD-9EA8-5C600E21D8C0}.Release|x64.Build.0 = Release|x64
		{2D7D6945-FECA-1BAD-9222-E6E0065BB066}.Debug|Win32.ActiveCfg = Debug|Win32
		{2D7D6945-FECA-1BAD-9222-E6E0065BB066}.Debug|Win32.Build.0 = Debug|Win32
		{2D7D6945-FECA-1BAD-9222-E6E0065BB066}.Debug|x64.ActiveCfg = Debug|x64
		{2D7D6945-FECA-1BAD-9222-E6E0065BB066}.Debug|x64.Build.0 = Debug|x64
		{2D7D6945-FECA-1BAD-9222-E6E0065BB066}.Release|Win32.ActiveCfg = Release|Win32
		{2D7D6945-FECA-1BAD-9222-E6E0065BB066}.Release|Win32.Build.0 = Release|Win32
		{2D7D6945-FECA-1BAD-9222-E6E0065BB066}.Release|x64.ActiveCfg = Release|x64
		{2D7D6945-FECA-1BAD-9222-E6E0065BB066}.Release|x64.Build.0 = Release|x64
		{B18618D4-FECA-1BAD-9222-E6E0065BB066}.Debug|Win32.ActiveCfg = Debug|Win32
		{B18618D4-FECA-1BAD-9222-E6E0065BB066}.Debug|Win32.Build.0 = Debug|Win32
		{B18618D4-FECA-1BAD-9222-E6E0065BB066}.Debug|x64.ActiveCfg = Debug|x64
		{B18618D4-FECA-1BAD-9222-E6E0065BB066}.Debug|x64.Build.0 = Debug|x64
		{B18618D4-FECA-1BAD-9222-E6E0065BB066}.Release|Win32.ActiveCfg = Release|Win32
		{B18618D4-FECA-1BAD-9222-E6E0065BB066}.Release|Win32.Build.0 = Release|Win32
		{B18618D4-FECA-1BAD-9222-E6E0065BB066}.Release|x64.ActiveCfg = Release|x64
		{B18618D4-FECA-1BAD-9222-E6E0065BB066}.Release|x64.Build.0 = Release|x64
		{4D6DE37E-FECA-1BAD-9222-E6E0065BB066}.Debug|Win32.ActiveCfg = Debug|Win32
		{4D6DE37E-FECA-1BAD-9222-E6E0065BB066}.Debug|Win32.Build.0 = Debug|Win32
		{4D6DE37E-FECA-1BAD-9222-E6E0065BB066}.Debug|x64.ActiveCfg = Debug|x64
		{4D6DE37E-FECA-1BAD-9222-E6E0065BB066}.Debug|x64.Build.0 = Debug|x64
		{4D6DE37E-FECA-1BAD-9222-E6E0065BB066}.Release|Win32.ActiveCfg = Release|Win32
		{4D6DE37E-FECA-1BAD-9222-E6E0065BB066}.Release|Win32.Build.0 = Release|Win32
		{4D6DE37E-FECA-1BAD-9222-E6E0065BB066}.Release|x64.ActiveCfg = Release|x64
		{4D6DE37E-FECA-1BAD-9222-E6E0065BB066}.Release|x64.Build.0 = Release|x64
		{0118B5D5-FECA-1BAD-5F24-E3CCC1F77F06}.Debug|Win32.ActiveCfg = Debug|Win32
		{0118B5D5-FECA-1BAD-5F24-E3CCC1F77F06}.Debug|Win32.Build.0 = Debug|Win32
		{0118B5D5-FECA-1BAD-5F24-E3CCC1F77F06}.Debug|x64.ActiveCfg = Debug|x64
		{0118B5D5-FECA-1BAD-5F24-E3CCC1F77F06}.Debug|x64.Build.0 = Debug|x64
		{0118B5D5-FECA-1BAD-5F24-E3CCC1F77F06}.Release|Win32.ActiveCfg = Release|Win32
		{0118B5D5-FECA-1BAD-5F24-E3CCC1F77F06}.Release|Win32.Build.0 = Release|Win32
		{0118B5D5-FECA-1BAD-5F24-E3CCC1F77F06}.Release|x64.ActiveCfg = Release|x64
		{0118B5D5-FECA-1BAD-5F24-E3CCC1F77F06}.Release|x64.Build.0 = Release|x64
		{B7BB2786-FECA-1BAD-51B8-20AE8EABFC38}.Debug|Win32.ActiveCfg = Debug|Win32
		{B7BB2786-FECA-1BAD-51B8-20AE8EABFC38}.Debug|Win32.Build.0 = Debug|Win32
		{B7BB2786-FECA-1BAD-51B8-20AE8EABFC38}.Debug|x64.ActiveCfg = Debug|x64
		{B7BB2786-FECA-1BAD-51B8-20AE8EABFC38}.Debug|x64.Build.0 = Debug|x64
		{B7BB2786-FECA-1BAD-51B8-20AE8EABFC38}.Release|Win32.ActiveCfg = Release|Win32
		{B7BB2786-FECA-1BAD-51B8-20AE8EABFC38}.Release|Win32.Build.0 = Release|Win32
		{B7BB2786-FECA-1BAD-51B8-20AE8EABFC38}.Release|x64.ActiveCfg = Release|x64
		{B7BB2786-FECA-1BAD-51B8-20AE8EABFC38}.Release|x64.Build.0 = Release|x64
		{5DBFB4B0-FECA-1BAD-51B8-20AE8EABFC38}.Debug|Win32.ActiveCfg = Debug|Win32
		{5DBFB4B0-FECA-1BAD-51B8-20AE8EABFC38}.Debug|Win32.Build.0 = Debug|Win32
		{5DBFB4B0-FECA-1BAD-51B8-20AE8EABFC38}.Debug|x64.ActiveCfg = Debug|x64
		{5DBFB4B0-FECA-1BAD-51B8-20AE8EABFC38}.Debug|x64.Build.0 = Debug|x64
		{5DBFB4B0-FECA-1BAD-51B8-20AE8EABFC38}.Release|Win32.ActiveCfg = Release|Win32
		{5DBFB4B0-FECA-1BAD-51B8-20AE8EABFC38}.Release|Win32.Build.0 = Release|Win32
		{5DBFB4B0-FECA-1BAD-51B8-20AE8EABFC38}.Release|x64.ActiveCfg = Release|x64
		{5DBFB4B0-FECA-1BAD-51B8-20AE8EABFC38}.Release|x64.Build.0 = Release|x64
		{D7ABADBD-FECA-1BAD-51B8-20AE8EABFC38}.Debug|Win32.ActiveCfg = Debug|Win32
		{D7ABADBD-FECA-1BAD-51B8-20AE8EABFC38}.Debug|Win32.Build.0 = Debug|Win32
		{D7ABADBD-FECA-1BAD-51B8-20AE8EABFC38}.Debug|x64.ActiveCfg = Debug|x64
		{D7ABADBD-FECA-1BAD-51B8-20AE8EABFC38}.Debug|x64.Build.0 = Debug|x64
		{D7ABADBD-FECA-1BAD-51B8-20AE8EABFC38}.Release|Win32.ActiveCfg = Release|Win32
		{D7ABADBD-FECA-1BAD-51B8-20AE8EABFC38}.Release|Win32.Build.0 = Release|Win32
		{D7ABADBD-FECA-1BAD-51B8-20AE8EABFC38}.Release|x64.ActiveCfg = Release|x64
		{D7ABADBD-FECA-1BAD-51B8-20AE8EABFC38}.Release|x64.Build.0 = Release|x64
		{A68A3BA3-FECA-1BAD-74A9-11B299DBF129}.Debug|Win32.ActiveCfg = Debug|Win32
		{A68A3BA3-FECA-1BAD-74A9-11B299DBF129}.Debug|Win32.Build.0 = Debug|Win32
		{A68A3BA3-FECA-1BAD-74A9-11B299DBF129}.Debug|x64.ActiveCfg = Debug|x64
		{A68A3BA3-FECA-1BAD-74A9-11B299DBF129}.Debug|x64.Build.0 = Debug|x64
		{A68A3BA3-FECA-1BAD-74A9-11B299DBF129}.Release|Win32.ActiveCfg = Release|Win32
		{A68A3BA3-FECA-1BAD-74A9-11B299DBF129}.Release|Win32.Build.0 = Release|Win32
		{A68A3BA3-FECA-1BAD-74A9-11B299DBF129}.Release|x64.ActiveCfg = Release|x64
		{A68A3BA3-FECA-1BAD-74A9-11B299DBF129}.Release|x64.Build.0 = Release|x64
		{9FEEA7A1-FECA-1BAD-74A9-11B299DBF129}.Debug|Win32.ActiveCfg = Debug|Win32
		{9FEEA7A1-FECA-1BAD-74A9-11B299DBF129}.Debug|Win32.Build.0 = Debug|Win32
		{9FEEA7A1-FECA-1BAD-74A9-11B299DBF129}.Debug|x64.ActiveCfg = Debug|x64
		{9FEEA7A1-FECA-1BAD-74A9-11B299DBF129}.Debug|x64.Build.0 = Debug|x64
		{9FEEA7A1-FECA-1BAD-74A9-11B299DBF129}.Release|Win32.ActiveCfg = Release|Win32
		{9FEEA7A1-FECA-1BAD-74A9-11B299DBF129}.Release|Win32.Build.0 = Release|Win32
		{9FEEA7A1-FECA-1BAD-74A9-11B299DBF129}.Release|x64.ActiveCfg = Release|x64
		{9FEEA7A1-FECA-1BAD-74A9-11B299DBF129}.Release|x64.Build.0 = Release|x64
		{C69AB198-FECA-1BAD-74A9-11B299DBF129}.Debug|Win32.ActiveCfg = Debug|Win32
		{C69AB198-FECA-1BAD-74A9-11B299DBF129}.Debug|Win32.Build.0 = Debug|Win32
		{C69AB198-FECA-1BAD-74A9-11B299DBF129}.Debug|x64.ActiveCfg = Debug|x64
		{C69AB198-FECA-1BAD-74A9-11B299DBF129}.Debug|x64.Build.0 = Debug|x64
		{C69AB198-FECA-1BAD-74A9-11B299DBF129}.Release|Win32.ActiveCfg = Release|Win32
		{C69AB198-FECA-1BAD-74A9-11B299DBF129}.Release|Win32.Build.0 = Release|Win32
		{C69AB198-FECA-1BAD-74A9-11B299DBF129}.Release|x64.ActiveCfg = Release|x64
		{C69AB198-FECA-1BAD-74A9-11B299DBF129}.Release|x64.Build.0 = Release|x64
		{CE03DABC-FECA-1BAD-6BC1-98533076011B}.Debug|Win32.ActiveCfg = Debug|Win32
		{CE03DABC-FECA-1BAD-6BC1-98533076011B}.Debug|Win32.Build.0 = Debug|Win32
		{CE03DABC-FECA-1BAD-6BC1-98533076011B}.Debug|x64.ActiveCfg = Debug|x64
		{CE03DABC-FECA-1BAD-6BC1-98533076011B}.Debug|x64.Build.0 = Debug|x64
		{CE03DABC-FECA-1BAD-6BC1-98533076011B}.Release|Win32.ActiveCfg = Release|Win32
		{CE03DABC-FECA-1BAD-6BC1-98533076011B}.Release|Win32.Build.0 = Release|Win32
		{CE03DABC-FECA-1BAD-6BC1-98533076011B}.Release|x64.ActiveCfg = Release|x64
		{CE03DABC-FECA-1BAD-6BC1-98533076011B}.Release|x64.Build.0 = Release|x64
		{8E182F3F-FECA-1BAD-6BC1-98533076011B}.Debug|Win32.ActiveCfg = Debug|Win32
		{8E182F3F-FECA-1BAD-6BC1-98533076011B}.Debug|Win32.Build.0 = Debug|Win32
		{8E182F3F-FECA-1BAD-6BC1-98533076011B}.Debug|x64.ActiveCfg = Debug|x64
		{8E182F3F-FECA-1BAD-6BC1-98533076011B}.Debug|x64.Build.0 = Debug|x64
		{8E182F3F-FECA-1BAD-6BC1-98533076011B}.Release|Win32.ActiveCfg = Release|Win32
		{8E182F3F-FECA-1BAD-6BC1-98533076011B}.Release|Win32.Build.0 = Release|Win32
		{8E182F3F-FECA-1BAD-6BC1-98533076011B}.Release|x64.ActiveCfg = Release|x64
		{8E182F3F-FECA-1BAD-6BC1-98533076011B}.Release|x64.Build.0 = Release|x64
		{AE135087-FECA-1BAD-6BC1-98533076011B}.Debug|Win32.ActiveCfg = Debug|Win32
		{AE135087-FECA-1BAD-6BC1-98533076011B}.Debug|Win32.Build.0 = Debug|Win32
		{AE135087-FECA-1BAD-6BC1-98533076011B}.Debug|x64.ActiveCfg = Debug|x64
		{AE135087-FECA-1BAD-6BC1-98533076011B}.Debug|x64.Build.0 = Debug|x64
		{AE135087-FECA-1BAD-6BC1-98533076011B}.Release|Win32.ActiveCfg = Release|Win32
		{AE135087-FECA-1BAD-6BC1-98533076011B}.Release|Win32.Build.0 = Release|Win32
		{AE135087-FECA-1BAD-6BC1-98533076011B}.Release|x64.ActiveCfg = Release|x64
		{AE135087-FECA-1BAD-6BC1-98533076011B}.Release|x64.Build.0 = Release|x64
		{362B88A8-FECA-1BAD-7F39-B001220F6DD9}.Debug|Win32.ActiveCfg = Debug|Win32
		{362B88A8-FECA-1BAD-7F39-B001220F6DD9}.Debug|Win32.Build.0 = Debug|Win32
		{362B88A8-FECA-1BAD-7F39-B001220F6DD9}.Debug|x64.ActiveCfg = Debug|x64
		{362B88A8-FECA-1BAD-7F39-B001220F6DD9}.Debug|x64.Build.0 = Debug|x64
		{362B88A8-FECA-1BAD-7F39-B001220F6DD9}.Release|Win32.ActiveCfg = Release|Win32
		{362B88A8-FECA-1BAD-7F39-B001220F6DD9}.Release|Win32.Build.0 = Release|Win32
		{362B88A8-FECA-1BAD-7F39-B001220F6DD9}.Release|x64.ActiveCfg = Release|x64
		{362B88A8-FECA-1BAD-7F39-B001220F6DD9}.Release|x64.Build.0 = Release|x64
		{AF57ADBA-FECA-1BAD-7F39-B001220F6DD9}.Debug|Win32.ActiveCfg = Debug|Win32
		{AF57ADBA-FECA-1BAD-7F39-B001220F6DD9}.Debug|Win32.Build.0 = Debug|Win32
		{AF57ADBA-FECA-1BAD-7F39-B001220F6DD9}.Debug|x64.ActiveCfg = Debug|x64
		{AF57ADBA-FECA-1BAD-7F39-B001220F6DD9}.Debug|x64.Build.0 = Debug|x64
		{AF57ADBA-FECA-1BAD-7F39-B001220F6DD9}.Release|Win32.ActiveCfg = Release|Win32
		{AF57ADBA-FECA-1BAD-7F39-B001220F6DD9}.Release|Win32.Build.0 = Release|Win32
		{AF57ADBA-FECA-1BAD-7F39-B001220F6DD9}.Release|x64.ActiveCfg = Release|x64
		{AF57ADBA-FECA-1BAD-7F39-B001220F6DD9}.Release|x64.Build.0 = Release|x64
		{563B0293-FECA-1BAD-7F39-B001220F6DD9}.Debug|Win32.ActiveCfg = Debug|Win32
		{563B0293-FECA-1BAD-7F39-B001220F6DD9}.Debug|Win32.Build.0 = Debug|Win32
		{563B0293-FECA-1BAD-7F39-B001220F6DD9}.Debug|x64.ActiveCfg = Debug|x64
		{563B0293-FECA-1BAD-7F39-B001220F6DD9}.Debug|x64.Build.0 = Debug|x64
		{563B0293-FECA-1BAD-7F39-B001220F6DD9}.Release|Win32.ActiveCfg = Release|Win32
		{563B0293-FECA-1BAD-7F39-B001220F6DD9}.Release|Win32.Build.0 = Release|Win32
		{563B0293-FECA-1BAD-7F39-B001220F6DD9}.Release|x64.ActiveCfg = Release|x64
		{563B0293-FECA-1BAD-7F39-B001220F6DD9}.Release|x64.Build.0 = Release|x64
		{21F16D68-FECA-1BAD-844E-7A6E5D8FA02A}.Debug|Win32.ActiveCfg = Debug|Win32
		{21F16D68-FECA-1BAD-844E-7A6E5D8FA02A}.Debug|Win32.Build.0 = Debug|Win32
		{21F16D68-FECA-1BAD-844E-7A6E5D8FA02A}.Debug|x64.ActiveCfg = Debug|x64
		{21F16D68-FECA-1BAD-844E-7A6E5D8FA02A}.Debug|x64.Build.0 = Debug|x64
		{21F16D68-FECA-1BAD-844E-7A6E5D8FA02A}.Release|Win32.ActiveCfg = Release|Win32
		{21F16D68-FECA-1BAD-844E-7A6E5D8FA02A}.Release|Win32.Build.0 = Release|Win32
		{21F16D68-FECA-1BAD-844E-7A6E5D8FA02A}.Release|x64.ActiveCfg = Release|x64
		{21F16D68-FECA-1BAD-844E-7A6E5D8FA02A}.Release|x64.Build.0 = Release|x64
		{26C09217-FECA-1BAD-C029-5B1B7CFAE44D}.Debug|Win32.ActiveCfg = Debug|Win32
		{26C09217-FECA-1BAD-C029-5B1B7CFAE44D}.Debug|Win32.Build.0 = Debug|Win32
		{26C09217-FECA-1BAD-C029-5B1B7CFAE44D}.Debug|x64.ActiveCfg = Debug|x64
		{26C09217-FECA-1BAD-C029-5B1B7CFAE44D}.Debug|x64.Build.0 = Debug|x64
		{26C09217-FECA-1BAD-C029-5B1B7CFAE44D}.Release|Win32.ActiveCfg = Release|Win32
		{26C09217-FECA-1BAD-C029-5B1B7CFAE44D}.Release|Win32.Build.0 = Release|Win32
		{26C09217-FECA-1BAD-C029-5B1B7CFAE44D}.Release|x64.ActiveCfg = Release|x64
		{26C09217-FECA-1BAD-C029-5B1B7CFAE44D}.Release|x64.Build.0 = Release|x64
		{04A6A30B-FECA-1BAD-C029-5B1B7CFAE44D}.Debug|Win32.ActiveCfg = Debug|Win32
		{04A6A30B-FECA-1BAD-C029-5B1B7CFAE44D}.Debug|Win32.Build.0 = Debug|Win32
		{04A6A30B-FECA-1BAD-C029-5B1B7CFAE44D}.Debug|x64.ActiveCfg = Debug|x64
		{04A6A30B-FECA-1BAD-C029-5B1B7CFAE44D}.Debug|x64.Build.0 = Debug|x64
		{04A6A30B-FECA-1BAD-C029-5B1B7CFAE44D}.Release|Win32.ActiveCfg = Release|Win32
		{04A6A30B-FECA-1BAD-C029-5B1B7CFAE44D}.Release|Win32.Build.0 = Release|Win32
		{04A6A30B-FECA-1BAD-C029-5B1B7CFAE44D}.Release|x64.ActiveCfg = Release|x64
		{04A6A30B-FECA-1BAD-C029-5B1B7CFAE44D}.Release|x64.Build.0 = Release|x64
		{46D0182C-FECA-1BAD-C029-5B1B7CFAE44D}.Debug|Win32.ActiveCfg = Debug|Win32
		{46D0182C-FECA-1BAD-C029-5B1B7CFAE44D}.Debug|Win32.Build.0 = Debug|Win32
		{46D0182C-FECA-1BAD-C029-5B1B7CFAE44D}.Debug|x64.ActiveCfg = Debug|x64
		{46D0182C-FECA-1BAD-C029-5B1B7CFAE44D}.Debug|x64.Build.0 = Debug|x64
		{46D0182C-FECA-1BAD-C029-5B1B7CFAE44D}.Release|Win32.ActiveCfg = Release|Win32
		{46D0182C-FECA-1BAD-C029-5B1B7CFAE44D}.Release|Win32.Build.0 = Release|Win32
		{46D0182C-FECA-1BAD-C029-5B1B7CFAE44D}.Release|x64.ActiveCfg = Release|x64
		{46D0182C-FECA-1BAD-C029-5B1B7CFAE44D}.Release|x64.Build.0 = Release|x64
		{8F974AE6-FECA-1BAD-3180-0CC32B2215E4}.Debug|Win32.ActiveCfg = Debug|Win32
		{8F974AE6-FECA-1BAD-3180-0CC32B2215E4}.Debug|Win32.Build.0 = Debug|Win32
		{8F974AE6-FECA-1BAD-3180-0CC32B2215E4}.Debug|x64.ActiveCfg = Debug|x64
		{8F974AE6-FECA-1BAD-3180-0CC32B2215E4}.Debug|x64.Build.0 = Debug|x64
		{8F974AE6-FECA-1BAD-3180-0CC32B2215E4}.Release|Win32.ActiveCfg = Release|Win32
		{8F974AE6-FECA-1BAD-3180-0CC32B2215E4}.Release|Win32.Build.0 = Release|Win32
		{8F974AE6-FECA-1BAD-3180-0CC32B2215E4}.Release|x64.ActiveCfg = Release|x64
		{8F974AE6-FECA-1BAD-3180-0CC32B2215E4}.Release|x64.Build.0 = Release|x64
		{8BBC3676-FECA-1BAD-3180-0CC32B2215E4}.Debug|Win32.ActiveCfg = Debug|Win32
		{8BBC3676-FECA-1BAD-3180-0CC32B2215E4}.Debug|Win32.Build.0 = Debug|Win32
		{8BBC3676-FECA-1BAD-3180-0CC32B2215E4}.Debug|x64.ActiveCfg = Debug|x64
		{8BBC3676-FECA-1BAD-3180-0CC32B2215E4}.Debug|x64.Build.0 = Debug|x64
		{8BBC3676-FECA-1BAD-3180-0CC32B2215E4}.Release|Win32.ActiveCfg = Release|Win32
		{8BBC3676-FECA-1BAD-3180-0CC32B2215E4}.Release|Win32.Build.0 = Release|Win32
		{8BBC3676-FECA-1BAD-3180-0CC32B2215E4}.Release|x64.ActiveCfg = Release|x64
		{8BBC3676-FECA-1BAD-3180-0CC32B2215E4}.Release|x64.Build.0 = Release|x64
		{EF87C0DD-FECA-1BAD-3180-0CC32B2215E4}.Debug|Win32.ActiveCfg = Debug|Win32
		{EF87C0DD-FECA-1BAD-3180-0CC32B2215E4}.Debug|Win32.Build.0 = Debug|Win32
		{EF87C0DD-FECA-1BAD-3180-0CC32B2215E4}.Debug|x64.ActiveCfg = Debug|x64
		{EF87C0DD-FECA-1BAD-3180-0CC32B2215E4}.Debug|x64.Build.0 = Debug|x64
		{EF87C0DD-FECA-1BAD-3180-0CC32B2215E4}.Release|Win32.ActiveCfg = Release|Win32
		{EF87C0DD-FECA-1BAD-3180-0CC32B2215E4}.Release|Win32.Build.0 = Release|Win32
		{EF87C0DD-FECA-1BAD-3180-0CC32B2215E4}.Release|x64.ActiveCfg = Release|x64
		{EF87C0DD-FECA-1BAD-3180-0CC32B2215E4}.Release|x64.Build.0 = Release|x64
		{6280944B-FECA-1BAD-9C6D-1B1DB51831ED}.Debug|Win32.ActiveCfg = Debug|Win32
		{6280944B-FECA-1BAD-9C6D-1B1DB51831ED}.Debug|Win32.Build.0 = Debug|Win32
		{6280944B-FECA-1BAD-9C6D-1B1DB51831ED}.Debug|x64.ActiveCfg = Debug|x64
		{6280944B-FECA-1BAD-9C6D-1B1DB51831ED}.Debug|x64.Build.0 = Debug|x64
		{6280944B-FECA-1BAD-9C6D-1B1DB51831ED}.Release|Win32.ActiveCfg = Release|Win32
		{6280944B-FECA-1BAD-9C6D-1B1DB51831ED}.Release|Win32.Build.0 = Release|Win32
		{6280944B-FECA-1BAD-9C6D-1B1DB51831ED}.Release|x64.ActiveCfg = Release|x64
		{6280944B-FECA-1BAD-9C6D-1B1DB51831ED}.Release|x64.Build.0 = Release|x64
		{6162E70B-FECA-1BAD-9C6D-1B1DB51831ED}.Debug|Win32.ActiveCfg = Debug|Win32
		{6162E70B-FECA-1BAD-9C6D-1B1DB51831ED}.Debug|Win32.Build.0 = Debug|Win32
		{6162E70B-FECA-1BAD-9C6D-1B1DB51831ED}.Debug|x64.ActiveCfg = Debug|x64
		{6162E70B-FECA-1BAD-9C6D-1B1DB51831ED}.Debug|x64.Build.0 = Debug|x64
		{6162E70B-FECA-1BAD-9C6D-1B1DB51831ED}.Release|Win32.ActiveCfg = Release|Win32
		{6162E70B-FECA-1BAD-9C6D-1B1DB51831ED}.Release|Win32.Build.0 = Release|Win32
		{6162E70B-FECA-1BAD-9C6D-1B1DB51831ED}.Release|x64.ActiveCfg = Release|x64
		{6162E70B-FECA-1BAD-9C6D-1B1DB51831ED}.Release|x64.Build.0 = Release|x64
		{02901E70-FECA-1BAD-9C6D-1B1DB51831ED}.Debug|Win32.ActiveCfg = Debug|Win32
		{02901E70-FECA-1BAD-9C6D-1B1DB51831ED}.Debug|Win32.Build.0 = Debug|Win32
		{02901E70-FECA-1BAD-9C6D-1B1DB51831ED}.Debug|x64.ActiveCfg = Debug|x64
		{02901E70-FECA-1BAD-9C6D-1B1DB51831ED}.Debug|x64.Build.0 = Debug|x64
		{02901E70-FECA-1BAD-9C6D-1B1DB51831ED}.Release|Win32.ActiveCfg = Release|Win32
		{02901E70-FECA-1BAD-9C6D-1B1DB51831ED}.Release|Win32.Build.0 = Release|Win32
		{02901E70-FECA-1BAD-9C6D-1B1DB51831ED}.Release|x64.ActiveCfg = Release|x64
		{02901E70-FECA-1BAD-9C6D-1B1DB51831ED}.Release|x64.Build.0 = Release|x64
	EndGlobalSection
	GlobalSection(SolutionProperties) = preSolution
		HideSolutionNode = FALSE
	EndGlobalSection
EndGlobal
