
Microsoft Visual Studio Solution File, Format Version 12.00
# Visual Studio 15
#
# This file was generated by MPC.  Any changes made directly to
# this file will be lost the next time it is generated.
#
# MPC Command:
# /home/johnny/DOC_ROOT/stage-6819/ACE_wrappers/bin/mwc.pl -type vs2017 -recurse -hierarchy -relative ACE_ROOT=/home/johnny/DOC_ROOT/stage-6819/ACE_wrappers -relative TAO_ROOT=/home/johnny/DOC_ROOT/stage-6819/ACE_wrappers/TAO -workers 8 -name_modifier "*_vs2017"
Project("{8BC9CEB8-8B4A-11D0-8D11-00A0C91BC942}") = "FTRTEC_Gateway_Service", "FTRTEC_Gateway_Service_vs2017.vcxproj", "{B9A3200C-FECA-1BAD-5E2D-9A1591D1E04A}"
EndProject
Global
	GlobalSection(SolutionConfigurationPlatforms) = preSolution
		Debug|Win32 = Debug|Win32
		Debug|x64 = Debug|x64
		Release|Win32 = Release|Win32
		Release|x64 = Release|x64
	EndGlobalSection
	GlobalSection(ProjectConfigurationPlatforms) = postSolution
		{B9A3200C-FECA-1BAD-5E2D-9A1591D1E04A}.Debug|Win32.ActiveCfg = Debug|Win32
		{B9A3200C-FECA-1BAD-5E2D-9A1591D1E04A}.Debug|Win32.Build.0 = Debug|Win32
		{B9A3200C-FECA-1BAD-5E2D-9A1591D1E04A}.Debug|x64.ActiveCfg = Debug|x64
		{B9A3200C-FECA-1BAD-5E2D-9A1591D1E04A}.Debug|x64.Build.0 = Debug|x64
		{B9A3200C-FECA-1BAD-5E2D-9A1591D1E04A}.Release|Win32.ActiveCfg = Release|Win32
		{B9A3200C-FECA-1BAD-5E2D-9A1591D1E04A}.Release|Win32.Build.0 = Release|Win32
		{B9A3200C-FECA-1BAD-5E2D-9A1591D1E04A}.Release|x64.ActiveCfg = Release|x64
		{B9A3200C-FECA-1BAD-5E2D-9A1591D1E04A}.Release|x64.Build.0 = Release|x64
	EndGlobalSection
	GlobalSection(SolutionProperties) = preSolution
		HideSolutionNode = FALSE
	EndGlobalSection
EndGlobal
