
Microsoft Visual Studio Solution File, Format Version 12.00
# Visual Studio 14
#
# This file was generated by MPC.  Any changes made directly to
# this file will be lost the next time it is generated.
#
# MPC Command:
# /home/johnny/DOC_ROOT/stage-6819/ACE_wrappers/bin/mwc.pl -type vc14 -recurse -hierarchy -relative ACE_ROOT=/home/johnny/DOC_ROOT/stage-6819/ACE_wrappers -relative TAO_ROOT=/home/johnny/DOC_ROOT/stage-6819/ACE_wrappers/TAO -workers 8 -name_modifier "*_vc14"
Project("{8BC9CEB8-8B4A-11D0-8D11-00A0C91BC942}") = "ValueTypes_DevGuideIDL", "ValueTypes_DevGuideIDL_vc14.vcxproj", "{D2325BDC-FECA-1BAD-E326-39602A0F62DF}"
EndProject
Project("{8BC9CEB8-8B4A-11D0-8D11-00A0C91BC942}") = "ValueTypes_DevGuideMsgClient", "ValueTypes_DevGuideMsgClient_vc14.vcxproj", "{181B7D4F-FECA-1BAD-E326-39602A0F62DF}"
	ProjectSection(ProjectDependencies) = postProject
		{D2325BDC-FECA-1BAD-E326-39602A0F62DF} = {D2325BDC-FECA-1BAD-E326-39602A0F62DF}
	EndProjectSection
EndProject
Project("{8BC9CEB8-8B4A-11D0-8D11-00A0C91BC942}") = "ValueTypes_DevGuideMsgServer", "ValueTypes_DevGuideMsgServer_vc14.vcxproj", "{237B6DC5-FECA-1BAD-E326-39602A0F62DF}"
	ProjectSection(ProjectDependencies) = postProject
		{D2325BDC-FECA-1BAD-E326-39602A0F62DF} = {D2325BDC-FECA-1BAD-E326-39602A0F62DF}
	EndProjectSection
EndProject
Global
	GlobalSection(SolutionConfigurationPlatforms) = preSolution
		Debug|Win32 = Debug|Win32
		Debug|x64 = Debug|x64
		Release|Win32 = Release|Win32
		Release|x64 = Release|x64
	EndGlobalSection
	GlobalSection(ProjectConfigurationPlatforms) = postSolution
		{D2325BDC-FECA-1BAD-E326-39602A0F62DF}.Debug|Win32.ActiveCfg = Debug|Win32
		{D2325BDC-FECA-1BAD-E326-39602A0F62DF}.Debug|Win32.Build.0 = Debug|Win32
		{D2325BDC-FECA-1BAD-E326-39602A0F62DF}.Debug|x64.ActiveCfg = Debug|x64
		{D2325BDC-FECA-1BAD-E326-39602A0F62DF}.Debug|x64.Build.0 = Debug|x64
		{D2325BDC-FECA-1BAD-E326-39602A0F62DF}.Release|Win32.ActiveCfg = Release|Win32
		{D2325BDC-FECA-1BAD-E326-39602A0F62DF}.Release|Win32.Build.0 = Release|Win32
		{D2325BDC-FECA-1BAD-E326-39602A0F62DF}.Release|x64.ActiveCfg = Release|x64
		{D2325BDC-FECA-1BAD-E326-39602A0F62DF}.Release|x64.Build.0 = Release|x64
		{181B7D4F-FECA-1BAD-E326-39602A0F62DF}.Debug|Win32.ActiveCfg = Debug|Win32
		{181B7D4F-FECA-1BAD-E326-39602A0F62DF}.Debug|Win32.Build.0 = Debug|Win32
		{181B7D4F-FECA-1BAD-E326-39602A0F62DF}.Debug|x64.ActiveCfg = Debug|x64
		{181B7D4F-FECA-1BAD-E326-39602A0F62DF}.Debug|x64.Build.0 = Debug|x64
		{181B7D4F-FECA-1BAD-E326-39602A0F62DF}.Release|Win32.ActiveCfg = Release|Win32
		{181B7D4F-FECA-1BAD-E326-39602A0F62DF}.Release|Win32.Build.0 = Release|Win32
		{181B7D4F-FECA-1BAD-E326-39602A0F62DF}.Release|x64.ActiveCfg = Release|x64
		{181B7D4F-FECA-1BAD-E326-39602A0F62DF}.Release|x64.Build.0 = Release|x64
		{237B6DC5-FECA-1BAD-E326-39602A0F62DF}.Debug|Win32.ActiveCfg = Debug|Win32
		{237B6DC5-FECA-1BAD-E326-39602A0F62DF}.Debug|Win32.Build.0 = Debug|Win32
		{237B6DC5-FECA-1BAD-E326-39602A0F62DF}.Debug|x64.ActiveCfg = Debug|x64
		{237B6DC5-FECA-1BAD-E326-39602A0F62DF}.Debug|x64.Build.0 = Debug|x64
		{237B6DC5-FECA-1BAD-E326-39602A0F62DF}.Release|Win32.ActiveCfg = Release|Win32
		{237B6DC5-FECA-1BAD-E326-39602A0F62DF}.Release|Win32.Build.0 = Release|Win32
		{237B6DC5-FECA-1BAD-E326-39602A0F62DF}.Release|x64.ActiveCfg = Release|x64
		{237B6DC5-FECA-1BAD-E326-39602A0F62DF}.Release|x64.Build.0 = Release|x64
	EndGlobalSection
	GlobalSection(SolutionProperties) = preSolution
		HideSolutionNode = FALSE
	EndGlobalSection
EndGlobal
