
Microsoft Visual Studio Solution File, Format Version 12.00
# Visual Studio 15
#
# This file was generated by MPC.  Any changes made directly to
# this file will be lost the next time it is generated.
#
# MPC Command:
# /home/johnny/DOC_ROOT/stage-6819/ACE_wrappers/bin/mwc.pl -type vs2017 -recurse -hierarchy -relative ACE_ROOT=/home/johnny/DOC_ROOT/stage-6819/ACE_wrappers -relative TAO_ROOT=/home/johnny/DOC_ROOT/stage-6819/ACE_wrappers/TAO -workers 8 -name_modifier "*_vs2017"
Project("{8BC9CEB8-8B4A-11D0-8D11-00A0C91BC942}") = "OMG_Basic_Consumer", "OMG_Basic\OMG_Basic_Consumer_vs2017.vcxproj", "{4F8963E1-FECA-1BAD-65BA-18D7F84981D8}"
EndProject
Project("{8BC9CEB8-8B4A-11D0-8D11-00A0C91BC942}") = "OMG_Basic_Supplier", "OMG_Basic\OMG_Basic_Supplier_vs2017.vcxproj", "{5E374AA1-FECA-1BAD-65BA-18D7F84981D8}"
EndProject
Project("{8BC9CEB8-8B4A-11D0-8D11-00A0C91BC942}") = "OMG_SupplierSideEC_Consumer", "OMG_SupplierSideEC\OMG_SupplierSideEC_Consumer_vs2017.vcxproj", "{D020555C-FECA-1BAD-5307-877EA2C31503}"
EndProject
Project("{8BC9CEB8-8B4A-11D0-8D11-00A0C91BC942}") = "OMG_SupplierSideEC_Supplier", "OMG_SupplierSideEC\OMG_SupplierSideEC_Supplier_vs2017.vcxproj", "{C19E7C1C-FECA-1BAD-5307-877EA2C31503}"
EndProject
Project("{8BC9CEB8-8B4A-11D0-8D11-00A0C91BC942}") = "OMG_TypedEC_Consumer", "OMG_TypedEC\OMG_TypedEC_Consumer_vs2017.vcxproj", "{7EDB7DD8-FECA-1BAD-7B83-29855E021BEB}"
	ProjectSection(ProjectDependencies) = postProject
		{6F655498-FECA-1BAD-7B83-29855E021BEB} = {6F655498-FECA-1BAD-7B83-29855E021BEB}
	EndProjectSection
EndProject
Project("{8BC9CEB8-8B4A-11D0-8D11-00A0C91BC942}") = "OMG_TypedEC_Supplier", "OMG_TypedEC\OMG_TypedEC_Supplier_vs2017.vcxproj", "{6F655498-FECA-1BAD-7B83-29855E021BEB}"
EndProject
Project("{8BC9CEB8-8B4A-11D0-8D11-00A0C91BC942}") = "RTEC_Basic_Consumer", "RTEC_Basic\RTEC_Basic_Consumer_vs2017.vcxproj", "{CB8966DA-FECA-1BAD-6081-9CD7B96A2685}"
EndProject
Project("{8BC9CEB8-8B4A-11D0-8D11-00A0C91BC942}") = "RTEC_Basic_Supplier", "RTEC_Basic\RTEC_Basic_Supplier_vs2017.vcxproj", "{DA374F9A-FECA-1BAD-6081-9CD7B96A2685}"
EndProject
Project("{8BC9CEB8-8B4A-11D0-8D11-00A0C91BC942}") = "RTEC_Federated_Consumer", "RTEC_Federated\RTEC_Federated_Consumer_vs2017.vcxproj", "{EA6972DD-FECA-1BAD-7486-BD377152DB5A}"
EndProject
Project("{8BC9CEB8-8B4A-11D0-8D11-00A0C91BC942}") = "RTEC_Federated_Supplier", "RTEC_Federated\RTEC_Federated_Supplier_vs2017.vcxproj", "{FBD75B9D-FECA-1BAD-7486-BD377152DB5A}"
EndProject
Project("{8BC9CEB8-8B4A-11D0-8D11-00A0C91BC942}") = "RTEC_Filter_Consumer", "RTEC_Filter\RTEC_Filter_Consumer_vs2017.vcxproj", "{B632E37A-FECA-1BAD-E521-E16C96EB8549}"
EndProject
Project("{8BC9CEB8-8B4A-11D0-8D11-00A0C91BC942}") = "RTEC_Filter_Supplier", "RTEC_Filter\RTEC_Filter_Supplier_vs2017.vcxproj", "{A78CCA3A-FECA-1BAD-E521-E16C96EB8549}"
EndProject
Project("{8BC9CEB8-8B4A-11D0-8D11-00A0C91BC942}") = "RTEC_MCast_Federated__Dev_Consumer", "RTEC_MCast_Federated\RTEC_MCast_Federated__Dev_Consumer_vs2017.vcxproj", "{E44F030A-FECA-1BAD-5390-01145531553D}"
EndProject
Project("{8BC9CEB8-8B4A-11D0-8D11-00A0C91BC942}") = "RTEC_MCast_Federated__Dev_Supplier", "RTEC_MCast_Federated\RTEC_MCast_Federated__Dev_Supplier_vs2017.vcxproj", "{F5F12A4A-FECA-1BAD-5390-01145531553D}"
EndProject
Global
	GlobalSection(SolutionConfigurationPlatforms) = preSolution
		Debug|Win32 = Debug|Win32
		Debug|x64 = Debug|x64
		Release|Win32 = Release|Win32
		Release|x64 = Release|x64
	EndGlobalSection
	GlobalSection(ProjectConfigurationPlatforms) = postSolution
		{4F8963E1-FECA-1BAD-65BA-18D7F84981D8}.Debug|Win32.ActiveCfg = Debug|Win32
		{4F8963E1-FECA-1BAD-65BA-18D7F84981D8}.Debug|Win32.Build.0 = Debug|Win32
		{4F8963E1-FECA-1BAD-65BA-18D7F84981D8}.Debug|x64.ActiveCfg = Debug|x64
		{4F8963E1-FECA-1BAD-65BA-18D7F84981D8}.Debug|x64.Build.0 = Debug|x64
		{4F8963E1-FECA-1BAD-65BA-18D7F84981D8}.Release|Win32.ActiveCfg = Release|Win32
		{4F8963E1-FECA-1BAD-65BA-18D7F84981D8}.Release|Win32.Build.0 = Release|Win32
		{4F8963E1-FECA-1BAD-65BA-18D7F84981D8}.Release|x64.ActiveCfg = Release|x64
		{4F8963E1-FECA-1BAD-65BA-18D7F84981D8}.Release|x64.Build.0 = Release|x64
		{5E374AA1-FECA-1BAD-65BA-18D7F84981D8}.Debug|Win32.ActiveCfg = Debug|Win32
		{5E374AA1-FECA-1BAD-65BA-18D7F84981D8}.Debug|Win32.Build.0 = Debug|Win32
		{5E374AA1-FECA-1BAD-65BA-18D7F84981D8}.Debug|x64.ActiveCfg = Debug|x64
		{5E374AA1-FECA-1BAD-65BA-18D7F84981D8}.Debug|x64.Build.0 = Debug|x64
		{5E374AA1-FECA-1BAD-65BA-18D7F84981D8}.Release|Win32.ActiveCfg = Release|Win32
		{5E374AA1-FECA-1BAD-65BA-18D7F84981D8}.Release|Win32.Build.0 = Release|Win32
		{5E374AA1-FECA-1BAD-65BA-18D7F84981D8}.Release|x64.ActiveCfg = Release|x64
		{5E374AA1-FECA-1BAD-65BA-18D7F84981D8}.Release|x64.Build.0 = Release|x64
		{D020555C-FECA-1BAD-5307-877EA2C31503}.Debug|Win32.ActiveCfg = Debug|Win32
		{D020555C-FECA-1BAD-5307-877EA2C31503}.Debug|Win32.Build.0 = Debug|Win32
		{D020555C-FECA-1BAD-5307-877EA2C31503}.Debug|x64.ActiveCfg = Debug|x64
		{D020555C-FECA-1BAD-5307-877EA2C31503}.Debug|x64.Build.0 = Debug|x64
		{D020555C-FECA-1BAD-5307-877EA2C31503}.Release|Win32.ActiveCfg = Release|Win32
		{D020555C-FECA-1BAD-5307-877EA2C31503}.Release|Win32.Build.0 = Release|Win32
		{D020555C-FECA-1BAD-5307-877EA2C31503}.Release|x64.ActiveCfg = Release|x64
		{D020555C-FECA-1BAD-5307-877EA2C31503}.Release|x64.Build.0 = Release|x64
		{C19E7C1C-FECA-1BAD-5307-877EA2C31503}.Debug|Win32.ActiveCfg = Debug|Win32
		{C19E7C1C-FECA-1BAD-5307-877EA2C31503}.Debug|Win32.Build.0 = Debug|Win32
		{C19E7C1C-FECA-1BAD-5307-877EA2C31503}.Debug|x64.ActiveCfg = Debug|x64
		{C19E7C1C-FECA-1BAD-5307-877EA2C31503}.Debug|x64.Build.0 = Debug|x64
		{C19E7C1C-FECA-1BAD-5307-877EA2C31503}.Release|Win32.ActiveCfg = Release|Win32
		{C19E7C1C-FECA-1BAD-5307-877EA2C31503}.Release|Win32.Build.0 = Release|Win32
		{C19E7C1C-FECA-1BAD-5307-877EA2C31503}.Release|x64.ActiveCfg = Release|x64
		{C19E7C1C-FECA-1BAD-5307-877EA2C31503}.Release|x64.Build.0 = Release|x64
		{7EDB7DD8-FECA-1BAD-7B83-29855E021BEB}.Debug|Win32.ActiveCfg = Debug|Win32
		{7EDB7DD8-FECA-1BAD-7B83-29855E021BEB}.Debug|Win32.Build.0 = Debug|Win32
		{7EDB7DD8-FECA-1BAD-7B83-29855E021BEB}.Debug|x64.ActiveCfg = Debug|x64
		{7EDB7DD8-FECA-1BAD-7B83-29855E021BEB}.Debug|x64.Build.0 = Debug|x64
		{7EDB7DD8-FECA-1BAD-7B83-29855E021BEB}.Release|Win32.ActiveCfg = Release|Win32
		{7EDB7DD8-FECA-1BAD-7B83-29855E021BEB}.Release|Win32.Build.0 = Release|Win32
		{7EDB7DD8-FECA-1BAD-7B83-29855E021BEB}.Release|x64.ActiveCfg = Release|x64
		{7EDB7DD8-FECA-1BAD-7B83-29855E021BEB}.Release|x64.Build.0 = Release|x64
		{6F655498-FECA-1BAD-7B83-29855E021BEB}.Debug|Win32.ActiveCfg = Debug|Win32
		{6F655498-FECA-1BAD-7B83-29855E021BEB}.Debug|Win32.Build.0 = Debug|Win32
		{6F655498-FECA-1BAD-7B83-29855E021BEB}.Debug|x64.ActiveCfg = Debug|x64
		{6F655498-FECA-1BAD-7B83-29855E021BEB}.Debug|x64.Build.0 = Debug|x64
		{6F655498-FECA-1BAD-7B83-29855E021BEB}.Release|Win32.ActiveCfg = Release|Win32
		{6F655498-FECA-1BAD-7B83-29855E021BEB}.Release|Win32.Build.0 = Release|Win32
		{6F655498-FECA-1BAD-7B83-29855E021BEB}.Release|x64.ActiveCfg = Release|x64
		{6F655498-FECA-1BAD-7B83-29855E021BEB}.Release|x64.Build.0 = Release|x64
		{CB8966DA-FECA-1BAD-6081-9CD7B96A2685}.Debug|Win32.ActiveCfg = Debug|Win32
		{CB8966DA-FECA-1BAD-6081-9CD7B96A2685}.Debug|Win32.Build.0 = Debug|Win32
		{CB8966DA-FECA-1BAD-6081-9CD7B96A2685}.Debug|x64.ActiveCfg = Debug|x64
		{CB8966DA-FECA-1BAD-6081-9CD7B96A2685}.Debug|x64.Build.0 = Debug|x64
		{CB8966DA-FECA-1BAD-6081-9CD7B96A2685}.Release|Win32.ActiveCfg = Release|Win32
		{CB8966DA-FECA-1BAD-6081-9CD7B96A2685}.Release|Win32.Build.0 = Release|Win32
		{CB8966DA-FECA-1BAD-6081-9CD7B96A2685}.Release|x64.ActiveCfg = Release|x64
		{CB8966DA-FECA-1BAD-6081-9CD7B96A2685}.Release|x64.Build.0 = Release|x64
		{DA374F9A-FECA-1BAD-6081-9CD7B96A2685}.Debug|Win32.ActiveCfg = Debug|Win32
		{DA374F9A-FECA-1BAD-6081-9CD7B96A2685}.Debug|Win32.Build.0 = Debug|Win32
		{DA374F9A-FECA-1BAD-6081-9CD7B96A2685}.Debug|x64.ActiveCfg = Debug|x64
		{DA374F9A-FECA-1BAD-6081-9CD7B96A2685}.Debug|x64.Build.0 = Debug|x64
		{DA374F9A-FECA-1BAD-6081-9CD7B96A2685}.Release|Win32.ActiveCfg = Release|Win32
		{DA374F9A-FECA-1BAD-6081-9CD7B96A2685}.Release|Win32.Build.0 = Release|Win32
		{DA374F9A-FECA-1BAD-6081-9CD7B96A2685}.Release|x64.ActiveCfg = Release|x64
		{DA374F9A-FECA-1BAD-6081-9CD7B96A2685}.Release|x64.Build.0 = Release|x64
		{EA6972DD-FECA-1BAD-7486-BD377152DB5A}.Debug|Win32.ActiveCfg = Debug|Win32
		{EA6972DD-FECA-1BAD-7486-BD377152DB5A}.Debug|Win32.Build.0 = Debug|Win32
		{EA6972DD-FECA-1BAD-7486-BD377152DB5A}.Debug|x64.ActiveCfg = Debug|x64
		{EA6972DD-FECA-1BAD-7486-BD377152DB5A}.Debug|x64.Build.0 = Debug|x64
		{EA6972DD-FECA-1BAD-7486-BD377152DB5A}.Release|Win32.ActiveCfg = Release|Win32
		{EA6972DD-FECA-1BAD-7486-BD377152DB5A}.Release|Win32.Build.0 = Release|Win32
		{EA6972DD-FECA-1BAD-7486-BD377152DB5A}.Release|x64.ActiveCfg = Release|x64
		{EA6972DD-FECA-1BAD-7486-BD377152DB5A}.Release|x64.Build.0 = Release|x64
		{FBD75B9D-FECA-1BAD-7486-BD377152DB5A}.Debug|Win32.ActiveCfg = Debug|Win32
		{FBD75B9D-FECA-1BAD-7486-BD377152DB5A}.Debug|Win32.Build.0 = Debug|Win32
		{FBD75B9D-FECA-1BAD-7486-BD377152DB5A}.Debug|x64.ActiveCfg = Debug|x64
		{FBD75B9D-FECA-1BAD-7486-BD377152DB5A}.Debug|x64.Build.0 = Debug|x64
		{FBD75B9D-FECA-1BAD-7486-BD377152DB5A}.Release|Win32.ActiveCfg = Release|Win32
		{FBD75B9D-FECA-1BAD-7486-BD377152DB5A}.Release|Win32.Build.0 = Release|Win32
		{FBD75B9D-FECA-1BAD-7486-BD377152DB5A}.Release|x64.ActiveCfg = Release|x64
		{FBD75B9D-FECA-1BAD-7486-BD377152DB5A}.Release|x64.Build.0 = Release|x64
		{B632E37A-FECA-1BAD-E521-E16C96EB8549}.Debug|Win32.ActiveCfg = Debug|Win32
		{B632E37A-FECA-1BAD-E521-E16C96EB8549}.Debug|Win32.Build.0 = Debug|Win32
		{B632E37A-FECA-1BAD-E521-E16C96EB8549}.Debug|x64.ActiveCfg = Debug|x64
		{B632E37A-FECA-1BAD-E521-E16C96EB8549}.Debug|x64.Build.0 = Debug|x64
		{B632E37A-FECA-1BAD-E521-E16C96EB8549}.Release|Win32.ActiveCfg = Release|Win32
		{B632E37A-FECA-1BAD-E521-E16C96EB8549}.Release|Win32.Build.0 = Release|Win32
		{B632E37A-FECA-1BAD-E521-E16C96EB8549}.Release|x64.ActiveCfg = Release|x64
		{B632E37A-FECA-1BAD-E521-E16C96EB8549}.Release|x64.Build.0 = Release|x64
		{A78CCA3A-FECA-1BAD-E521-E16C96EB8549}.Debug|Win32.ActiveCfg = Debug|Win32
		{A78CCA3A-FECA-1BAD-E521-E16C96EB8549}.Debug|Win32.Build.0 = Debug|Win32
		{A78CCA3A-FECA-1BAD-E521-E16C96EB8549}.Debug|x64.ActiveCfg = Debug|x64
		{A78CCA3A-FECA-1BAD-E521-E16C96EB8549}.Debug|x64.Build.0 = Debug|x64
		{A78CCA3A-FECA-1BAD-E521-E16C96EB8549}.Release|Win32.ActiveCfg = Release|Win32
		{A78CCA3A-FECA-1BAD-E521-E16C96EB8549}.Release|Win32.Build.0 = Release|Win32
		{A78CCA3A-FECA-1BAD-E521-E16C96EB8549}.Release|x64.ActiveCfg = Release|x64
		{A78CCA3A-FECA-1BAD-E521-E16C96EB8549}.Release|x64.Build.0 = Release|x64
		{E44F030A-FECA-1BAD-5390-01145531553D}.Debug|Win32.ActiveCfg = Debug|Win32
		{E44F030A-FECA-1BAD-5390-01145531553D}.Debug|Win32.Build.0 = Debug|Win32
		{E44F030A-FECA-1BAD-5390-01145531553D}.Debug|x64.ActiveCfg = Debug|x64
		{E44F030A-FECA-1BAD-5390-01145531553D}.Debug|x64.Build.0 = Debug|x64
		{E44F030A-FECA-1BAD-5390-01145531553D}.Release|Win32.ActiveCfg = Release|Win32
		{E44F030A-FECA-1BAD-5390-01145531553D}.Release|Win32.Build.0 = Release|Win32
		{E44F030A-FECA-1BAD-5390-01145531553D}.Release|x64.ActiveCfg = Release|x64
		{E44F030A-FECA-1BAD-5390-01145531553D}.Release|x64.Build.0 = Release|x64
		{F5F12A4A-FECA-1BAD-5390-01145531553D}.Debug|Win32.ActiveCfg = Debug|Win32
		{F5F12A4A-FECA-1BAD-5390-01145531553D}.Debug|Win32.Build.0 = Debug|Win32
		{F5F12A4A-FECA-1BAD-5390-01145531553D}.Debug|x64.ActiveCfg = Debug|x64
		{F5F12A4A-FECA-1BAD-5390-01145531553D}.Debug|x64.Build.0 = Debug|x64
		{F5F12A4A-FECA-1BAD-5390-01145531553D}.Release|Win32.ActiveCfg = Release|Win32
		{F5F12A4A-FECA-1BAD-5390-01145531553D}.Release|Win32.Build.0 = Release|Win32
		{F5F12A4A-FECA-1BAD-5390-01145531553D}.Release|x64.ActiveCfg = Release|x64
		{F5F12A4A-FECA-1BAD-5390-01145531553D}.Release|x64.Build.0 = Release|x64
	EndGlobalSection
	GlobalSection(SolutionProperties) = preSolution
		HideSolutionNode = FALSE
	EndGlobalSection
EndGlobal
