
Microsoft Visual Studio Solution File, Format Version 12.00
# Visual Studio 15
#
# This file was generated by MPC.  Any changes made directly to
# this file will be lost the next time it is generated.
#
# MPC Command:
# /home/johnny/DOC_ROOT/stage-6819/ACE_wrappers/bin/mwc.pl -type vs2017 -recurse -hierarchy -relative ACE_ROOT=/home/johnny/DOC_ROOT/stage-6819/ACE_wrappers -relative TAO_ROOT=/home/johnny/DOC_ROOT/stage-6819/ACE_wrappers/TAO -workers 8 -name_modifier "*_vs2017"
Project("{8BC9CEB8-8B4A-11D0-8D11-00A0C91BC942}") = "Svc_Cfg_IPC_Client_Bcast", "client\Svc_Cfg_IPC_Client_Bcast_vs2017.vcxproj", "{D9FF0027-FECA-1BAD-DD12-8A69A8383EB6}"
EndProject
Project("{8BC9CEB8-8B4A-11D0-8D11-00A0C91BC942}") = "Svc_Cfg_IPC_Client_Loc_Dgram", "client\Svc_Cfg_IPC_Client_Loc_Dgram_vs2017.vcxproj", "{3162B4F2-FECA-1BAD-DD12-8A69A8383EB6}"
EndProject
Project("{8BC9CEB8-8B4A-11D0-8D11-00A0C91BC942}") = "Svc_Cfg_IPC_Client_Loc_Fifo", "client\Svc_Cfg_IPC_Client_Loc_Fifo_vs2017.vcxproj", "{0238280B-FECA-1BAD-DD12-8A69A8383EB6}"
EndProject
Project("{8BC9CEB8-8B4A-11D0-8D11-00A0C91BC942}") = "Svc_Cfg_IPC_Client_Loc_Pipe", "client\Svc_Cfg_IPC_Client_Loc_Pipe_vs2017.vcxproj", "{A2383E1D-FECA-1BAD-DD12-8A69A8383EB6}"
EndProject
Project("{8BC9CEB8-8B4A-11D0-8D11-00A0C91BC942}") = "Svc_Cfg_IPC_Client_Loc_Spipe", "client\Svc_Cfg_IPC_Client_Loc_Spipe_vs2017.vcxproj", "{B163D253-FECA-1BAD-DD12-8A69A8383EB6}"
EndProject
Project("{8BC9CEB8-8B4A-11D0-8D11-00A0C91BC942}") = "Svc_Cfg_IPC_Client_Loc_Stream", "client\Svc_Cfg_IPC_Client_Loc_Stream_vs2017.vcxproj", "{04DD6463-FECA-1BAD-DD12-8A69A8383EB6}"
EndProject
Project("{8BC9CEB8-8B4A-11D0-8D11-00A0C91BC942}") = "Svc_Cfg_IPC_Client_Rem_Dgram", "client\Svc_Cfg_IPC_Client_Rem_Dgram_vs2017.vcxproj", "{DB82B4F3-FECA-1BAD-DD12-8A69A8383EB6}"
EndProject
Project("{8BC9CEB8-8B4A-11D0-8D11-00A0C91BC942}") = "Svc_Cfg_IPC_Client_Rem_Stream", "client\Svc_Cfg_IPC_Client_Rem_Stream_vs2017.vcxproj", "{AADD647D-FECA-1BAD-DD12-8A69A8383EB6}"
EndProject
Project("{8BC9CEB8-8B4A-11D0-8D11-00A0C91BC942}") = "Svc_Cfg_IPC_Client_Rem_Svc_Dir", "client\Svc_Cfg_IPC_Client_Rem_Svc_Dir_vs2017.vcxproj", "{4F357483-FECA-1BAD-DD12-8A69A8383EB6}"
EndProject
Project("{8BC9CEB8-8B4A-11D0-8D11-00A0C91BC942}") = "Svc_Cfg_IPC_Client_Rem_Thr_Stream", "client\Svc_Cfg_IPC_Client_Rem_Thr_Stream_vs2017.vcxproj", "{7AA443A6-FECA-1BAD-DD12-8A69A8383EB6}"
EndProject
Project("{8BC9CEB8-8B4A-11D0-8D11-00A0C91BC942}") = "Svc_Cfg_IPC_Server_Lib", "server\Svc_Cfg_IPC_Server_Lib_vs2017.vcxproj", "{4F4E7E51-FECA-1BAD-7EA4-8B61A9309D00}"
EndProject
Project("{8BC9CEB8-8B4A-11D0-8D11-00A0C91BC942}") = "Svc_Cfg_IPC_Server_Test", "server\Svc_Cfg_IPC_Server_Test_vs2017.vcxproj", "{7607E6C8-FECA-1BAD-7EA4-8B61A9309D00}"
	ProjectSection(ProjectDependencies) = postProject
		{4F4E7E51-FECA-1BAD-7EA4-8B61A9309D00} = {4F4E7E51-FECA-1BAD-7EA4-8B61A9309D00}
	EndProjectSection
EndProject
Global
	GlobalSection(SolutionConfigurationPlatforms) = preSolution
		Debug|Win32 = Debug|Win32
		Debug|x64 = Debug|x64
		Release|Win32 = Release|Win32
		Release|x64 = Release|x64
	EndGlobalSection
	GlobalSection(ProjectConfigurationPlatforms) = postSolution
		{D9FF0027-FECA-1BAD-DD12-8A69A8383EB6}.Debug|Win32.ActiveCfg = Debug|Win32
		{D9FF0027-FECA-1BAD-DD12-8A69A8383EB6}.Debug|Win32.Build.0 = Debug|Win32
		{D9FF0027-FECA-1BAD-DD12-8A69A8383EB6}.Debug|x64.ActiveCfg = Debug|x64
		{D9FF0027-FECA-1BAD-DD12-8A69A8383EB6}.Debug|x64.Build.0 = Debug|x64
		{D9FF0027-FECA-1BAD-DD12-8A69A8383EB6}.Release|Win32.ActiveCfg = Release|Win32
		{D9FF0027-FECA-1BAD-DD12-8A69A8383EB6}.Release|Win32.Build.0 = Release|Win32
		{D9FF0027-FECA-1BAD-DD12-8A69A8383EB6}.Release|x64.ActiveCfg = Release|x64
		{D9FF0027-FECA-1BAD-DD12-8A69A8383EB6}.Release|x64.Build.0 = Release|x64
		{3162B4F2-FECA-1BAD-DD12-8A69A8383EB6}.Debug|Win32.ActiveCfg = Debug|Win32
		{3162B4F2-FECA-1BAD-DD12-8A69A8383EB6}.Debug|Win32.Build.0 = Debug|Win32
		{3162B4F2-FECA-1BAD-DD12-8A69A8383EB6}.Debug|x64.ActiveCfg = Debug|x64
		{3162B4F2-FECA-1BAD-DD12-8A69A8383EB6}.Debug|x64.Build.0 = Debug|x64
		{3162B4F2-FECA-1BAD-DD12-8A69A8383EB6}.Release|Win32.ActiveCfg = Release|Win32
		{3162B4F2-FECA-1BAD-DD12-8A69A8383EB6}.Release|Win32.Build.0 = Release|Win32
		{3162B4F2-FECA-1BAD-DD12-8A69A8383EB6}.Release|x64.ActiveCfg = Release|x64
		{3162B4F2-FECA-1BAD-DD12-8A69A8383EB6}.Release|x64.Build.0 = Release|x64
		{0238280B-FECA-1BAD-DD12-8A69A8383EB6}.Debug|Win32.ActiveCfg = Debug|Win32
		{0238280B-FECA-1BAD-DD12-8A69A8383EB6}.Debug|Win32.Build.0 = Debug|Win32
		{0238280B-FECA-1BAD-DD12-8A69A8383EB6}.Debug|x64.ActiveCfg = Debug|x64
		{0238280B-FECA-1BAD-DD12-8A69A8383EB6}.Debug|x64.Build.0 = Debug|x64
		{0238280B-FECA-1BAD-DD12-8A69A8383EB6}.Release|Win32.ActiveCfg = Release|Win32
		{0238280B-FECA-1BAD-DD12-8A69A8383EB6}.Release|Win32.Build.0 = Release|Win32
		{0238280B-FECA-1BAD-DD12-8A69A8383EB6}.Release|x64.ActiveCfg = Release|x64
		{0238280B-FECA-1BAD-DD12-8A69A8383EB6}.Release|x64.Build.0 = Release|x64
		{A2383E1D-FECA-1BAD-DD12-8A69A8383EB6}.Debug|Win32.ActiveCfg = Debug|Win32
		{A2383E1D-FECA-1BAD-DD12-8A69A8383EB6}.Debug|Win32.Build.0 = Debug|Win32
		{A2383E1D-FECA-1BAD-DD12-8A69A8383EB6}.Debug|x64.ActiveCfg = Debug|x64
		{A2383E1D-FECA-1BAD-DD12-8A69A8383EB6}.Debug|x64.Build.0 = Debug|x64
		{A2383E1D-FECA-1BAD-DD12-8A69A8383EB6}.Release|Win32.ActiveCfg = Release|Win32
		{A2383E1D-FECA-1BAD-DD12-8A69A8383EB6}.Release|Win32.Build.0 = Release|Win32
		{A2383E1D-FECA-1BAD-DD12-8A69A8383EB6}.Release|x64.ActiveCfg = Release|x64
		{A2383E1D-FECA-1BAD-DD12-8A69A8383EB6}.Release|x64.Build.0 = Release|x64
		{B163D253-FECA-1BAD-DD12-8A69A8383EB6}.Debug|Win32.ActiveCfg = Debug|Win32
		{B163D253-FECA-1BAD-DD12-8A69A8383EB6}.Debug|Win32.Build.0 = Debug|Win32
		{B163D253-FECA-1BAD-DD12-8A69A8383EB6}.Debug|x64.ActiveCfg = Debug|x64
		{B163D253-FECA-1BAD-DD12-8A69A8383EB6}.Debug|x64.Build.0 = Debug|x64
		{B163D253-FECA-1BAD-DD12-8A69A8383EB6}.Release|Win32.ActiveCfg = Release|Win32
		{B163D253-FECA-1BAD-DD12-8A69A8383EB6}.Release|Win32.Build.0 = Release|Win32
		{B163D253-FECA-1BAD-DD12-8A69A8383EB6}.Release|x64.ActiveCfg = Release|x64
		{B163D253-FECA-1BAD-DD12-8A69A8383EB6}.Release|x64.Build.0 = Release|x64
		{04DD6463-FECA-1BAD-DD12-8A69A8383EB6}.Debug|Win32.ActiveCfg = Debug|Win32
		{04DD6463-FECA-1BAD-DD12-8A69A8383EB6}.Debug|Win32.Build.0 = Debug|Win32
		{04DD6463-FECA-1BAD-DD12-8A69A8383EB6}.Debug|x64.ActiveCfg = Debug|x64
		{04DD6463-FECA-1BAD-DD12-8A69A8383EB6}.Debug|x64.Build.0 = Debug|x64
		{04DD6463-FECA-1BAD-DD12-8A69A8383EB6}.Release|Win32.ActiveCfg = Release|Win32
		{04DD6463-FECA-1BAD-DD12-8A69A8383EB6}.Release|Win32.Build.0 = Release|Win32
		{04DD6463-FECA-1BAD-DD12-8A69A8383EB6}.Release|x64.ActiveCfg = Release|x64
		{04DD6463-FECA-1BAD-DD12-8A69A8383EB6}.Release|x64.Build.0 = Release|x64
		{DB82B4F3-FECA-1BAD-DD12-8A69A8383EB6}.Debug|Win32.ActiveCfg = Debug|Win32
		{DB82B4F3-FECA-1BAD-DD12-8A69A8383EB6}.Debug|Win32.Build.0 = Debug|Win32
		{DB82B4F3-FECA-1BAD-DD12-8A69A8383EB6}.Debug|x64.ActiveCfg = Debug|x64
		{DB82B4F3-FECA-1BAD-DD12-8A69A8383EB6}.Debug|x64.Build.0 = Debug|x64
		{DB82B4F3-FECA-1BAD-DD12-8A69A8383EB6}.Release|Win32.ActiveCfg = Release|Win32
		{DB82B4F3-FECA-1BAD-DD12-8A69A8383EB6}.Release|Win32.Build.0 = Release|Win32
		{DB82B4F3-FECA-1BAD-DD12-8A69A8383EB6}.Release|x64.ActiveCfg = Release|x64
		{DB82B4F3-FECA-1BAD-DD12-8A69A8383EB6}.Release|x64.Build.0 = Release|x64
		{AADD647D-FECA-1BAD-DD12-8A69A8383EB6}.Debug|Win32.ActiveCfg = Debug|Win32
		{AADD647D-FECA-1BAD-DD12-8A69A8383EB6}.Debug|Win32.Build.0 = Debug|Win32
		{AADD647D-FECA-1BAD-DD12-8A69A8383EB6}.Debug|x64.ActiveCfg = Debug|x64
		{AADD647D-FECA-1BAD-DD12-8A69A8383EB6}.Debug|x64.Build.0 = Debug|x64
		{AADD647D-FECA-1BAD-DD12-8A69A8383EB6}.Release|Win32.ActiveCfg = Release|Win32
		{AADD647D-FECA-1BAD-DD12-8A69A8383EB6}.Release|Win32.Build.0 = Release|Win32
		{AADD647D-FECA-1BAD-DD12-8A69A8383EB6}.Release|x64.ActiveCfg = Release|x64
		{AADD647D-FECA-1BAD-DD12-8A69A8383EB6}.Release|x64.Build.0 = Release|x64
		{4F357483-FECA-1BAD-DD12-8A69A8383EB6}.Debug|Win32.ActiveCfg = Debug|Win32
		{4F357483-FECA-1BAD-DD12-8A69A8383EB6}.Debug|Win32.Build.0 = Debug|Win32
		{4F357483-FECA-1BAD-DD12-8A69A8383EB6}.Debug|x64.ActiveCfg = Debug|x64
		{4F357483-FECA-1BAD-DD12-8A69A8383EB6}.Debug|x64.Build.0 = Debug|x64
		{4F357483-FECA-1BAD-DD12-8A69A8383EB6}.Release|Win32.ActiveCfg = Release|Win32
		{4F357483-FECA-1BAD-DD12-8A69A8383EB6}.Release|Win32.Build.0 = Release|Win32
		{4F357483-FECA-1BAD-DD12-8A69A8383EB6}.Release|x64.ActiveCfg = Release|x64
		{4F357483-FECA-1BAD-DD12-8A69A8383EB6}.Release|x64.Build.0 = Release|x64
		{7AA443A6-FECA-1BAD-DD12-8A69A8383EB6}.Debug|Win32.ActiveCfg = Debug|Win32
		{7AA443A6-FECA-1BAD-DD12-8A69A8383EB6}.Debug|Win32.Build.0 = Debug|Win32
		{7AA443A6-FECA-1BAD-DD12-8A69A8383EB6}.Debug|x64.ActiveCfg = Debug|x64
		{7AA443A6-FECA-1BAD-DD12-8A69A8383EB6}.Debug|x64.Build.0 = Debug|x64
		{7AA443A6-FECA-1BAD-DD12-8A69A8383EB6}.Release|Win32.ActiveCfg = Release|Win32
		{7AA443A6-FECA-1BAD-DD12-8A69A8383EB6}.Release|Win32.Build.0 = Release|Win32
		{7AA443A6-FECA-1BAD-DD12-8A69A8383EB6}.Release|x64.ActiveCfg = Release|x64
		{7AA443A6-FECA-1BAD-DD12-8A69A8383EB6}.Release|x64.Build.0 = Release|x64
		{4F4E7E51-FECA-1BAD-7EA4-8B61A9309D00}.Debug|Win32.ActiveCfg = Debug|Win32
		{4F4E7E51-FECA-1BAD-7EA4-8B61A9309D00}.Debug|Win32.Build.0 = Debug|Win32
		{4F4E7E51-FECA-1BAD-7EA4-8B61A9309D00}.Debug|x64.ActiveCfg = Debug|x64
		{4F4E7E51-FECA-1BAD-7EA4-8B61A9309D00}.Debug|x64.Build.0 = Debug|x64
		{4F4E7E51-FECA-1BAD-7EA4-8B61A9309D00}.Release|Win32.ActiveCfg = Release|Win32
		{4F4E7E51-FECA-1BAD-7EA4-8B61A9309D00}.Release|Win32.Build.0 = Release|Win32
		{4F4E7E51-FECA-1BAD-7EA4-8B61A9309D00}.Release|x64.ActiveCfg = Release|x64
		{4F4E7E51-FECA-1BAD-7EA4-8B61A9309D00}.Release|x64.Build.0 = Release|x64
		{7607E6C8-FECA-1BAD-7EA4-8B61A9309D00}.Debug|Win32.ActiveCfg = Debug|Win32
		{7607E6C8-FECA-1BAD-7EA4-8B61A9309D00}.Debug|Win32.Build.0 = Debug|Win32
		{7607E6C8-FECA-1BAD-7EA4-8B61A9309D00}.Debug|x64.ActiveCfg = Debug|x64
		{7607E6C8-FECA-1BAD-7EA4-8B61A9309D00}.Debug|x64.Build.0 = Debug|x64
		{7607E6C8-FECA-1BAD-7EA4-8B61A9309D00}.Release|Win32.ActiveCfg = Release|Win32
		{7607E6C8-FECA-1BAD-7EA4-8B61A9309D00}.Release|Win32.Build.0 = Release|Win32
		{7607E6C8-FECA-1BAD-7EA4-8B61A9309D00}.Release|x64.ActiveCfg = Release|x64
		{7607E6C8-FECA-1BAD-7EA4-8B61A9309D00}.Release|x64.Build.0 = Release|x64
	EndGlobalSection
	GlobalSection(SolutionProperties) = preSolution
		HideSolutionNode = FALSE
	EndGlobalSection
EndGlobal
