
Microsoft Visual Studio Solution File, Format Version 12.00
# Visual Studio 15
#
# This file was generated by MPC.  Any changes made directly to
# this file will be lost the next time it is generated.
#
# MPC Command:
# /home/johnny/DOC_ROOT/stage-6819/ACE_wrappers/bin/mwc.pl -type vs2017 -recurse -hierarchy -relative ACE_ROOT=/home/johnny/DOC_ROOT/stage-6819/ACE_wrappers -relative TAO_ROOT=/home/johnny/DOC_ROOT/stage-6819/ACE_wrappers/TAO -workers 8 -name_modifier "*_vs2017"
Project("{8BC9CEB8-8B4A-11D0-8D11-00A0C91BC942}") = "Current", "Current\Current_vs2017.vcxproj", "{0CE611D7-FECA-1BAD-4396-CE4611094566}"
EndProject
Project("{8BC9CEB8-8B4A-11D0-8D11-00A0C91BC942}") = "DT_Spawn", "DT_Spawn\DT_Spawn_vs2017.vcxproj", "{E9BE038F-FECA-1BAD-6618-9BC74364093F}"
EndProject
Project("{8BC9CEB8-8B4A-11D0-8D11-00A0C91BC942}") = "Scheduler_Interceptor_Client", "Scheduling_Interceptor\Scheduler_Interceptor_Client_vs2017.vcxproj", "{2E0FCA44-FECA-1BAD-9321-9443ABD7EE4C}"
	ProjectSection(ProjectDependencies) = postProject
		{81962FFE-FECA-1BAD-9321-9443ABD7EE4C} = {81962FFE-FECA-1BAD-9321-9443ABD7EE4C}
	EndProjectSection
EndProject
Project("{8BC9CEB8-8B4A-11D0-8D11-00A0C91BC942}") = "Scheduler_Interceptor_Idl", "Scheduling_Interceptor\Scheduler_Interceptor_Idl_vs2017.vcxproj", "{81962FFE-FECA-1BAD-9321-9443ABD7EE4C}"
EndProject
Project("{8BC9CEB8-8B4A-11D0-8D11-00A0C91BC942}") = "Scheduler_Interceptor_Server", "Scheduling_Interceptor\Scheduler_Interceptor_Server_vs2017.vcxproj", "{4E1F407F-FECA-1BAD-9321-9443ABD7EE4C}"
	ProjectSection(ProjectDependencies) = postProject
		{81962FFE-FECA-1BAD-9321-9443ABD7EE4C} = {81962FFE-FECA-1BAD-9321-9443ABD7EE4C}
	EndProjectSection
EndProject
Project("{8BC9CEB8-8B4A-11D0-8D11-00A0C91BC942}") = "Thread_Cancel", "Thread_Cancel\Thread_Cancel_vs2017.vcxproj", "{F91412FE-FECA-1BAD-7109-9166E9505D0D}"
EndProject
Project("{8BC9CEB8-8B4A-11D0-8D11-00A0C91BC942}") = "VoidData", "VoidData\VoidData_vs2017.vcxproj", "{083B478C-FECA-1BAD-2626-83935B304901}"
EndProject
Global
	GlobalSection(SolutionConfigurationPlatforms) = preSolution
		Debug|Win32 = Debug|Win32
		Debug|x64 = Debug|x64
		Release|Win32 = Release|Win32
		Release|x64 = Release|x64
	EndGlobalSection
	GlobalSection(ProjectConfigurationPlatforms) = postSolution
		{0CE611D7-FECA-1BAD-4396-CE4611094566}.Debug|Win32.ActiveCfg = Debug|Win32
		{0CE611D7-FECA-1BAD-4396-CE4611094566}.Debug|Win32.Build.0 = Debug|Win32
		{0CE611D7-FECA-1BAD-4396-CE4611094566}.Debug|x64.ActiveCfg = Debug|x64
		{0CE611D7-FECA-1BAD-4396-CE4611094566}.Debug|x64.Build.0 = Debug|x64
		{0CE611D7-FECA-1BAD-4396-CE4611094566}.Release|Win32.ActiveCfg = Release|Win32
		{0CE611D7-FECA-1BAD-4396-CE4611094566}.Release|Win32.Build.0 = Release|Win32
		{0CE611D7-FECA-1BAD-4396-CE4611094566}.Release|x64.ActiveCfg = Release|x64
		{0CE611D7-FECA-1BAD-4396-CE4611094566}.Release|x64.Build.0 = Release|x64
		{E9BE038F-FECA-1BAD-6618-9BC74364093F}.Debug|Win32.ActiveCfg = Debug|Win32
		{E9BE038F-FECA-1BAD-6618-9BC74364093F}.Debug|Win32.Build.0 = Debug|Win32
		{E9BE038F-FECA-1BAD-6618-9BC74364093F}.Debug|x64.ActiveCfg = Debug|x64
		{E9BE038F-FECA-1BAD-6618-9BC74364093F}.Debug|x64.Build.0 = Debug|x64
		{E9BE038F-FECA-1BAD-6618-9BC74364093F}.Release|Win32.ActiveCfg = Release|Win32
		{E9BE038F-FECA-1BAD-6618-9BC74364093F}.Release|Win32.Build.0 = Release|Win32
		{E9BE038F-FECA-1BAD-6618-9BC74364093F}.Release|x64.ActiveCfg = Release|x64
		{E9BE038F-FECA-1BAD-6618-9BC74364093F}.Release|x64.Build.0 = Release|x64
		{2E0FCA44-FECA-1BAD-9321-9443ABD7EE4C}.Debug|Win32.ActiveCfg = Debug|Win32
		{2E0FCA44-FECA-1BAD-9321-9443ABD7EE4C}.Debug|Win32.Build.0 = Debug|Win32
		{2E0FCA44-FECA-1BAD-9321-9443ABD7EE4C}.Debug|x64.ActiveCfg = Debug|x64
		{2E0FCA44-FECA-1BAD-9321-9443ABD7EE4C}.Debug|x64.Build.0 = Debug|x64
		{2E0FCA44-FECA-1BAD-9321-9443ABD7EE4C}.Release|Win32.ActiveCfg = Release|Win32
		{2E0FCA44-FECA-1BAD-9321-9443ABD7EE4C}.Release|Win32.Build.0 = Release|Win32
		{2E0FCA44-FECA-1BAD-9321-9443ABD7EE4C}.Release|x64.ActiveCfg = Release|x64
		{2E0FCA44-FECA-1BAD-9321-9443ABD7EE4C}.Release|x64.Build.0 = Release|x64
		{81962FFE-FECA-1BAD-9321-9443ABD7EE4C}.Debug|Win32.ActiveCfg = Debug|Win32
		{81962FFE-FECA-1BAD-9321-9443ABD7EE4C}.Debug|Win32.Build.0 = Debug|Win32
		{81962FFE-FECA-1BAD-9321-9443ABD7EE4C}.Debug|x64.ActiveCfg = Debug|x64
		{81962FFE-FECA-1BAD-9321-9443ABD7EE4C}.Debug|x64.Build.0 = Debug|x64
		{81962FFE-FECA-1BAD-9321-9443ABD7EE4C}.Release|Win32.ActiveCfg = Release|Win32
		{81962FFE-FECA-1BAD-9321-9443ABD7EE4C}.Release|Win32.Build.0 = Release|Win32
		{81962FFE-FECA-1BAD-9321-9443ABD7EE4C}.Release|x64.ActiveCfg = Release|x64
		{81962FFE-FECA-1BAD-9321-9443ABD7EE4C}.Release|x64.Build.0 = Release|x64
		{4E1F407F-FECA-1BAD-9321-9443ABD7EE4C}.Debug|Win32.ActiveCfg = Debug|Win32
		{4E1F407F-FECA-1BAD-9321-9443ABD7EE4C}.Debug|Win32.Build.0 = Debug|Win32
		{4E1F407F-FECA-1BAD-9321-9443ABD7EE4C}.Debug|x64.ActiveCfg = Debug|x64
		{4E1F407F-FECA-1BAD-9321-9443ABD7EE4C}.Debug|x64.Build.0 = Debug|x64
		{4E1F407F-FECA-1BAD-9321-9443ABD7EE4C}.Release|Win32.ActiveCfg = Release|Win32
		{4E1F407F-FECA-1BAD-9321-9443ABD7EE4C}.Release|Win32.Build.0 = Release|Win32
		{4E1F407F-FECA-1BAD-9321-9443ABD7EE4C}.Release|x64.ActiveCfg = Release|x64
		{4E1F407F-FECA-1BAD-9321-9443ABD7EE4C}.Release|x64.Build.0 = Release|x64
		{F91412FE-FECA-1BAD-7109-9166E9505D0D}.Debug|Win32.ActiveCfg = Debug|Win32
		{F91412FE-FECA-1BAD-7109-9166E9505D0D}.Debug|Win32.Build.0 = Debug|Win32
		{F91412FE-FECA-1BAD-7109-9166E9505D0D}.Debug|x64.ActiveCfg = Debug|x64
		{F91412FE-FECA-1BAD-7109-9166E9505D0D}.Debug|x64.Build.0 = Debug|x64
		{F91412FE-FECA-1BAD-7109-9166E9505D0D}.Release|Win32.ActiveCfg = Release|Win32
		{F91412FE-FECA-1BAD-7109-9166E9505D0D}.Release|Win32.Build.0 = Release|Win32
		{F91412FE-FECA-1BAD-7109-9166E9505D0D}.Release|x64.ActiveCfg = Release|x64
		{F91412FE-FECA-1BAD-7109-9166E9505D0D}.Release|x64.Build.0 = Release|x64
		{083B478C-FECA-1BAD-2626-83935B304901}.Debug|Win32.ActiveCfg = Debug|Win32
		{083B478C-FECA-1BAD-2626-83935B304901}.Debug|Win32.Build.0 = Debug|Win32
		{083B478C-FECA-1BAD-2626-83935B304901}.Debug|x64.ActiveCfg = Debug|x64
		{083B478C-FECA-1BAD-2626-83935B304901}.Debug|x64.Build.0 = Debug|x64
		{083B478C-FECA-1BAD-2626-83935B304901}.Release|Win32.ActiveCfg = Release|Win32
		{083B478C-FECA-1BAD-2626-83935B304901}.Release|Win32.Build.0 = Release|Win32
		{083B478C-FECA-1BAD-2626-83935B304901}.Release|x64.ActiveCfg = Release|x64
		{083B478C-FECA-1BAD-2626-83935B304901}.Release|x64.Build.0 = Release|x64
	EndGlobalSection
	GlobalSection(SolutionProperties) = preSolution
		HideSolutionNode = FALSE
	EndGlobalSection
EndGlobal
