
Microsoft Visual Studio Solution File, Format Version 12.00
# Visual Studio 15
#
# This file was generated by MPC.  Any changes made directly to
# this file will be lost the next time it is generated.
#
# MPC Command:
# /home/johnny/DOC_ROOT/stage-6819/ACE_wrappers/bin/mwc.pl -type vs2017 -recurse -hierarchy -relative ACE_ROOT=/home/johnny/DOC_ROOT/stage-6819/ACE_wrappers -relative TAO_ROOT=/home/johnny/DOC_ROOT/stage-6819/ACE_wrappers/TAO -workers 8 -name_modifier "*_vs2017"
Project("{8BC9CEB8-8B4A-11D0-8D11-00A0C91BC942}") = "Tao__Timeout_Idl", "Tao__Timeout_Idl_vs2017.vcxproj", "{695CF433-FECA-1BAD-3826-D898B8B2B12D}"
EndProject
Project("{8BC9CEB8-8B4A-11D0-8D11-00A0C91BC942}") = "Timeout_Consumer", "Timeout_Consumer_vs2017.vcxproj", "{8FC63E7D-FECA-1BAD-3826-D898B8B2B12D}"
	ProjectSection(ProjectDependencies) = postProject
		{695CF433-FECA-1BAD-3826-D898B8B2B12D} = {695CF433-FECA-1BAD-3826-D898B8B2B12D}
	EndProjectSection
EndProject
Project("{8BC9CEB8-8B4A-11D0-8D11-00A0C91BC942}") = "Timeout_Supplier", "Timeout_Supplier_vs2017.vcxproj", "{9E78173D-FECA-1BAD-3826-D898B8B2B12D}"
	ProjectSection(ProjectDependencies) = postProject
		{695CF433-FECA-1BAD-3826-D898B8B2B12D} = {695CF433-FECA-1BAD-3826-D898B8B2B12D}
	EndProjectSection
EndProject
Global
	GlobalSection(SolutionConfigurationPlatforms) = preSolution
		Debug|Win32 = Debug|Win32
		Debug|x64 = Debug|x64
		Release|Win32 = Release|Win32
		Release|x64 = Release|x64
	EndGlobalSection
	GlobalSection(ProjectConfigurationPlatforms) = postSolution
		{695CF433-FECA-1BAD-3826-D898B8B2B12D}.Debug|Win32.ActiveCfg = Debug|Win32
		{695CF433-FECA-1BAD-3826-D898B8B2B12D}.Debug|Win32.Build.0 = Debug|Win32
		{695CF433-FECA-1BAD-3826-D898B8B2B12D}.Debug|x64.ActiveCfg = Debug|x64
		{695CF433-FECA-1BAD-3826-D898B8B2B12D}.Debug|x64.Build.0 = Debug|x64
		{695CF433-FECA-1BAD-3826-D898B8B2B12D}.Release|Win32.ActiveCfg = Release|Win32
		{695CF433-FECA-1BAD-3826-D898B8B2B12D}.Release|Win32.Build.0 = Release|Win32
		{695CF433-FECA-1BAD-3826-D898B8B2B12D}.Release|x64.ActiveCfg = Release|x64
		{695CF433-FECA-1BAD-3826-D898B8B2B12D}.Release|x64.Build.0 = Release|x64
		{8FC63E7D-FECA-1BAD-3826-D898B8B2B12D}.Debug|Win32.ActiveCfg = Debug|Win32
		{8FC63E7D-FECA-1BAD-3826-D898B8B2B12D}.Debug|Win32.Build.0 = Debug|Win32
		{8FC63E7D-FECA-1BAD-3826-D898B8B2B12D}.Debug|x64.ActiveCfg = Debug|x64
		{8FC63E7D-FECA-1BAD-3826-D898B8B2B12D}.Debug|x64.Build.0 = Debug|x64
		{8FC63E7D-FECA-1BAD-3826-D898B8B2B12D}.Release|Win32.ActiveCfg = Release|Win32
		{8FC63E7D-FECA-1BAD-3826-D898B8B2B12D}.Release|Win32.Build.0 = Release|Win32
		{8FC63E7D-FECA-1BAD-3826-D898B8B2B12D}.Release|x64.ActiveCfg = Release|x64
		{8FC63E7D-FECA-1BAD-3826-D898B8B2B12D}.Release|x64.Build.0 = Release|x64
		{9E78173D-FECA-1BAD-3826-D898B8B2B12D}.Debug|Win32.ActiveCfg = Debug|Win32
		{9E78173D-FECA-1BAD-3826-D898B8B2B12D}.Debug|Win32.Build.0 = Debug|Win32
		{9E78173D-FECA-1BAD-3826-D898B8B2B12D}.Debug|x64.ActiveCfg = Debug|x64
		{9E78173D-FECA-1BAD-3826-D898B8B2B12D}.Debug|x64.Build.0 = Debug|x64
		{9E78173D-FECA-1BAD-3826-D898B8B2B12D}.Release|Win32.ActiveCfg = Release|Win32
		{9E78173D-FECA-1BAD-3826-D898B8B2B12D}.Release|Win32.Build.0 = Release|Win32
		{9E78173D-FECA-1BAD-3826-D898B8B2B12D}.Release|x64.ActiveCfg = Release|x64
		{9E78173D-FECA-1BAD-3826-D898B8B2B12D}.Release|x64.Build.0 = Release|x64
	EndGlobalSection
	GlobalSection(SolutionProperties) = preSolution
		HideSolutionNode = FALSE
	EndGlobalSection
EndGlobal
