
Microsoft Visual Studio Solution File, Format Version 12.00
# Visual Studio 15
#
# This file was generated by MPC.  Any changes made directly to
# this file will be lost the next time it is generated.
#
# MPC Command:
# /home/johnny/DOC_ROOT/stage-6819/ACE_wrappers/bin/mwc.pl -type vs2017 -recurse -hierarchy -relative ACE_ROOT=/home/johnny/DOC_ROOT/stage-6819/ACE_wrappers -relative TAO_ROOT=/home/johnny/DOC_ROOT/stage-6819/ACE_wrappers/TAO -workers 8 -name_modifier "*_vs2017"
Project("{8BC9CEB8-8B4A-11D0-8D11-00A0C91BC942}") = "Bug_3552_Regression_CDRTest", "Bug_3552_Regression_CDRTest_vs2017.vcxproj", "{AF9111C4-FECA-1BAD-60ED-4E21E023CD6D}"
	ProjectSection(ProjectDependencies) = postProject
		{AEAAE27A-FECA-1BAD-60ED-4E21E023CD6D} = {AEAAE27A-FECA-1BAD-60ED-4E21E023CD6D}
	EndProjectSection
EndProject
Project("{8BC9CEB8-8B4A-11D0-8D11-00A0C91BC942}") = "Bug_3552_Regression_IDL", "Bug_3552_Regression_IDL_vs2017.vcxproj", "{AEAAE27A-FECA-1BAD-60ED-4E21E023CD6D}"
EndProject
Global
	GlobalSection(SolutionConfigurationPlatforms) = preSolution
		Debug|Win32 = Debug|Win32
		Debug|x64 = Debug|x64
		Release|Win32 = Release|Win32
		Release|x64 = Release|x64
	EndGlobalSection
	GlobalSection(ProjectConfigurationPlatforms) = postSolution
		{AF9111C4-FECA-1BAD-60ED-4E21E023CD6D}.Debug|Win32.ActiveCfg = Debug|Win32
		{AF9111C4-FECA-1BAD-60ED-4E21E023CD6D}.Debug|Win32.Build.0 = Debug|Win32
		{AF9111C4-FECA-1BAD-60ED-4E21E023CD6D}.Debug|x64.ActiveCfg = Debug|x64
		{AF9111C4-FECA-1BAD-60ED-4E21E023CD6D}.Debug|x64.Build.0 = Debug|x64
		{AF9111C4-FECA-1BAD-60ED-4E21E023CD6D}.Release|Win32.ActiveCfg = Release|Win32
		{AF9111C4-FECA-1BAD-60ED-4E21E023CD6D}.Release|Win32.Build.0 = Release|Win32
		{AF9111C4-FECA-1BAD-60ED-4E21E023CD6D}.Release|x64.ActiveCfg = Release|x64
		{AF9111C4-FECA-1BAD-60ED-4E21E023CD6D}.Release|x64.Build.0 = Release|x64
		{AEAAE27A-FECA-1BAD-60ED-4E21E023CD6D}.Debug|Win32.ActiveCfg = Debug|Win32
		{AEAAE27A-FECA-1BAD-60ED-4E21E023CD6D}.Debug|Win32.Build.0 = Debug|Win32
		{AEAAE27A-FECA-1BAD-60ED-4E21E023CD6D}.Debug|x64.ActiveCfg = Debug|x64
		{AEAAE27A-FECA-1BAD-60ED-4E21E023CD6D}.Debug|x64.Build.0 = Debug|x64
		{AEAAE27A-FECA-1BAD-60ED-4E21E023CD6D}.Release|Win32.ActiveCfg = Release|Win32
		{AEAAE27A-FECA-1BAD-60ED-4E21E023CD6D}.Release|Win32.Build.0 = Release|Win32
		{AEAAE27A-FECA-1BAD-60ED-4E21E023CD6D}.Release|x64.ActiveCfg = Release|x64
		{AEAAE27A-FECA-1BAD-60ED-4E21E023CD6D}.Release|x64.Build.0 = Release|x64
	EndGlobalSection
	GlobalSection(SolutionProperties) = preSolution
		HideSolutionNode = FALSE
	EndGlobalSection
EndGlobal
