
Microsoft Visual Studio Solution File, Format Version 12.00
# Visual Studio 15
#
# This file was generated by MPC.  Any changes made directly to
# this file will be lost the next time it is generated.
#
# MPC Command:
# /home/johnny/DOC_ROOT/stage-6819/ACE_wrappers/bin/mwc.pl -type vs2017 -recurse -hierarchy -relative ACE_ROOT=/home/johnny/DOC_ROOT/stage-6819/ACE_wrappers -relative TAO_ROOT=/home/johnny/DOC_ROOT/stage-6819/ACE_wrappers/TAO -workers 8 -name_modifier "*_vs2017"
Project("{8BC9CEB8-8B4A-11D0-8D11-00A0C91BC942}") = "Auth_Client", "Auth\Auth_Client_vs2017.vcxproj", "{2511EEB5-FECA-1BAD-622A-8A67CD48A1EF}"
	ProjectSection(ProjectDependencies) = postProject
		{CE869E1C-FECA-1BAD-622A-8A67CD48A1EF} = {CE869E1C-FECA-1BAD-622A-8A67CD48A1EF}
	EndProjectSection
EndProject
Project("{8BC9CEB8-8B4A-11D0-8D11-00A0C91BC942}") = "Auth_Idl", "Auth\Auth_Idl_vs2017.vcxproj", "{CE869E1C-FECA-1BAD-622A-8A67CD48A1EF}"
EndProject
Project("{8BC9CEB8-8B4A-11D0-8D11-00A0C91BC942}") = "Auth_Server", "Auth\Auth_Server_vs2017.vcxproj", "{4501648E-FECA-1BAD-622A-8A67CD48A1EF}"
	ProjectSection(ProjectDependencies) = postProject
		{CE869E1C-FECA-1BAD-622A-8A67CD48A1EF} = {CE869E1C-FECA-1BAD-622A-8A67CD48A1EF}
	EndProjectSection
EndProject
Project("{8BC9CEB8-8B4A-11D0-8D11-00A0C91BC942}") = "IOR_Client", "IOR\IOR_Client_vs2017.vcxproj", "{AF11EA9A-FECA-1BAD-4DA0-8A637CD4819E}"
	ProjectSection(ProjectDependencies) = postProject
		{8C7E3E1C-FECA-1BAD-4DA0-8A637CD4819E} = {8C7E3E1C-FECA-1BAD-4DA0-8A637CD4819E}
	EndProjectSection
EndProject
Project("{8BC9CEB8-8B4A-11D0-8D11-00A0C91BC942}") = "IOR_Idl", "IOR\IOR_Idl_vs2017.vcxproj", "{8C7E3E1C-FECA-1BAD-4DA0-8A637CD4819E}"
EndProject
Project("{8BC9CEB8-8B4A-11D0-8D11-00A0C91BC942}") = "IOR_Server", "IOR\IOR_Server_vs2017.vcxproj", "{CF0160A1-FECA-1BAD-4DA0-8A637CD4819E}"
	ProjectSection(ProjectDependencies) = postProject
		{8C7E3E1C-FECA-1BAD-4DA0-8A637CD4819E} = {8C7E3E1C-FECA-1BAD-4DA0-8A637CD4819E}
	EndProjectSection
EndProject
Project("{8BC9CEB8-8B4A-11D0-8D11-00A0C91BC942}") = "PICurrent_Client", "PICurrent\PICurrent_Client_vs2017.vcxproj", "{CDC5CF94-FECA-1BAD-43C2-5E46E859970C}"
	ProjectSection(ProjectDependencies) = postProject
		{DC98135E-FECA-1BAD-43C2-5E46E859970C} = {DC98135E-FECA-1BAD-43C2-5E46E859970C}
	EndProjectSection
EndProject
Project("{8BC9CEB8-8B4A-11D0-8D11-00A0C91BC942}") = "PICurrent_Idl", "PICurrent\PICurrent_Idl_vs2017.vcxproj", "{DC98135E-FECA-1BAD-43C2-5E46E859970C}"
EndProject
Project("{8BC9CEB8-8B4A-11D0-8D11-00A0C91BC942}") = "PICurrent_Server", "PICurrent\PICurrent_Server_vs2017.vcxproj", "{ADD545AF-FECA-1BAD-43C2-5E46E859970C}"
	ProjectSection(ProjectDependencies) = postProject
		{DC98135E-FECA-1BAD-43C2-5E46E859970C} = {DC98135E-FECA-1BAD-43C2-5E46E859970C}
	EndProjectSection
EndProject
Project("{8BC9CEB8-8B4A-11D0-8D11-00A0C91BC942}") = "SimpleCode_Client", "SimpleCodec\SimpleCode_Client_vs2017.vcxproj", "{77B74B8B-FECA-1BAD-5C78-2CC216C10BF5}"
	ProjectSection(ProjectDependencies) = postProject
		{9D63B476-FECA-1BAD-5C78-2CC216C10BF5} = {9D63B476-FECA-1BAD-5C78-2CC216C10BF5}
	EndProjectSection
EndProject
Project("{8BC9CEB8-8B4A-11D0-8D11-00A0C91BC942}") = "SimpleCode_Idl", "SimpleCodec\SimpleCode_Idl_vs2017.vcxproj", "{9D63B476-FECA-1BAD-5C78-2CC216C10BF5}"
EndProject
Project("{8BC9CEB8-8B4A-11D0-8D11-00A0C91BC942}") = "SimpleCode_Server", "SimpleCodec\SimpleCode_Server_vs2017.vcxproj", "{17A7C1B0-FECA-1BAD-5C78-2CC216C10BF5}"
	ProjectSection(ProjectDependencies) = postProject
		{9D63B476-FECA-1BAD-5C78-2CC216C10BF5} = {9D63B476-FECA-1BAD-5C78-2CC216C10BF5}
	EndProjectSection
EndProject
Global
	GlobalSection(SolutionConfigurationPlatforms) = preSolution
		Debug|Win32 = Debug|Win32
		Debug|x64 = Debug|x64
		Release|Win32 = Release|Win32
		Release|x64 = Release|x64
	EndGlobalSection
	GlobalSection(ProjectConfigurationPlatforms) = postSolution
		{2511EEB5-FECA-1BAD-622A-8A67CD48A1EF}.Debug|Win32.ActiveCfg = Debug|Win32
		{2511EEB5-FECA-1BAD-622A-8A67CD48A1EF}.Debug|Win32.Build.0 = Debug|Win32
		{2511EEB5-FECA-1BAD-622A-8A67CD48A1EF}.Debug|x64.ActiveCfg = Debug|x64
		{2511EEB5-FECA-1BAD-622A-8A67CD48A1EF}.Debug|x64.Build.0 = Debug|x64
		{2511EEB5-FECA-1BAD-622A-8A67CD48A1EF}.Release|Win32.ActiveCfg = Release|Win32
		{2511EEB5-FECA-1BAD-622A-8A67CD48A1EF}.Release|Win32.Build.0 = Release|Win32
		{2511EEB5-FECA-1BAD-622A-8A67CD48A1EF}.Release|x64.ActiveCfg = Release|x64
		{2511EEB5-FECA-1BAD-622A-8A67CD48A1EF}.Release|x64.Build.0 = Release|x64
		{CE869E1C-FECA-1BAD-622A-8A67CD48A1EF}.Debug|Win32.ActiveCfg = Debug|Win32
		{CE869E1C-FECA-1BAD-622A-8A67CD48A1EF}.Debug|Win32.Build.0 = Debug|Win32
		{CE869E1C-FECA-1BAD-622A-8A67CD48A1EF}.Debug|x64.ActiveCfg = Debug|x64
		{CE869E1C-FECA-1BAD-622A-8A67CD48A1EF}.Debug|x64.Build.0 = Debug|x64
		{CE869E1C-FECA-1BAD-622A-8A67CD48A1EF}.Release|Win32.ActiveCfg = Release|Win32
		{CE869E1C-FECA-1BAD-622A-8A67CD48A1EF}.Release|Win32.Build.0 = Release|Win32
		{CE869E1C-FECA-1BAD-622A-8A67CD48A1EF}.Release|x64.ActiveCfg = Release|x64
		{CE869E1C-FECA-1BAD-622A-8A67CD48A1EF}.Release|x64.Build.0 = Release|x64
		{4501648E-FECA-1BAD-622A-8A67CD48A1EF}.Debug|Win32.ActiveCfg = Debug|Win32
		{4501648E-FECA-1BAD-622A-8A67CD48A1EF}.Debug|Win32.Build.0 = Debug|Win32
		{4501648E-FECA-1BAD-622A-8A67CD48A1EF}.Debug|x64.ActiveCfg = Debug|x64
		{4501648E-FECA-1BAD-622A-8A67CD48A1EF}.Debug|x64.Build.0 = Debug|x64
		{4501648E-FECA-1BAD-622A-8A67CD48A1EF}.Release|Win32.ActiveCfg = Release|Win32
		{4501648E-FECA-1BAD-622A-8A67CD48A1EF}.Release|Win32.Build.0 = Release|Win32
		{4501648E-FECA-1BAD-622A-8A67CD48A1EF}.Release|x64.ActiveCfg = Release|x64
		{4501648E-FECA-1BAD-622A-8A67CD48A1EF}.Release|x64.Build.0 = Release|x64
		{AF11EA9A-FECA-1BAD-4DA0-8A637CD4819E}.Debug|Win32.ActiveCfg = Debug|Win32
		{AF11EA9A-FECA-1BAD-4DA0-8A637CD4819E}.Debug|Win32.Build.0 = Debug|Win32
		{AF11EA9A-FECA-1BAD-4DA0-8A637CD4819E}.Debug|x64.ActiveCfg = Debug|x64
		{AF11EA9A-FECA-1BAD-4DA0-8A637CD4819E}.Debug|x64.Build.0 = Debug|x64
		{AF11EA9A-FECA-1BAD-4DA0-8A637CD4819E}.Release|Win32.ActiveCfg = Release|Win32
		{AF11EA9A-FECA-1BAD-4DA0-8A637CD4819E}.Release|Win32.Build.0 = Release|Win32
		{AF11EA9A-FECA-1BAD-4DA0-8A637CD4819E}.Release|x64.ActiveCfg = Release|x64
		{AF11EA9A-FECA-1BAD-4DA0-8A637CD4819E}.Release|x64.Build.0 = Release|x64
		{8C7E3E1C-FECA-1BAD-4DA0-8A637CD4819E}.Debug|Win32.ActiveCfg = Debug|Win32
		{8C7E3E1C-FECA-1BAD-4DA0-8A637CD4819E}.Debug|Win32.Build.0 = Debug|Win32
		{8C7E3E1C-FECA-1BAD-4DA0-8A637CD4819E}.Debug|x64.ActiveCfg = Debug|x64
		{8C7E3E1C-FECA-1BAD-4DA0-8A637CD4819E}.Debug|x64.Build.0 = Debug|x64
		{8C7E3E1C-FECA-1BAD-4DA0-8A637CD4819E}.Release|Win32.ActiveCfg = Release|Win32
		{8C7E3E1C-FECA-1BAD-4DA0-8A637CD4819E}.Release|Win32.Build.0 = Release|Win32
		{8C7E3E1C-FECA-1BAD-4DA0-8A637CD4819E}.Release|x64.ActiveCfg = Release|x64
		{8C7E3E1C-FECA-1BAD-4DA0-8A637CD4819E}.Release|x64.Build.0 = Release|x64
		{CF0160A1-FECA-1BAD-4DA0-8A637CD4819E}.Debug|Win32.ActiveCfg = Debug|Win32
		{CF0160A1-FECA-1BAD-4DA0-8A637CD4819E}.Debug|Win32.Build.0 = Debug|Win32
		{CF0160A1-FECA-1BAD-4DA0-8A637CD4819E}.Debug|x64.ActiveCfg = Debug|x64
		{CF0160A1-FECA-1BAD-4DA0-8A637CD4819E}.Debug|x64.Build.0 = Debug|x64
		{CF0160A1-FECA-1BAD-4DA0-8A637CD4819E}.Release|Win32.ActiveCfg = Release|Win32
		{CF0160A1-FECA-1BAD-4DA0-8A637CD4819E}.Release|Win32.Build.0 = Release|Win32
		{CF0160A1-FECA-1BAD-4DA0-8A637CD4819E}.Release|x64.ActiveCfg = Release|x64
		{CF0160A1-FECA-1BAD-4DA0-8A637CD4819E}.Release|x64.Build.0 = Release|x64
		{CDC5CF94-FECA-1BAD-43C2-5E46E859970C}.Debug|Win32.ActiveCfg = Debug|Win32
		{CDC5CF94-FECA-1BAD-43C2-5E46E859970C}.Debug|Win32.Build.0 = Debug|Win32
		{CDC5CF94-FECA-1BAD-43C2-5E46E859970C}.Debug|x64.ActiveCfg = Debug|x64
		{CDC5CF94-FECA-1BAD-43C2-5E46E859970C}.Debug|x64.Build.0 = Debug|x64
		{CDC5CF94-FECA-1BAD-43C2-5E46E859970C}.Release|Win32.ActiveCfg = Release|Win32
		{CDC5CF94-FECA-1BAD-43C2-5E46E859970C}.Release|Win32.Build.0 = Release|Win32
		{CDC5CF94-FECA-1BAD-43C2-5E46E859970C}.Release|x64.ActiveCfg = Release|x64
		{CDC5CF94-FECA-1BAD-43C2-5E46E859970C}.Release|x64.Build.0 = Release|x64
		{DC98135E-FECA-1BAD-43C2-5E46E859970C}.Debug|Win32.ActiveCfg = Debug|Win32
		{DC98135E-FECA-1BAD-43C2-5E46E859970C}.Debug|Win32.Build.0 = Debug|Win32
		{DC98135E-FECA-1BAD-43C2-5E46E859970C}.Debug|x64.ActiveCfg = Debug|x64
		{DC98135E-FECA-1BAD-43C2-5E46E859970C}.Debug|x64.Build.0 = Debug|x64
		{DC98135E-FECA-1BAD-43C2-5E46E859970C}.Release|Win32.ActiveCfg = Release|Win32
		{DC98135E-FECA-1BAD-43C2-5E46E859970C}.Release|Win32.Build.0 = Release|Win32
		{DC98135E-FECA-1BAD-43C2-5E46E859970C}.Release|x64.ActiveCfg = Release|x64
		{DC98135E-FECA-1BAD-43C2-5E46E859970C}.Release|x64.Build.0 = Release|x64
		{ADD545AF-FECA-1BAD-43C2-5E46E859970C}.Debug|Win32.ActiveCfg = Debug|Win32
		{ADD545AF-FECA-1BAD-43C2-5E46E859970C}.Debug|Win32.Build.0 = Debug|Win32
		{ADD545AF-FECA-1BAD-43C2-5E46E859970C}.Debug|x64.ActiveCfg = Debug|x64
		{ADD545AF-FECA-1BAD-43C2-5E46E859970C}.Debug|x64.Build.0 = Debug|x64
		{ADD545AF-FECA-1BAD-43C2-5E46E859970C}.Release|Win32.ActiveCfg = Release|Win32
		{ADD545AF-FECA-1BAD-43C2-5E46E859970C}.Release|Win32.Build.0 = Release|Win32
		{ADD545AF-FECA-1BAD-43C2-5E46E859970C}.Release|x64.ActiveCfg = Release|x64
		{ADD545AF-FECA-1BAD-43C2-5E46E859970C}.Release|x64.Build.0 = Release|x64
		{77B74B8B-FECA-1BAD-5C78-2CC216C10BF5}.Debug|Win32.ActiveCfg = Debug|Win32
		{77B74B8B-FECA-1BAD-5C78-2CC216C10BF5}.Debug|Win32.Build.0 = Debug|Win32
		{77B74B8B-FECA-1BAD-5C78-2CC216C10BF5}.Debug|x64.ActiveCfg = Debug|x64
		{77B74B8B-FECA-1BAD-5C78-2CC216C10BF5}.Debug|x64.Build.0 = Debug|x64
		{77B74B8B-FECA-1BAD-5C78-2CC216C10BF5}.Release|Win32.ActiveCfg = Release|Win32
		{77B74B8B-FECA-1BAD-5C78-2CC216C10BF5}.Release|Win32.Build.0 = Release|Win32
		{77B74B8B-FECA-1BAD-5C78-2CC216C10BF5}.Release|x64.ActiveCfg = Release|x64
		{77B74B8B-FECA-1BAD-5C78-2CC216C10BF5}.Release|x64.Build.0 = Release|x64
		{9D63B476-FECA-1BAD-5C78-2CC216C10BF5}.Debug|Win32.ActiveCfg = Debug|Win32
		{9D63B476-FECA-1BAD-5C78-2CC216C10BF5}.Debug|Win32.Build.0 = Debug|Win32
		{9D63B476-FECA-1BAD-5C78-2CC216C10BF5}.Debug|x64.ActiveCfg = Debug|x64
		{9D63B476-FECA-1BAD-5C78-2CC216C10BF5}.Debug|x64.Build.0 = Debug|x64
		{9D63B476-FECA-1BAD-5C78-2CC216C10BF5}.Release|Win32.ActiveCfg = Release|Win32
		{9D63B476-FECA-1BAD-5C78-2CC216C10BF5}.Release|Win32.Build.0 = Release|Win32
		{9D63B476-FECA-1BAD-5C78-2CC216C10BF5}.Release|x64.ActiveCfg = Release|x64
		{9D63B476-FECA-1BAD-5C78-2CC216C10BF5}.Release|x64.Build.0 = Release|x64
		{17A7C1B0-FECA-1BAD-5C78-2CC216C10BF5}.Debug|Win32.ActiveCfg = Debug|Win32
		{17A7C1B0-FECA-1BAD-5C78-2CC216C10BF5}.Debug|Win32.Build.0 = Debug|Win32
		{17A7C1B0-FECA-1BAD-5C78-2CC216C10BF5}.Debug|x64.ActiveCfg = Debug|x64
		{17A7C1B0-FECA-1BAD-5C78-2CC216C10BF5}.Debug|x64.Build.0 = Debug|x64
		{17A7C1B0-FECA-1BAD-5C78-2CC216C10BF5}.Release|Win32.ActiveCfg = Release|Win32
		{17A7C1B0-FECA-1BAD-5C78-2CC216C10BF5}.Release|Win32.Build.0 = Release|Win32
		{17A7C1B0-FECA-1BAD-5C78-2CC216C10BF5}.Release|x64.ActiveCfg = Release|x64
		{17A7C1B0-FECA-1BAD-5C78-2CC216C10BF5}.Release|x64.Build.0 = Release|x64
	EndGlobalSection
	GlobalSection(SolutionProperties) = preSolution
		HideSolutionNode = FALSE
	EndGlobalSection
EndGlobal
