
Microsoft Visual Studio Solution File, Format Version 12.00
# Visual Studio 15
#
# This file was generated by MPC.  Any changes made directly to
# this file will be lost the next time it is generated.
#
# MPC Command:
# /home/johnny/DOC_ROOT/stage-6819/ACE_wrappers/bin/mwc.pl -type vs2017 -recurse -hierarchy -relative ACE_ROOT=/home/johnny/DOC_ROOT/stage-6819/ACE_wrappers -relative TAO_ROOT=/home/johnny/DOC_ROOT/stage-6819/ACE_wrappers/TAO -workers 8 -name_modifier "*_vs2017"
Project("{8BC9CEB8-8B4A-11D0-8D11-00A0C91BC942}") = "Param_Test_Anyop", "Param_Test_Anyop_vs2017.vcxproj", "{3ADB44B4-FECA-1BAD-2720-CDE965CC3DFA}"
	ProjectSection(ProjectDependencies) = postProject
		{2AD63A64-FECA-1BAD-2720-CDE965CC3DFA} = {2AD63A64-FECA-1BAD-2720-CDE965CC3DFA}
	EndProjectSection
EndProject
Project("{8BC9CEB8-8B4A-11D0-8D11-00A0C91BC942}") = "Param_Test_Client", "Param_Test_Client_vs2017.vcxproj", "{2F5660F0-FECA-1BAD-2720-CDE965CC3DFA}"
	ProjectSection(ProjectDependencies) = postProject
		{2AD63A64-FECA-1BAD-2720-CDE965CC3DFA} = {2AD63A64-FECA-1BAD-2720-CDE965CC3DFA}
	EndProjectSection
EndProject
Project("{8BC9CEB8-8B4A-11D0-8D11-00A0C91BC942}") = "Param_Test_Idl", "Param_Test_Idl_vs2017.vcxproj", "{2AD63A64-FECA-1BAD-2720-CDE965CC3DFA}"
EndProject
Project("{8BC9CEB8-8B4A-11D0-8D11-00A0C91BC942}") = "Param_Test_Server", "Param_Test_Server_vs2017.vcxproj", "{4F46EACB-FECA-1BAD-2720-CDE965CC3DFA}"
	ProjectSection(ProjectDependencies) = postProject
		{2AD63A64-FECA-1BAD-2720-CDE965CC3DFA} = {2AD63A64-FECA-1BAD-2720-CDE965CC3DFA}
	EndProjectSection
EndProject
Global
	GlobalSection(SolutionConfigurationPlatforms) = preSolution
		Debug|Win32 = Debug|Win32
		Debug|x64 = Debug|x64
		Release|Win32 = Release|Win32
		Release|x64 = Release|x64
	EndGlobalSection
	GlobalSection(ProjectConfigurationPlatforms) = postSolution
		{3ADB44B4-FECA-1BAD-2720-CDE965CC3DFA}.Debug|Win32.ActiveCfg = Debug|Win32
		{3ADB44B4-FECA-1BAD-2720-CDE965CC3DFA}.Debug|Win32.Build.0 = Debug|Win32
		{3ADB44B4-FECA-1BAD-2720-CDE965CC3DFA}.Debug|x64.ActiveCfg = Debug|x64
		{3ADB44B4-FECA-1BAD-2720-CDE965CC3DFA}.Debug|x64.Build.0 = Debug|x64
		{3ADB44B4-FECA-1BAD-2720-CDE965CC3DFA}.Release|Win32.ActiveCfg = Release|Win32
		{3ADB44B4-FECA-1BAD-2720-CDE965CC3DFA}.Release|Win32.Build.0 = Release|Win32
		{3ADB44B4-FECA-1BAD-2720-CDE965CC3DFA}.Release|x64.ActiveCfg = Release|x64
		{3ADB44B4-FECA-1BAD-2720-CDE965CC3DFA}.Release|x64.Build.0 = Release|x64
		{2F5660F0-FECA-1BAD-2720-CDE965CC3DFA}.Debug|Win32.ActiveCfg = Debug|Win32
		{2F5660F0-FECA-1BAD-2720-CDE965CC3DFA}.Debug|Win32.Build.0 = Debug|Win32
		{2F5660F0-FECA-1BAD-2720-CDE965CC3DFA}.Debug|x64.ActiveCfg = Debug|x64
		{2F5660F0-FECA-1BAD-2720-CDE965CC3DFA}.Debug|x64.Build.0 = Debug|x64
		{2F5660F0-FECA-1BAD-2720-CDE965CC3DFA}.Release|Win32.ActiveCfg = Release|Win32
		{2F5660F0-FECA-1BAD-2720-CDE965CC3DFA}.Release|Win32.Build.0 = Release|Win32
		{2F5660F0-FECA-1BAD-2720-CDE965CC3DFA}.Release|x64.ActiveCfg = Release|x64
		{2F5660F0-FECA-1BAD-2720-CDE965CC3DFA}.Release|x64.Build.0 = Release|x64
		{2AD63A64-FECA-1BAD-2720-CDE965CC3DFA}.Debug|Win32.ActiveCfg = Debug|Win32
		{2AD63A64-FECA-1BAD-2720-CDE965CC3DFA}.Debug|Win32.Build.0 = Debug|Win32
		{2AD63A64-FECA-1BAD-2720-CDE965CC3DFA}.Debug|x64.ActiveCfg = Debug|x64
		{2AD63A64-FECA-1BAD-2720-CDE965CC3DFA}.Debug|x64.Build.0 = Debug|x64
		{2AD63A64-FECA-1BAD-2720-CDE965CC3DFA}.Release|Win32.ActiveCfg = Release|Win32
		{2AD63A64-FECA-1BAD-2720-CDE965CC3DFA}.Release|Win32.Build.0 = Release|Win32
		{2AD63A64-FECA-1BAD-2720-CDE965CC3DFA}.Release|x64.ActiveCfg = Release|x64
		{2AD63A64-FECA-1BAD-2720-CDE965CC3DFA}.Release|x64.Build.0 = Release|x64
		{4F46EACB-FECA-1BAD-2720-CDE965CC3DFA}.Debug|Win32.ActiveCfg = Debug|Win32
		{4F46EACB-FECA-1BAD-2720-CDE965CC3DFA}.Debug|Win32.Build.0 = Debug|Win32
		{4F46EACB-FECA-1BAD-2720-CDE965CC3DFA}.Debug|x64.ActiveCfg = Debug|x64
		{4F46EACB-FECA-1BAD-2720-CDE965CC3DFA}.Debug|x64.Build.0 = Debug|x64
		{4F46EACB-FECA-1BAD-2720-CDE965CC3DFA}.Release|Win32.ActiveCfg = Release|Win32
		{4F46EACB-FECA-1BAD-2720-CDE965CC3DFA}.Release|Win32.Build.0 = Release|Win32
		{4F46EACB-FECA-1BAD-2720-CDE965CC3DFA}.Release|x64.ActiveCfg = Release|x64
		{4F46EACB-FECA-1BAD-2720-CDE965CC3DFA}.Release|x64.Build.0 = Release|x64
	EndGlobalSection
	GlobalSection(SolutionProperties) = preSolution
		HideSolutionNode = FALSE
	EndGlobalSection
EndGlobal
