
Microsoft Visual Studio Solution File, Format Version 12.00
# Visual Studio 15
#
# This file was generated by MPC.  Any changes made directly to
# this file will be lost the next time it is generated.
#
# MPC Command:
# /home/johnny/DOC_ROOT/stage-6819/ACE_wrappers/bin/mwc.pl -type vs2017 -recurse -hierarchy -relative ACE_ROOT=/home/johnny/DOC_ROOT/stage-6819/ACE_wrappers -relative TAO_ROOT=/home/johnny/DOC_ROOT/stage-6819/ACE_wrappers/TAO -workers 8 -name_modifier "*_vs2017"
Project("{8BC9CEB8-8B4A-11D0-8D11-00A0C91BC942}") = "Demo_Client", "AnyTypeCode\tao\Demo_Client_vs2017.vcxproj", "{B211EEF4-FECA-1BAD-23BD-8A6731860A5B}"
	ProjectSection(ProjectDependencies) = postProject
		{CA9FEE1C-FECA-1BAD-23BD-8A6731860A5B} = {CA9FEE1C-FECA-1BAD-23BD-8A6731860A5B}
	EndProjectSection
EndProject
Project("{8BC9CEB8-8B4A-11D0-8D11-00A0C91BC942}") = "Demo_Idl", "AnyTypeCode\tao\Demo_Idl_vs2017.vcxproj", "{CA9FEE1C-FECA-1BAD-23BD-8A6731860A5B}"
EndProject
Project("{8BC9CEB8-8B4A-11D0-8D11-00A0C91BC942}") = "Demo_Server", "AnyTypeCode\tao\Demo_Server_vs2017.vcxproj", "{D20164CF-FECA-1BAD-23BD-8A6731860A5B}"
	ProjectSection(ProjectDependencies) = postProject
		{CA9FEE1C-FECA-1BAD-23BD-8A6731860A5B} = {CA9FEE1C-FECA-1BAD-23BD-8A6731860A5B}
	EndProjectSection
EndProject
Project("{8BC9CEB8-8B4A-11D0-8D11-00A0C91BC942}") = "CdrOutArg_Client", "CdrOutArg\tao\CdrOutArg_Client_vs2017.vcxproj", "{0F2768D1-FECA-1BAD-0600-BCE1432F894B}"
	ProjectSection(ProjectDependencies) = postProject
		{A8C43D74-FECA-1BAD-0600-BCE1432F894B} = {A8C43D74-FECA-1BAD-0600-BCE1432F894B}
	EndProjectSection
EndProject
Project("{8BC9CEB8-8B4A-11D0-8D11-00A0C91BC942}") = "CdrOutArg_Idl", "CdrOutArg\tao\CdrOutArg_Idl_vs2017.vcxproj", "{A8C43D74-FECA-1BAD-0600-BCE1432F894B}"
EndProject
Project("{8BC9CEB8-8B4A-11D0-8D11-00A0C91BC942}") = "CdrOutArg_Server", "CdrOutArg\tao\CdrOutArg_Server_vs2017.vcxproj", "{6F37E2EA-FECA-1BAD-0600-BCE1432F894B}"
	ProjectSection(ProjectDependencies) = postProject
		{A8C43D74-FECA-1BAD-0600-BCE1432F894B} = {A8C43D74-FECA-1BAD-0600-BCE1432F894B}
	EndProjectSection
EndProject
Project("{8BC9CEB8-8B4A-11D0-8D11-00A0C91BC942}") = "Interop_Wchar_Client", "wchar\Interop_Wchar_Client_vs2017.vcxproj", "{4B94041B-FECA-1BAD-CC44-0F8D455E63D4}"
	ProjectSection(ProjectDependencies) = postProject
		{64607660-FECA-1BAD-CC44-0F8D455E63D4} = {64607660-FECA-1BAD-CC44-0F8D455E63D4}
	EndProjectSection
EndProject
Project("{8BC9CEB8-8B4A-11D0-8D11-00A0C91BC942}") = "Interop_Wchar_Server", "wchar\Interop_Wchar_Server_vs2017.vcxproj", "{2B848E20-FECA-1BAD-CC44-0F8D455E63D4}"
	ProjectSection(ProjectDependencies) = postProject
		{64607660-FECA-1BAD-CC44-0F8D455E63D4} = {64607660-FECA-1BAD-CC44-0F8D455E63D4}
	EndProjectSection
EndProject
Project("{8BC9CEB8-8B4A-11D0-8D11-00A0C91BC942}") = "interop_wchar_IDL", "wchar\interop_wchar_IDL_vs2017.vcxproj", "{64607660-FECA-1BAD-CC44-0F8D455E63D4}"
EndProject
Global
	GlobalSection(SolutionConfigurationPlatforms) = preSolution
		Debug|Win32 = Debug|Win32
		Debug|x64 = Debug|x64
		Release|Win32 = Release|Win32
		Release|x64 = Release|x64
	EndGlobalSection
	GlobalSection(ProjectConfigurationPlatforms) = postSolution
		{B211EEF4-FECA-1BAD-23BD-8A6731860A5B}.Debug|Win32.ActiveCfg = Debug|Win32
		{B211EEF4-FECA-1BAD-23BD-8A6731860A5B}.Debug|Win32.Build.0 = Debug|Win32
		{B211EEF4-FECA-1BAD-23BD-8A6731860A5B}.Debug|x64.ActiveCfg = Debug|x64
		{B211EEF4-FECA-1BAD-23BD-8A6731860A5B}.Debug|x64.Build.0 = Debug|x64
		{B211EEF4-FECA-1BAD-23BD-8A6731860A5B}.Release|Win32.ActiveCfg = Release|Win32
		{B211EEF4-FECA-1BAD-23BD-8A6731860A5B}.Release|Win32.Build.0 = Release|Win32
		{B211EEF4-FECA-1BAD-23BD-8A6731860A5B}.Release|x64.ActiveCfg = Release|x64
		{B211EEF4-FECA-1BAD-23BD-8A6731860A5B}.Release|x64.Build.0 = Release|x64
		{CA9FEE1C-FECA-1BAD-23BD-8A6731860A5B}.Debug|Win32.ActiveCfg = Debug|Win32
		{CA9FEE1C-FECA-1BAD-23BD-8A6731860A5B}.Debug|Win32.Build.0 = Debug|Win32
		{CA9FEE1C-FECA-1BAD-23BD-8A6731860A5B}.Debug|x64.ActiveCfg = Debug|x64
		{CA9FEE1C-FECA-1BAD-23BD-8A6731860A5B}.Debug|x64.Build.0 = Debug|x64
		{CA9FEE1C-FECA-1BAD-23BD-8A6731860A5B}.Release|Win32.ActiveCfg = Release|Win32
		{CA9FEE1C-FECA-1BAD-23BD-8A6731860A5B}.Release|Win32.Build.0 = Release|Win32
		{CA9FEE1C-FECA-1BAD-23BD-8A6731860A5B}.Release|x64.ActiveCfg = Release|x64
		{CA9FEE1C-FECA-1BAD-23BD-8A6731860A5B}.Release|x64.Build.0 = Release|x64
		{D20164CF-FECA-1BAD-23BD-8A6731860A5B}.Debug|Win32.ActiveCfg = Debug|Win32
		{D20164CF-FECA-1BAD-23BD-8A6731860A5B}.Debug|Win32.Build.0 = Debug|Win32
		{D20164CF-FECA-1BAD-23BD-8A6731860A5B}.Debug|x64.ActiveCfg = Debug|x64
		{D20164CF-FECA-1BAD-23BD-8A6731860A5B}.Debug|x64.Build.0 = Debug|x64
		{D20164CF-FECA-1BAD-23BD-8A6731860A5B}.Release|Win32.ActiveCfg = Release|Win32
		{D20164CF-FECA-1BAD-23BD-8A6731860A5B}.Release|Win32.Build.0 = Release|Win32
		{D20164CF-FECA-1BAD-23BD-8A6731860A5B}.Release|x64.ActiveCfg = Release|x64
		{D20164CF-FECA-1BAD-23BD-8A6731860A5B}.Release|x64.Build.0 = Release|x64
		{0F2768D1-FECA-1BAD-0600-BCE1432F894B}.Debug|Win32.ActiveCfg = Debug|Win32
		{0F2768D1-FECA-1BAD-0600-BCE1432F894B}.Debug|Win32.Build.0 = Debug|Win32
		{0F2768D1-FECA-1BAD-0600-BCE1432F894B}.Debug|x64.ActiveCfg = Debug|x64
		{0F2768D1-FECA-1BAD-0600-BCE1432F894B}.Debug|x64.Build.0 = Debug|x64
		{0F2768D1-FECA-1BAD-0600-BCE1432F894B}.Release|Win32.ActiveCfg = Release|Win32
		{0F2768D1-FECA-1BAD-0600-BCE1432F894B}.Release|Win32.Build.0 = Release|Win32
		{0F2768D1-FECA-1BAD-0600-BCE1432F894B}.Release|x64.ActiveCfg = Release|x64
		{0F2768D1-FECA-1BAD-0600-BCE1432F894B}.Release|x64.Build.0 = Release|x64
		{A8C43D74-FECA-1BAD-0600-BCE1432F894B}.Debug|Win32.ActiveCfg = Debug|Win32
		{A8C43D74-FECA-1BAD-0600-BCE1432F894B}.Debug|Win32.Build.0 = Debug|Win32
		{A8C43D74-FECA-1BAD-0600-BCE1432F894B}.Debug|x64.ActiveCfg = Debug|x64
		{A8C43D74-FECA-1BAD-0600-BCE1432F894B}.Debug|x64.Build.0 = Debug|x64
		{A8C43D74-FECA-1BAD-0600-BCE1432F894B}.Release|Win32.ActiveCfg = Release|Win32
		{A8C43D74-FECA-1BAD-0600-BCE1432F894B}.Release|Win32.Build.0 = Release|Win32
		{A8C43D74-FECA-1BAD-0600-BCE1432F894B}.Release|x64.ActiveCfg = Release|x64
		{A8C43D74-FECA-1BAD-0600-BCE1432F894B}.Release|x64.Build.0 = Release|x64
		{6F37E2EA-FECA-1BAD-0600-BCE1432F894B}.Debug|Win32.ActiveCfg = Debug|Win32
		{6F37E2EA-FECA-1BAD-0600-BCE1432F894B}.Debug|Win32.Build.0 = Debug|Win32
		{6F37E2EA-FECA-1BAD-0600-BCE1432F894B}.Debug|x64.ActiveCfg = Debug|x64
		{6F37E2EA-FECA-1BAD-0600-BCE1432F894B}.Debug|x64.Build.0 = Debug|x64
		{6F37E2EA-FECA-1BAD-0600-BCE1432F894B}.Release|Win32.ActiveCfg = Release|Win32
		{6F37E2EA-FECA-1BAD-0600-BCE1432F894B}.Release|Win32.Build.0 = Release|Win32
		{6F37E2EA-FECA-1BAD-0600-BCE1432F894B}.Release|x64.ActiveCfg = Release|x64
		{6F37E2EA-FECA-1BAD-0600-BCE1432F894B}.Release|x64.Build.0 = Release|x64
		{4B94041B-FECA-1BAD-CC44-0F8D455E63D4}.Debug|Win32.ActiveCfg = Debug|Win32
		{4B94041B-FECA-1BAD-CC44-0F8D455E63D4}.Debug|Win32.Build.0 = Debug|Win32
		{4B94041B-FECA-1BAD-CC44-0F8D455E63D4}.Debug|x64.ActiveCfg = Debug|x64
		{4B94041B-FECA-1BAD-CC44-0F8D455E63D4}.Debug|x64.Build.0 = Debug|x64
		{4B94041B-FECA-1BAD-CC44-0F8D455E63D4}.Release|Win32.ActiveCfg = Release|Win32
		{4B94041B-FECA-1BAD-CC44-0F8D455E63D4}.Release|Win32.Build.0 = Release|Win32
		{4B94041B-FECA-1BAD-CC44-0F8D455E63D4}.Release|x64.ActiveCfg = Release|x64
		{4B94041B-FECA-1BAD-CC44-0F8D455E63D4}.Release|x64.Build.0 = Release|x64
		{2B848E20-FECA-1BAD-CC44-0F8D455E63D4}.Debug|Win32.ActiveCfg = Debug|Win32
		{2B848E20-FECA-1BAD-CC44-0F8D455E63D4}.Debug|Win32.Build.0 = Debug|Win32
		{2B848E20-FECA-1BAD-CC44-0F8D455E63D4}.Debug|x64.ActiveCfg = Debug|x64
		{2B848E20-FECA-1BAD-CC44-0F8D455E63D4}.Debug|x64.Build.0 = Debug|x64
		{2B848E20-FECA-1BAD-CC44-0F8D455E63D4}.Release|Win32.ActiveCfg = Release|Win32
		{2B848E20-FECA-1BAD-CC44-0F8D455E63D4}.Release|Win32.Build.0 = Release|Win32
		{2B848E20-FECA-1BAD-CC44-0F8D455E63D4}.Release|x64.ActiveCfg = Release|x64
		{2B848E20-FECA-1BAD-CC44-0F8D455E63D4}.Release|x64.Build.0 = Release|x64
		{64607660-FECA-1BAD-CC44-0F8D455E63D4}.Debug|Win32.ActiveCfg = Debug|Win32
		{64607660-FECA-1BAD-CC44-0F8D455E63D4}.Debug|Win32.Build.0 = Debug|Win32
		{64607660-FECA-1BAD-CC44-0F8D455E63D4}.Debug|x64.ActiveCfg = Debug|x64
		{64607660-FECA-1BAD-CC44-0F8D455E63D4}.Debug|x64.Build.0 = Debug|x64
		{64607660-FECA-1BAD-CC44-0F8D455E63D4}.Release|Win32.ActiveCfg = Release|Win32
		{64607660-FECA-1BAD-CC44-0F8D455E63D4}.Release|Win32.Build.0 = Release|Win32
		{64607660-FECA-1BAD-CC44-0F8D455E63D4}.Release|x64.ActiveCfg = Release|x64
		{64607660-FECA-1BAD-CC44-0F8D455E63D4}.Release|x64.Build.0 = Release|x64
	EndGlobalSection
	GlobalSection(SolutionProperties) = preSolution
		HideSolutionNode = FALSE
	EndGlobalSection
EndGlobal
