
Microsoft Visual Studio Solution File, Format Version 12.00
# Visual Studio 14
#
# This file was generated by MPC.  Any changes made directly to
# this file will be lost the next time it is generated.
#
# MPC Command:
# /home/johnny/DOC_ROOT/stage-6819/ACE_wrappers/bin/mwc.pl -type vc14 -recurse -hierarchy -relative ACE_ROOT=/home/johnny/DOC_ROOT/stage-6819/ACE_wrappers -relative TAO_ROOT=/home/johnny/DOC_ROOT/stage-6819/ACE_wrappers/TAO -workers 8 -name_modifier "*_vc14"
Project("{8BC9CEB8-8B4A-11D0-8D11-00A0C91BC942}") = "Svc_Cfg_IPC_Client_Bcast", "IPC-tests\client\Svc_Cfg_IPC_Client_Bcast_vc14.vcxproj", "{D97D0DA8-FECA-1BAD-DD12-8A69A8383EB6}"
EndProject
Project("{8BC9CEB8-8B4A-11D0-8D11-00A0C91BC942}") = "Svc_Cfg_IPC_Client_Loc_Dgram", "IPC-tests\client\Svc_Cfg_IPC_Client_Loc_Dgram_vc14.vcxproj", "{0C95901C-FECA-1BAD-DD12-8A69A8383EB6}"
EndProject
Project("{8BC9CEB8-8B4A-11D0-8D11-00A0C91BC942}") = "Svc_Cfg_IPC_Client_Loc_Fifo", "IPC-tests\client\Svc_Cfg_IPC_Client_Loc_Fifo_vc14.vcxproj", "{F5A6CA80-FECA-1BAD-DD12-8A69A8383EB6}"
EndProject
Project("{8BC9CEB8-8B4A-11D0-8D11-00A0C91BC942}") = "Svc_Cfg_IPC_Client_Loc_Pipe", "IPC-tests\client\Svc_Cfg_IPC_Client_Loc_Pipe_vc14.vcxproj", "{E306CA96-FECA-1BAD-DD12-8A69A8383EB6}"
EndProject
Project("{8BC9CEB8-8B4A-11D0-8D11-00A0C91BC942}") = "Svc_Cfg_IPC_Client_Loc_Spipe", "IPC-tests\client\Svc_Cfg_IPC_Client_Loc_Spipe_vc14.vcxproj", "{AD15917A-FECA-1BAD-DD12-8A69A8383EB6}"
EndProject
Project("{8BC9CEB8-8B4A-11D0-8D11-00A0C91BC942}") = "Svc_Cfg_IPC_Client_Loc_Stream", "IPC-tests\client\Svc_Cfg_IPC_Client_Loc_Stream_vc14.vcxproj", "{9DA02FCC-FECA-1BAD-DD12-8A69A8383EB6}"
EndProject
Project("{8BC9CEB8-8B4A-11D0-8D11-00A0C91BC942}") = "Svc_Cfg_IPC_Client_Rem_Dgram", "IPC-tests\client\Svc_Cfg_IPC_Client_Rem_Dgram_vc14.vcxproj", "{0D7F701C-FECA-1BAD-DD12-8A69A8383EB6}"
EndProject
Project("{8BC9CEB8-8B4A-11D0-8D11-00A0C91BC942}") = "Svc_Cfg_IPC_Client_Rem_Stream", "IPC-tests\client\Svc_Cfg_IPC_Client_Rem_Stream_vc14.vcxproj", "{830E2FCC-FECA-1BAD-DD12-8A69A8383EB6}"
EndProject
Project("{8BC9CEB8-8B4A-11D0-8D11-00A0C91BC942}") = "Svc_Cfg_IPC_Client_Rem_Svc_Dir", "IPC-tests\client\Svc_Cfg_IPC_Client_Rem_Svc_Dir_vc14.vcxproj", "{7DEBC7DC-FECA-1BAD-DD12-8A69A8383EB6}"
EndProject
Project("{8BC9CEB8-8B4A-11D0-8D11-00A0C91BC942}") = "Svc_Cfg_IPC_Client_Rem_Thr_Stream", "IPC-tests\client\Svc_Cfg_IPC_Client_Rem_Thr_Stream_vc14.vcxproj", "{58DE56EB-FECA-1BAD-DD12-8A69A8383EB6}"
EndProject
Project("{8BC9CEB8-8B4A-11D0-8D11-00A0C91BC942}") = "Svc_Cfg_IPC_Server_Lib", "IPC-tests\server\Svc_Cfg_IPC_Server_Lib_vc14.vcxproj", "{AFEBBCD6-FECA-1BAD-7EA4-8B61A9309D00}"
EndProject
Project("{8BC9CEB8-8B4A-11D0-8D11-00A0C91BC942}") = "Svc_Cfg_IPC_Server_Test", "IPC-tests\server\Svc_Cfg_IPC_Server_Test_vc14.vcxproj", "{36D2F54E-FECA-1BAD-7EA4-8B61A9309D00}"
	ProjectSection(ProjectDependencies) = postProject
		{AFEBBCD6-FECA-1BAD-7EA4-8B61A9309D00} = {AFEBBCD6-FECA-1BAD-7EA4-8B61A9309D00}
	EndProjectSection
EndProject
Project("{8BC9CEB8-8B4A-11D0-8D11-00A0C91BC942}") = "Service_Configurator_Misc_Main", "Misc\Service_Configurator_Misc_Main_vc14.vcxproj", "{14E0A6C3-FECA-1BAD-ECF7-1F18EF61CB2B}"
	ProjectSection(ProjectDependencies) = postProject
		{1C035595-FECA-1BAD-ECF7-1F18EF61CB2B} = {1C035595-FECA-1BAD-ECF7-1F18EF61CB2B}
	EndProjectSection
EndProject
Project("{8BC9CEB8-8B4A-11D0-8D11-00A0C91BC942}") = "Service_Configurator_Misc_Timer", "Misc\Service_Configurator_Misc_Timer_vc14.vcxproj", "{1C035595-FECA-1BAD-ECF7-1F18EF61CB2B}"
EndProject
Global
	GlobalSection(SolutionConfigurationPlatforms) = preSolution
		Debug|Win32 = Debug|Win32
		Debug|x64 = Debug|x64
		Release|Win32 = Release|Win32
		Release|x64 = Release|x64
	EndGlobalSection
	GlobalSection(ProjectConfigurationPlatforms) = postSolution
		{D97D0DA8-FECA-1BAD-DD12-8A69A8383EB6}.Debug|Win32.ActiveCfg = Debug|Win32
		{D97D0DA8-FECA-1BAD-DD12-8A69A8383EB6}.Debug|Win32.Build.0 = Debug|Win32
		{D97D0DA8-FECA-1BAD-DD12-8A69A8383EB6}.Debug|x64.ActiveCfg = Debug|x64
		{D97D0DA8-FECA-1BAD-DD12-8A69A8383EB6}.Debug|x64.Build.0 = Debug|x64
		{D97D0DA8-FECA-1BAD-DD12-8A69A8383EB6}.Release|Win32.ActiveCfg = Release|Win32
		{D97D0DA8-FECA-1BAD-DD12-8A69A8383EB6}.Release|Win32.Build.0 = Release|Win32
		{D97D0DA8-FECA-1BAD-DD12-8A69A8383EB6}.Release|x64.ActiveCfg = Release|x64
		{D97D0DA8-FECA-1BAD-DD12-8A69A8383EB6}.Release|x64.Build.0 = Release|x64
		{0C95901C-FECA-1BAD-DD12-8A69A8383EB6}.Debug|Win32.ActiveCfg = Debug|Win32
		{0C95901C-FECA-1BAD-DD12-8A69A8383EB6}.Debug|Win32.Build.0 = Debug|Win32
		{0C95901C-FECA-1BAD-DD12-8A69A8383EB6}.Debug|x64.ActiveCfg = Debug|x64
		{0C95901C-FECA-1BAD-DD12-8A69A8383EB6}.Debug|x64.Build.0 = Debug|x64
		{0C95901C-FECA-1BAD-DD12-8A69A8383EB6}.Release|Win32.ActiveCfg = Release|Win32
		{0C95901C-FECA-1BAD-DD12-8A69A8383EB6}.Release|Win32.Build.0 = Release|Win32
		{0C95901C-FECA-1BAD-DD12-8A69A8383EB6}.Release|x64.ActiveCfg = Release|x64
		{0C95901C-FECA-1BAD-DD12-8A69A8383EB6}.Release|x64.Build.0 = Release|x64
		{F5A6CA80-FECA-1BAD-DD12-8A69A8383EB6}.Debug|Win32.ActiveCfg = Debug|Win32
		{F5A6CA80-FECA-1BAD-DD12-8A69A8383EB6}.Debug|Win32.Build.0 = Debug|Win32
		{F5A6CA80-FECA-1BAD-DD12-8A69A8383EB6}.Debug|x64.ActiveCfg = Debug|x64
		{F5A6CA80-FECA-1BAD-DD12-8A69A8383EB6}.Debug|x64.Build.0 = Debug|x64
		{F5A6CA80-FECA-1BAD-DD12-8A69A8383EB6}.Release|Win32.ActiveCfg = Release|Win32
		{F5A6CA80-FECA-1BAD-DD12-8A69A8383EB6}.Release|Win32.Build.0 = Release|Win32
		{F5A6CA80-FECA-1BAD-DD12-8A69A8383EB6}.Release|x64.ActiveCfg = Release|x64
		{F5A6CA80-FECA-1BAD-DD12-8A69A8383EB6}.Release|x64.Build.0 = Release|x64
		{E306CA96-FECA-1BAD-DD12-8A69A8383EB6}.Debug|Win32.ActiveCfg = Debug|Win32
		{E306CA96-FECA-1BAD-DD12-8A69A8383EB6}.Debug|Win32.Build.0 = Debug|Win32
		{E306CA96-FECA-1BAD-DD12-8A69A8383EB6}.Debug|x64.ActiveCfg = Debug|x64
		{E306CA96-FECA-1BAD-DD12-8A69A8383EB6}.Debug|x64.Build.0 = Debug|x64
		{E306CA96-FECA-1BAD-DD12-8A69A8383EB6}.Release|Win32.ActiveCfg = Release|Win32
		{E306CA96-FECA-1BAD-DD12-8A69A8383EB6}.Release|Win32.Build.0 = Release|Win32
		{E306CA96-FECA-1BAD-DD12-8A69A8383EB6}.Release|x64.ActiveCfg = Release|x64
		{E306CA96-FECA-1BAD-DD12-8A69A8383EB6}.Release|x64.Build.0 = Release|x64
		{AD15917A-FECA-1BAD-DD12-8A69A8383EB6}.Debug|Win32.ActiveCfg = Debug|Win32
		{AD15917A-FECA-1BAD-DD12-8A69A8383EB6}.Debug|Win32.Build.0 = Debug|Win32
		{AD15917A-FECA-1BAD-DD12-8A69A8383EB6}.Debug|x64.ActiveCfg = Debug|x64
		{AD15917A-FECA-1BAD-DD12-8A69A8383EB6}.Debug|x64.Build.0 = Debug|x64
		{AD15917A-FECA-1BAD-DD12-8A69A8383EB6}.Release|Win32.ActiveCfg = Release|Win32
		{AD15917A-FECA-1BAD-DD12-8A69A8383EB6}.Release|Win32.Build.0 = Release|Win32
		{AD15917A-FECA-1BAD-DD12-8A69A8383EB6}.Release|x64.ActiveCfg = Release|x64
		{AD15917A-FECA-1BAD-DD12-8A69A8383EB6}.Release|x64.Build.0 = Release|x64
		{9DA02FCC-FECA-1BAD-DD12-8A69A8383EB6}.Debug|Win32.ActiveCfg = Debug|Win32
		{9DA02FCC-FECA-1BAD-DD12-8A69A8383EB6}.Debug|Win32.Build.0 = Debug|Win32
		{9DA02FCC-FECA-1BAD-DD12-8A69A8383EB6}.Debug|x64.ActiveCfg = Debug|x64
		{9DA02FCC-FECA-1BAD-DD12-8A69A8383EB6}.Debug|x64.Build.0 = Debug|x64
		{9DA02FCC-FECA-1BAD-DD12-8A69A8383EB6}.Release|Win32.ActiveCfg = Release|Win32
		{9DA02FCC-FECA-1BAD-DD12-8A69A8383EB6}.Release|Win32.Build.0 = Release|Win32
		{9DA02FCC-FECA-1BAD-DD12-8A69A8383EB6}.Release|x64.ActiveCfg = Release|x64
		{9DA02FCC-FECA-1BAD-DD12-8A69A8383EB6}.Release|x64.Build.0 = Release|x64
		{0D7F701C-FECA-1BAD-DD12-8A69A8383EB6}.Debug|Win32.ActiveCfg = Debug|Win32
		{0D7F701C-FECA-1BAD-DD12-8A69A8383EB6}.Debug|Win32.Build.0 = Debug|Win32
		{0D7F701C-FECA-1BAD-DD12-8A69A8383EB6}.Debug|x64.ActiveCfg = Debug|x64
		{0D7F701C-FECA-1BAD-DD12-8A69A8383EB6}.Debug|x64.Build.0 = Debug|x64
		{0D7F701C-FECA-1BAD-DD12-8A69A8383EB6}.Release|Win32.ActiveCfg = Release|Win32
		{0D7F701C-FECA-1BAD-DD12-8A69A8383EB6}.Release|Win32.Build.0 = Release|Win32
		{0D7F701C-FECA-1BAD-DD12-8A69A8383EB6}.Release|x64.ActiveCfg = Release|x64
		{0D7F701C-FECA-1BAD-DD12-8A69A8383EB6}.Release|x64.Build.0 = Release|x64
		{830E2FCC-FECA-1BAD-DD12-8A69A8383EB6}.Debug|Win32.ActiveCfg = Debug|Win32
		{830E2FCC-FECA-1BAD-DD12-8A69A8383EB6}.Debug|Win32.Build.0 = Debug|Win32
		{830E2FCC-FECA-1BAD-DD12-8A69A8383EB6}.Debug|x64.ActiveCfg = Debug|x64
		{830E2FCC-FECA-1BAD-DD12-8A69A8383EB6}.Debug|x64.Build.0 = Debug|x64
		{830E2FCC-FECA-1BAD-DD12-8A69A8383EB6}.Release|Win32.ActiveCfg = Release|Win32
		{830E2FCC-FECA-1BAD-DD12-8A69A8383EB6}.Release|Win32.Build.0 = Release|Win32
		{830E2FCC-FECA-1BAD-DD12-8A69A8383EB6}.Release|x64.ActiveCfg = Release|x64
		{830E2FCC-FECA-1BAD-DD12-8A69A8383EB6}.Release|x64.Build.0 = Release|x64
		{7DEBC7DC-FECA-1BAD-DD12-8A69A8383EB6}.Debug|Win32.ActiveCfg = Debug|Win32
		{7DEBC7DC-FECA-1BAD-DD12-8A69A8383EB6}.Debug|Win32.Build.0 = Debug|Win32
		{7DEBC7DC-FECA-1BAD-DD12-8A69A8383EB6}.Debug|x64.ActiveCfg = Debug|x64
		{7DEBC7DC-FECA-1BAD-DD12-8A69A8383EB6}.Debug|x64.Build.0 = Debug|x64
		{7DEBC7DC-FECA-1BAD-DD12-8A69A8383EB6}.Release|Win32.ActiveCfg = Release|Win32
		{7DEBC7DC-FECA-1BAD-DD12-8A69A8383EB6}.Release|Win32.Build.0 = Release|Win32
		{7DEBC7DC-FECA-1BAD-DD12-8A69A8383EB6}.Release|x64.ActiveCfg = Release|x64
		{7DEBC7DC-FECA-1BAD-DD12-8A69A8383EB6}.Release|x64.Build.0 = Release|x64
		{58DE56EB-FECA-1BAD-DD12-8A69A8383EB6}.Debug|Win32.ActiveCfg = Debug|Win32
		{58DE56EB-FECA-1BAD-DD12-8A69A8383EB6}.Debug|Win32.Build.0 = Debug|Win32
		{58DE56EB-FECA-1BAD-DD12-8A69A8383EB6}.Debug|x64.ActiveCfg = Debug|x64
		{58DE56EB-FECA-1BAD-DD12-8A69A8383EB6}.Debug|x64.Build.0 = Debug|x64
		{58DE56EB-FECA-1BAD-DD12-8A69A8383EB6}.Release|Win32.ActiveCfg = Release|Win32
		{58DE56EB-FECA-1BAD-DD12-8A69A8383EB6}.Release|Win32.Build.0 = Release|Win32
		{58DE56EB-FECA-1BAD-DD12-8A69A8383EB6}.Release|x64.ActiveCfg = Release|x64
		{58DE56EB-FECA-1BAD-DD12-8A69A8383EB6}.Release|x64.Build.0 = Release|x64
		{AFEBBCD6-FECA-1BAD-7EA4-8B61A9309D00}.Debug|Win32.ActiveCfg = Debug|Win32
		{AFEBBCD6-FECA-1BAD-7EA4-8B61A9309D00}.Debug|Win32.Build.0 = Debug|Win32
		{AFEBBCD6-FECA-1BAD-7EA4-8B61A9309D00}.Debug|x64.ActiveCfg = Debug|x64
		{AFEBBCD6-FECA-1BAD-7EA4-8B61A9309D00}.Debug|x64.Build.0 = Debug|x64
		{AFEBBCD6-FECA-1BAD-7EA4-8B61A9309D00}.Release|Win32.ActiveCfg = Release|Win32
		{AFEBBCD6-FECA-1BAD-7EA4-8B61A9309D00}.Release|Win32.Build.0 = Release|Win32
		{AFEBBCD6-FECA-1BAD-7EA4-8B61A9309D00}.Release|x64.ActiveCfg = Release|x64
		{AFEBBCD6-FECA-1BAD-7EA4-8B61A9309D00}.Release|x64.Build.0 = Release|x64
		{36D2F54E-FECA-1BAD-7EA4-8B61A9309D00}.Debug|Win32.ActiveCfg = Debug|Win32
		{36D2F54E-FECA-1BAD-7EA4-8B61A9309D00}.Debug|Win32.Build.0 = Debug|Win32
		{36D2F54E-FECA-1BAD-7EA4-8B61A9309D00}.Debug|x64.ActiveCfg = Debug|x64
		{36D2F54E-FECA-1BAD-7EA4-8B61A9309D00}.Debug|x64.Build.0 = Debug|x64
		{36D2F54E-FECA-1BAD-7EA4-8B61A9309D00}.Release|Win32.ActiveCfg = Release|Win32
		{36D2F54E-FECA-1BAD-7EA4-8B61A9309D00}.Release|Win32.Build.0 = Release|Win32
		{36D2F54E-FECA-1BAD-7EA4-8B61A9309D00}.Release|x64.ActiveCfg = Release|x64
		{36D2F54E-FECA-1BAD-7EA4-8B61A9309D00}.Release|x64.Build.0 = Release|x64
		{14E0A6C3-FECA-1BAD-ECF7-1F18EF61CB2B}.Debug|Win32.ActiveCfg = Debug|Win32
		{14E0A6C3-FECA-1BAD-ECF7-1F18EF61CB2B}.Debug|Win32.Build.0 = Debug|Win32
		{14E0A6C3-FECA-1BAD-ECF7-1F18EF61CB2B}.Debug|x64.ActiveCfg = Debug|x64
		{14E0A6C3-FECA-1BAD-ECF7-1F18EF61CB2B}.Debug|x64.Build.0 = Debug|x64
		{14E0A6C3-FECA-1BAD-ECF7-1F18EF61CB2B}.Release|Win32.ActiveCfg = Release|Win32
		{14E0A6C3-FECA-1BAD-ECF7-1F18EF61CB2B}.Release|Win32.Build.0 = Release|Win32
		{14E0A6C3-FECA-1BAD-ECF7-1F18EF61CB2B}.Release|x64.ActiveCfg = Release|x64
		{14E0A6C3-FECA-1BAD-ECF7-1F18EF61CB2B}.Release|x64.Build.0 = Release|x64
		{1C035595-FECA-1BAD-ECF7-1F18EF61CB2B}.Debug|Win32.ActiveCfg = Debug|Win32
		{1C035595-FECA-1BAD-ECF7-1F18EF61CB2B}.Debug|Win32.Build.0 = Debug|Win32
		{1C035595-FECA-1BAD-ECF7-1F18EF61CB2B}.Debug|x64.ActiveCfg = Debug|x64
		{1C035595-FECA-1BAD-ECF7-1F18EF61CB2B}.Debug|x64.Build.0 = Debug|x64
		{1C035595-FECA-1BAD-ECF7-1F18EF61CB2B}.Release|Win32.ActiveCfg = Release|Win32
		{1C035595-FECA-1BAD-ECF7-1F18EF61CB2B}.Release|Win32.Build.0 = Release|Win32
		{1C035595-FECA-1BAD-ECF7-1F18EF61CB2B}.Release|x64.ActiveCfg = Release|x64
		{1C035595-FECA-1BAD-ECF7-1F18EF61CB2B}.Release|x64.Build.0 = Release|x64
	EndGlobalSection
	GlobalSection(SolutionProperties) = preSolution
		HideSolutionNode = FALSE
	EndGlobalSection
EndGlobal
