
Microsoft Visual Studio Solution File, Format Version 12.00
# Visual Studio 15
#
# This file was generated by MPC.  Any changes made directly to
# this file will be lost the next time it is generated.
#
# MPC Command:
# /home/johnny/DOC_ROOT/stage-6819/ACE_wrappers/bin/mwc.pl -type vs2017 -recurse -hierarchy -relative ACE_ROOT=/home/johnny/DOC_ROOT/stage-6819/ACE_wrappers -relative TAO_ROOT=/home/johnny/DOC_ROOT/stage-6819/ACE_wrappers/TAO -workers 8 -name_modifier "*_vs2017"
Project("{8BC9CEB8-8B4A-11D0-8D11-00A0C91BC942}") = "MT_Client_Client", "MT_Client_Client_vs2017.vcxproj", "{D10AB024-FECA-1BAD-F3DE-9139997E9271}"
	ProjectSection(ProjectDependencies) = postProject
		{2799DFA9-FECA-1BAD-F3DE-9139997E9271} = {2799DFA9-FECA-1BAD-F3DE-9139997E9271}
	EndProjectSection
EndProject
Project("{8BC9CEB8-8B4A-11D0-8D11-00A0C91BC942}") = "MT_Client_Idl", "MT_Client_Idl_vs2017.vcxproj", "{2799DFA9-FECA-1BAD-F3DE-9139997E9271}"
EndProject
Project("{8BC9CEB8-8B4A-11D0-8D11-00A0C91BC942}") = "MT_Client_Server", "MT_Client_Server_vs2017.vcxproj", "{B11A3A1F-FECA-1BAD-F3DE-9139997E9271}"
	ProjectSection(ProjectDependencies) = postProject
		{2799DFA9-FECA-1BAD-F3DE-9139997E9271} = {2799DFA9-FECA-1BAD-F3DE-9139997E9271}
	EndProjectSection
EndProject
Global
	GlobalSection(SolutionConfigurationPlatforms) = preSolution
		Debug|Win32 = Debug|Win32
		Debug|x64 = Debug|x64
		Release|Win32 = Release|Win32
		Release|x64 = Release|x64
	EndGlobalSection
	GlobalSection(ProjectConfigurationPlatforms) = postSolution
		{D10AB024-FECA-1BAD-F3DE-9139997E9271}.Debug|Win32.ActiveCfg = Debug|Win32
		{D10AB024-FECA-1BAD-F3DE-9139997E9271}.Debug|Win32.Build.0 = Debug|Win32
		{D10AB024-FECA-1BAD-F3DE-9139997E9271}.Debug|x64.ActiveCfg = Debug|x64
		{D10AB024-FECA-1BAD-F3DE-9139997E9271}.Debug|x64.Build.0 = Debug|x64
		{D10AB024-FECA-1BAD-F3DE-9139997E9271}.Release|Win32.ActiveCfg = Release|Win32
		{D10AB024-FECA-1BAD-F3DE-9139997E9271}.Release|Win32.Build.0 = Release|Win32
		{D10AB024-FECA-1BAD-F3DE-9139997E9271}.Release|x64.ActiveCfg = Release|x64
		{D10AB024-FECA-1BAD-F3DE-9139997E9271}.Release|x64.Build.0 = Release|x64
		{2799DFA9-FECA-1BAD-F3DE-9139997E9271}.Debug|Win32.ActiveCfg = Debug|Win32
		{2799DFA9-FECA-1BAD-F3DE-9139997E9271}.Debug|Win32.Build.0 = Debug|Win32
		{2799DFA9-FECA-1BAD-F3DE-9139997E9271}.Debug|x64.ActiveCfg = Debug|x64
		{2799DFA9-FECA-1BAD-F3DE-9139997E9271}.Debug|x64.Build.0 = Debug|x64
		{2799DFA9-FECA-1BAD-F3DE-9139997E9271}.Release|Win32.ActiveCfg = Release|Win32
		{2799DFA9-FECA-1BAD-F3DE-9139997E9271}.Release|Win32.Build.0 = Release|Win32
		{2799DFA9-FECA-1BAD-F3DE-9139997E9271}.Release|x64.ActiveCfg = Release|x64
		{2799DFA9-FECA-1BAD-F3DE-9139997E9271}.Release|x64.Build.0 = Release|x64
		{B11A3A1F-FECA-1BAD-F3DE-9139997E9271}.Debug|Win32.ActiveCfg = Debug|Win32
		{B11A3A1F-FECA-1BAD-F3DE-9139997E9271}.Debug|Win32.Build.0 = Debug|Win32
		{B11A3A1F-FECA-1BAD-F3DE-9139997E9271}.Debug|x64.ActiveCfg = Debug|x64
		{B11A3A1F-FECA-1BAD-F3DE-9139997E9271}.Debug|x64.Build.0 = Debug|x64
		{B11A3A1F-FECA-1BAD-F3DE-9139997E9271}.Release|Win32.ActiveCfg = Release|Win32
		{B11A3A1F-FECA-1BAD-F3DE-9139997E9271}.Release|Win32.Build.0 = Release|Win32
		{B11A3A1F-FECA-1BAD-F3DE-9139997E9271}.Release|x64.ActiveCfg = Release|x64
		{B11A3A1F-FECA-1BAD-F3DE-9139997E9271}.Release|x64.Build.0 = Release|x64
	EndGlobalSection
	GlobalSection(SolutionProperties) = preSolution
		HideSolutionNode = FALSE
	EndGlobalSection
EndGlobal
