
Microsoft Visual Studio Solution File, Format Version 12.00
# Visual Studio 15
#
# This file was generated by MPC.  Any changes made directly to
# this file will be lost the next time it is generated.
#
# MPC Command:
# /home/johnny/DOC_ROOT/stage-6819/ACE_wrappers/bin/mwc.pl -type vs2017 -recurse -hierarchy -relative ACE_ROOT=/home/johnny/DOC_ROOT/stage-6819/ACE_wrappers -relative TAO_ROOT=/home/johnny/DOC_ROOT/stage-6819/ACE_wrappers/TAO -workers 8 -name_modifier "*_vs2017"
Project("{8BC9CEB8-8B4A-11D0-8D11-00A0C91BC942}") = "POA_Adapter_Activator_Server", "Adapter_Activator\POA_Adapter_Activator_Server_vs2017.vcxproj", "{EF65A61D-FECA-1BAD-F180-EEA5056B74A6}"
	ProjectSection(ProjectDependencies) = postProject
		{BFD97F00-FECA-1BAD-77D4-9E7E307CDA53} = {BFD97F00-FECA-1BAD-77D4-9E7E307CDA53}
	EndProjectSection
EndProject
Project("{8BC9CEB8-8B4A-11D0-8D11-00A0C91BC942}") = "Bug_1592_Regression_Client", "Bug_1592_Regression\Bug_1592_Regression_Client_vs2017.vcxproj", "{E2D7A4B7-FECA-1BAD-60ED-4C2D3F7FB48E}"
	ProjectSection(ProjectDependencies) = postProject
		{6EAAE278-FECA-1BAD-60ED-4C2D3F7FB48E} = {6EAAE278-FECA-1BAD-60ED-4C2D3F7FB48E}
	EndProjectSection
EndProject
Project("{8BC9CEB8-8B4A-11D0-8D11-00A0C91BC942}") = "Bug_1592_Regression_Idl", "Bug_1592_Regression\Bug_1592_Regression_Idl_vs2017.vcxproj", "{6EAAE278-FECA-1BAD-60ED-4C2D3F7FB48E}"
EndProject
Project("{8BC9CEB8-8B4A-11D0-8D11-00A0C91BC942}") = "Bug_1592_Regression_Server", "Bug_1592_Regression\Bug_1592_Regression_Server_vs2017.vcxproj", "{82C72E8C-FECA-1BAD-60ED-4C2D3F7FB48E}"
	ProjectSection(ProjectDependencies) = postProject
		{6EAAE278-FECA-1BAD-60ED-4C2D3F7FB48E} = {6EAAE278-FECA-1BAD-60ED-4C2D3F7FB48E}
	EndProjectSection
EndProject
Project("{8BC9CEB8-8B4A-11D0-8D11-00A0C91BC942}") = "POA_Bug_2511_Regression", "Bug_2511_Regression\POA_Bug_2511_Regression_vs2017.vcxproj", "{B1BB6FE0-FECA-1BAD-50ED-4F253C77848E}"
EndProject
Project("{8BC9CEB8-8B4A-11D0-8D11-00A0C91BC942}") = "POA_Current", "Current\POA_Current_vs2017.vcxproj", "{43E6149C-FECA-1BAD-4396-CE469044BAA5}"
EndProject
Project("{8BC9CEB8-8B4A-11D0-8D11-00A0C91BC942}") = "POA_DSI_Client", "DSI\POA_DSI_Client_vs2017.vcxproj", "{74455E66-FECA-1BAD-B17B-DED7F9319518}"
	ProjectSection(ProjectDependencies) = postProject
		{C3B38B75-FECA-1BAD-B17B-DED7F9319518} = {C3B38B75-FECA-1BAD-B17B-DED7F9319518}
	EndProjectSection
EndProject
Project("{8BC9CEB8-8B4A-11D0-8D11-00A0C91BC942}") = "POA_DSI_IDL", "DSI\POA_DSI_IDL_vs2017.vcxproj", "{C3B38B75-FECA-1BAD-B17B-DED7F9319518}"
EndProject
Project("{8BC9CEB8-8B4A-11D0-8D11-00A0C91BC942}") = "POA_DSI_Server", "DSI\POA_DSI_Server_vs2017.vcxproj", "{1455D45D-FECA-1BAD-B17B-DED7F9319518}"
	ProjectSection(ProjectDependencies) = postProject
		{C3B38B75-FECA-1BAD-B17B-DED7F9319518} = {C3B38B75-FECA-1BAD-B17B-DED7F9319518}
	EndProjectSection
EndProject
Project("{8BC9CEB8-8B4A-11D0-8D11-00A0C91BC942}") = "Deactivate_Object_Server", "Deactivate_Object\Deactivate_Object_Server_vs2017.vcxproj", "{093DB6CF-FECA-1BAD-2366-B6B55D2F12B0}"
EndProject
Project("{8BC9CEB8-8B4A-11D0-8D11-00A0C91BC942}") = "POA_Default_Servant", "Default_Servant\POA_Default_Servant_vs2017.vcxproj", "{59D516E7-FECA-1BAD-6427-6D7633749D14}"
EndProject
Project("{8BC9CEB8-8B4A-11D0-8D11-00A0C91BC942}") = "POA_Default_Servant_Client", "Default_Servant2\POA_Default_Servant_Client_vs2017.vcxproj", "{9C06FFE7-FECA-1BAD-3093-9D763749D171}"
	ProjectSection(ProjectDependencies) = postProject
		{DBAD0F4F-FECA-1BAD-3093-9D763749D171} = {DBAD0F4F-FECA-1BAD-3093-9D763749D171}
	EndProjectSection
EndProject
Project("{8BC9CEB8-8B4A-11D0-8D11-00A0C91BC942}") = "POA_Default_Servant_IDL", "Default_Servant2\POA_Default_Servant_IDL_vs2017.vcxproj", "{DBAD0F4F-FECA-1BAD-3093-9D763749D171}"
EndProject
Project("{8BC9CEB8-8B4A-11D0-8D11-00A0C91BC942}") = "POA_Default_Servant_Server", "Default_Servant2\POA_Default_Servant_Server_vs2017.vcxproj", "{FC1675DC-FECA-1BAD-3093-9D763749D171}"
	ProjectSection(ProjectDependencies) = postProject
		{DBAD0F4F-FECA-1BAD-3093-9D763749D171} = {DBAD0F4F-FECA-1BAD-3093-9D763749D171}
	EndProjectSection
EndProject
Project("{8BC9CEB8-8B4A-11D0-8D11-00A0C91BC942}") = "EndpointPolicy_Client", "EndpointPolicy\EndpointPolicy_Client_vs2017.vcxproj", "{DB84BB4E-FECA-1BAD-99D4-1F3288178645}"
	ProjectSection(ProjectDependencies) = postProject
		{91397749-FECA-1BAD-99D4-1F3288178645} = {91397749-FECA-1BAD-99D4-1F3288178645}
	EndProjectSection
EndProject
Project("{8BC9CEB8-8B4A-11D0-8D11-00A0C91BC942}") = "EndpointPolicy_Idl", "EndpointPolicy\EndpointPolicy_Idl_vs2017.vcxproj", "{91397749-FECA-1BAD-99D4-1F3288178645}"
EndProject
Project("{8BC9CEB8-8B4A-11D0-8D11-00A0C91BC942}") = "EndpointPolicy_Server", "EndpointPolicy\EndpointPolicy_Server_vs2017.vcxproj", "{BB943175-FECA-1BAD-99D4-1F3288178645}"
	ProjectSection(ProjectDependencies) = postProject
		{91397749-FECA-1BAD-99D4-1F3288178645} = {91397749-FECA-1BAD-99D4-1F3288178645}
	EndProjectSection
EndProject
Project("{8BC9CEB8-8B4A-11D0-8D11-00A0C91BC942}") = "POA_Etherealization", "Etherealization\POA_Etherealization_vs2017.vcxproj", "{996AC01F-FECA-1BAD-0BAB-668B3889F298}"
EndProject
Project("{8BC9CEB8-8B4A-11D0-8D11-00A0C91BC942}") = "POA_Excessive_Object_Deactivations", "Excessive_Object_Deactivations\POA_Excessive_Object_Deactivations_vs2017.vcxproj", "{880B153F-FECA-1BAD-0855-CF9658B317C4}"
EndProject
Project("{8BC9CEB8-8B4A-11D0-8D11-00A0C91BC942}") = "Alt_Resource", "Explicit_Activation\Alt_Resources\Alt_Resource_vs2017.vcxproj", "{BC81801A-FECA-1BAD-5F4D-C83F5A4D9D25}"
EndProject
Project("{8BC9CEB8-8B4A-11D0-8D11-00A0C91BC942}") = "POA_Explicit_Activation_Server", "Explicit_Activation\POA_Explicit_Activation_Server_vs2017.vcxproj", "{71D48C6A-FECA-1BAD-861E-5F8F7869A27D}"
	ProjectSection(ProjectDependencies) = postProject
		{BFD97F00-FECA-1BAD-77D4-9E7E307CDA53} = {BFD97F00-FECA-1BAD-77D4-9E7E307CDA53}
	EndProjectSection
EndProject
Project("{8BC9CEB8-8B4A-11D0-8D11-00A0C91BC942}") = "POA_FindPOA", "FindPOA\POA_FindPOA_vs2017.vcxproj", "{13ABC1EE-FECA-1BAD-4007-3A9B9499ED80}"
EndProject
Project("{8BC9CEB8-8B4A-11D0-8D11-00A0C91BC942}") = "POA_Forwarding_Client", "Forwarding\POA_Forwarding_Client_vs2017.vcxproj", "{8245C5B3-FECA-1BAD-648D-DE4C4EF736C9}"
	ProjectSection(ProjectDependencies) = postProject
		{7EECEB7C-FECA-1BAD-648D-DE4C4EF736C9} = {7EECEB7C-FECA-1BAD-648D-DE4C4EF736C9}
	EndProjectSection
EndProject
Project("{8BC9CEB8-8B4A-11D0-8D11-00A0C91BC942}") = "POA_Forwarding_IDL", "Forwarding\POA_Forwarding_IDL_vs2017.vcxproj", "{7EECEB7C-FECA-1BAD-648D-DE4C4EF736C9}"
EndProject
Project("{8BC9CEB8-8B4A-11D0-8D11-00A0C91BC942}") = "POA_Forwarding_Server", "Forwarding\POA_Forwarding_Server_vs2017.vcxproj", "{E2554F88-FECA-1BAD-648D-DE4C4EF736C9}"
	ProjectSection(ProjectDependencies) = postProject
		{7EECEB7C-FECA-1BAD-648D-DE4C4EF736C9} = {7EECEB7C-FECA-1BAD-648D-DE4C4EF736C9}
	EndProjectSection
EndProject
Project("{8BC9CEB8-8B4A-11D0-8D11-00A0C91BC942}") = "POA_Generic_Servant_Client", "Generic_Servant\POA_Generic_Servant_Client_vs2017.vcxproj", "{DB05F7A0-FECA-1BAD-77D4-9E7E307CDA53}"
	ProjectSection(ProjectDependencies) = postProject
		{BFD97F00-FECA-1BAD-77D4-9E7E307CDA53} = {BFD97F00-FECA-1BAD-77D4-9E7E307CDA53}
	EndProjectSection
EndProject
Project("{8BC9CEB8-8B4A-11D0-8D11-00A0C91BC942}") = "POA_Generic_Servant_Lib", "Generic_Servant\POA_Generic_Servant_Lib_vs2017.vcxproj", "{BFD97F00-FECA-1BAD-77D4-9E7E307CDA53}"
EndProject
Project("{8BC9CEB8-8B4A-11D0-8D11-00A0C91BC942}") = "POA_Identity", "Identity\POA_Identity_vs2017.vcxproj", "{678783B9-FECA-1BAD-2E3F-785AB426BD20}"
EndProject
Project("{8BC9CEB8-8B4A-11D0-8D11-00A0C91BC942}") = "POA_Loader_Server", "Loader\POA_Loader_Server_vs2017.vcxproj", "{044AC99B-FECA-1BAD-776B-C1CA19EF6DB1}"
EndProject
Project("{8BC9CEB8-8B4A-11D0-8D11-00A0C91BC942}") = "POA_MT_Servant_Locator", "MT_Servant_Locator\POA_MT_Servant_Locator_vs2017.vcxproj", "{690BF707-FECA-1BAD-6190-95D300237CD4}"
EndProject
Project("{8BC9CEB8-8B4A-11D0-8D11-00A0C91BC942}") = "POA_Nested_Non_Servant_Upcalls", "Nested_Non_Servant_Upcalls\POA_Nested_Non_Servant_Upcalls_vs2017.vcxproj", "{FCA7ED0D-FECA-1BAD-C139-CF125AE2DC7D}"
EndProject
Project("{8BC9CEB8-8B4A-11D0-8D11-00A0C91BC942}") = "POA_NewPOA", "NewPOA\POA_NewPOA_vs2017.vcxproj", "{EC1C67F1-FECA-1BAD-21F8-C1E119C43B22}"
EndProject
Project("{8BC9CEB8-8B4A-11D0-8D11-00A0C91BC942}") = "POA_Non_Retain_System_Id", "Non_Retain_System_Id\POA_Non_Retain_System_Id_vs2017.vcxproj", "{B670BA70-FECA-1BAD-F9E8-2C63351DBFF5}"
EndProject
Project("{8BC9CEB8-8B4A-11D0-8D11-00A0C91BC942}") = "POA_Non_Servant_Upcalls", "Non_Servant_Upcalls\POA_Non_Servant_Upcalls_vs2017.vcxproj", "{DD9B09B5-FECA-1BAD-35BB-8D23FE71E1D8}"
EndProject
Project("{8BC9CEB8-8B4A-11D0-8D11-00A0C91BC942}") = "POA_Object_Reactivation", "Object_Reactivation\POA_Object_Reactivation_vs2017.vcxproj", "{2C4EC8B4-FECA-1BAD-25A4-907FE32DF1C7}"
EndProject
Project("{8BC9CEB8-8B4A-11D0-8D11-00A0C91BC942}") = "On_Demand_Act_D_Coll", "On_Demand_Act_Direct_Coll\On_Demand_Act_D_Coll_vs2017.vcxproj", "{EAA23878-FECA-1BAD-D968-AA0459806D54}"
EndProject
Project("{8BC9CEB8-8B4A-11D0-8D11-00A0C91BC942}") = "POA_On_Demand_Activation_Server", "On_Demand_Activation\POA_On_Demand_Activation_Server_vs2017.vcxproj", "{305F5543-FECA-1BAD-AF5F-D4568667E947}"
	ProjectSection(ProjectDependencies) = postProject
		{BFD97F00-FECA-1BAD-77D4-9E7E307CDA53} = {BFD97F00-FECA-1BAD-77D4-9E7E307CDA53}
	EndProjectSection
EndProject
Project("{8BC9CEB8-8B4A-11D0-8D11-00A0C91BC942}") = "POA_On_Demand_Loading_Server", "On_Demand_Loading\POA_On_Demand_Loading_Server_vs2017.vcxproj", "{D20080C0-FECA-1BAD-2CBD-8B83604DA99B}"
EndProject
Project("{8BC9CEB8-8B4A-11D0-8D11-00A0C91BC942}") = "POA_POAManagerFactory", "POAManagerFactory\POA_POAManagerFactory_vs2017.vcxproj", "{B5FD3450-FECA-1BAD-AF1D-5FA0B43A9ECB}"
EndProject
Project("{8BC9CEB8-8B4A-11D0-8D11-00A0C91BC942}") = "POA_BiDir", "POA_BiDir\POA_BiDir_vs2017.vcxproj", "{23EF08C5-FECA-1BAD-D2B4-3ED7D54DE362}"
EndProject
Project("{8BC9CEB8-8B4A-11D0-8D11-00A0C91BC942}") = "POA_POA_Destruction", "POA_Destruction\POA_POA_Destruction_vs2017.vcxproj", "{A1BC497E-FECA-1BAD-9DB8-EBE3B5E1648B}"
EndProject
Project("{8BC9CEB8-8B4A-11D0-8D11-00A0C91BC942}") = "POA_Client_Persistent_ID", "Persistent_ID\POA_Client_Persistent_ID_vs2017.vcxproj", "{812903A9-FECA-1BAD-3E88-C80C73BB5F73}"
	ProjectSection(ProjectDependencies) = postProject
		{3C18FD4D-FECA-1BAD-3E88-C80C73BB5F73} = {3C18FD4D-FECA-1BAD-3E88-C80C73BB5F73}
		{BA491323-FECA-1BAD-3E88-C80C73BB5F73} = {BA491323-FECA-1BAD-3E88-C80C73BB5F73}
	EndProjectSection
EndProject
Project("{8BC9CEB8-8B4A-11D0-8D11-00A0C91BC942}") = "POA_IDL_Persistent_ID", "Persistent_ID\POA_IDL_Persistent_ID_vs2017.vcxproj", "{3C18FD4D-FECA-1BAD-3E88-C80C73BB5F73}"
EndProject
Project("{8BC9CEB8-8B4A-11D0-8D11-00A0C91BC942}") = "POA_Server_Persistent_ID", "Persistent_ID\POA_Server_Persistent_ID_vs2017.vcxproj", "{BA491323-FECA-1BAD-3E88-C80C73BB5F73}"
	ProjectSection(ProjectDependencies) = postProject
		{3C18FD4D-FECA-1BAD-3E88-C80C73BB5F73} = {3C18FD4D-FECA-1BAD-3E88-C80C73BB5F73}
	EndProjectSection
EndProject
Project("{8BC9CEB8-8B4A-11D0-8D11-00A0C91BC942}") = "POA_Policies", "Policies\POA_Policies_vs2017.vcxproj", "{DE3EE4A8-FECA-1BAD-5F24-E3CC2FB0CC3B}"
EndProject
Project("{8BC9CEB8-8B4A-11D0-8D11-00A0C91BC942}") = "Reference_Counted_Servant_Server", "Reference_Counted_Servant\Reference_Counted_Servant_Server_vs2017.vcxproj", "{CC21E241-FECA-1BAD-ADA3-AAE1417B9C75}"
	ProjectSection(ProjectDependencies) = postProject
		{BFD97F00-FECA-1BAD-77D4-9E7E307CDA53} = {BFD97F00-FECA-1BAD-77D4-9E7E307CDA53}
	EndProjectSection
EndProject
Project("{8BC9CEB8-8B4A-11D0-8D11-00A0C91BC942}") = "Reference_Counting_Server", "Reference_Counting\Reference_Counting_Server_vs2017.vcxproj", "{A25B1A43-FECA-1BAD-AFCD-D01945E9B289}"
EndProject
Project("{8BC9CEB8-8B4A-11D0-8D11-00A0C91BC942}") = "RootPOA_Server", "RootPOA\RootPOA_Server_vs2017.vcxproj", "{DC55F8F8-FECA-1BAD-14B3-DEFB80F9ED80}"
EndProject
Project("{8BC9CEB8-8B4A-11D0-8D11-00A0C91BC942}") = "POA_Single_Threaded_POA", "Single_Threaded_POA\POA_Single_Threaded_POA_vs2017.vcxproj", "{EB6CB70E-FECA-1BAD-DE08-E258910A0A6B}"
EndProject
Project("{8BC9CEB8-8B4A-11D0-8D11-00A0C91BC942}") = "POA_TIE_Client", "TIE\POA_TIE_Client_vs2017.vcxproj", "{D8455E77-FECA-1BAD-A0D7-DED7F93184B4}"
	ProjectSection(ProjectDependencies) = postProject
		{C2A94B75-FECA-1BAD-A0D7-DED7F93184B4} = {C2A94B75-FECA-1BAD-A0D7-DED7F93184B4}
	EndProjectSection
EndProject
Project("{8BC9CEB8-8B4A-11D0-8D11-00A0C91BC942}") = "POA_TIE_IDL", "TIE\POA_TIE_IDL_vs2017.vcxproj", "{C2A94B75-FECA-1BAD-A0D7-DED7F93184B4}"
EndProject
Project("{8BC9CEB8-8B4A-11D0-8D11-00A0C91BC942}") = "POA_TIE_Server", "TIE\POA_TIE_Server_vs2017.vcxproj", "{B855D44C-FECA-1BAD-A0D7-DED7F93184B4}"
	ProjectSection(ProjectDependencies) = postProject
		{C2A94B75-FECA-1BAD-A0D7-DED7F93184B4} = {C2A94B75-FECA-1BAD-A0D7-DED7F93184B4}
	EndProjectSection
EndProject
Project("{8BC9CEB8-8B4A-11D0-8D11-00A0C91BC942}") = "POA_Wait_For_Completion", "wait_for_completion\POA_Wait_For_Completion_vs2017.vcxproj", "{D635AAB5-FECA-1BAD-27BB-35C9469BF3D8}"
EndProject
Global
	GlobalSection(SolutionConfigurationPlatforms) = preSolution
		Debug|Win32 = Debug|Win32
		Debug|x64 = Debug|x64
		Release|Win32 = Release|Win32
		Release|x64 = Release|x64
	EndGlobalSection
	GlobalSection(ProjectConfigurationPlatforms) = postSolution
		{EF65A61D-FECA-1BAD-F180-EEA5056B74A6}.Debug|Win32.ActiveCfg = Debug|Win32
		{EF65A61D-FECA-1BAD-F180-EEA5056B74A6}.Debug|Win32.Build.0 = Debug|Win32
		{EF65A61D-FECA-1BAD-F180-EEA5056B74A6}.Debug|x64.ActiveCfg = Debug|x64
		{EF65A61D-FECA-1BAD-F180-EEA5056B74A6}.Debug|x64.Build.0 = Debug|x64
		{EF65A61D-FECA-1BAD-F180-EEA5056B74A6}.Release|Win32.ActiveCfg = Release|Win32
		{EF65A61D-FECA-1BAD-F180-EEA5056B74A6}.Release|Win32.Build.0 = Release|Win32
		{EF65A61D-FECA-1BAD-F180-EEA5056B74A6}.Release|x64.ActiveCfg = Release|x64
		{EF65A61D-FECA-1BAD-F180-EEA5056B74A6}.Release|x64.Build.0 = Release|x64
		{E2D7A4B7-FECA-1BAD-60ED-4C2D3F7FB48E}.Debug|Win32.ActiveCfg = Debug|Win32
		{E2D7A4B7-FECA-1BAD-60ED-4C2D3F7FB48E}.Debug|Win32.Build.0 = Debug|Win32
		{E2D7A4B7-FECA-1BAD-60ED-4C2D3F7FB48E}.Debug|x64.ActiveCfg = Debug|x64
		{E2D7A4B7-FECA-1BAD-60ED-4C2D3F7FB48E}.Debug|x64.Build.0 = Debug|x64
		{E2D7A4B7-FECA-1BAD-60ED-4C2D3F7FB48E}.Release|Win32.ActiveCfg = Release|Win32
		{E2D7A4B7-FECA-1BAD-60ED-4C2D3F7FB48E}.Release|Win32.Build.0 = Release|Win32
		{E2D7A4B7-FECA-1BAD-60ED-4C2D3F7FB48E}.Release|x64.ActiveCfg = Release|x64
		{E2D7A4B7-FECA-1BAD-60ED-4C2D3F7FB48E}.Release|x64.Build.0 = Release|x64
		{6EAAE278-FECA-1BAD-60ED-4C2D3F7FB48E}.Debug|Win32.ActiveCfg = Debug|Win32
		{6EAAE278-FECA-1BAD-60ED-4C2D3F7FB48E}.Debug|Win32.Build.0 = Debug|Win32
		{6EAAE278-FECA-1BAD-60ED-4C2D3F7FB48E}.Debug|x64.ActiveCfg = Debug|x64
		{6EAAE278-FECA-1BAD-60ED-4C2D3F7FB48E}.Debug|x64.Build.0 = Debug|x64
		{6EAAE278-FECA-1BAD-60ED-4C2D3F7FB48E}.Release|Win32.ActiveCfg = Release|Win32
		{6EAAE278-FECA-1BAD-60ED-4C2D3F7FB48E}.Release|Win32.Build.0 = Release|Win32
		{6EAAE278-FECA-1BAD-60ED-4C2D3F7FB48E}.Release|x64.ActiveCfg = Release|x64
		{6EAAE278-FECA-1BAD-60ED-4C2D3F7FB48E}.Release|x64.Build.0 = Release|x64
		{82C72E8C-FECA-1BAD-60ED-4C2D3F7FB48E}.Debug|Win32.ActiveCfg = Debug|Win32
		{82C72E8C-FECA-1BAD-60ED-4C2D3F7FB48E}.Debug|Win32.Build.0 = Debug|Win32
		{82C72E8C-FECA-1BAD-60ED-4C2D3F7FB48E}.Debug|x64.ActiveCfg = Debug|x64
		{82C72E8C-FECA-1BAD-60ED-4C2D3F7FB48E}.Debug|x64.Build.0 = Debug|x64
		{82C72E8C-FECA-1BAD-60ED-4C2D3F7FB48E}.Release|Win32.ActiveCfg = Release|Win32
		{82C72E8C-FECA-1BAD-60ED-4C2D3F7FB48E}.Release|Win32.Build.0 = Release|Win32
		{82C72E8C-FECA-1BAD-60ED-4C2D3F7FB48E}.Release|x64.ActiveCfg = Release|x64
		{82C72E8C-FECA-1BAD-60ED-4C2D3F7FB48E}.Release|x64.Build.0 = Release|x64
		{B1BB6FE0-FECA-1BAD-50ED-4F253C77848E}.Debug|Win32.ActiveCfg = Debug|Win32
		{B1BB6FE0-FECA-1BAD-50ED-4F253C77848E}.Debug|Win32.Build.0 = Debug|Win32
		{B1BB6FE0-FECA-1BAD-50ED-4F253C77848E}.Debug|x64.ActiveCfg = Debug|x64
		{B1BB6FE0-FECA-1BAD-50ED-4F253C77848E}.Debug|x64.Build.0 = Debug|x64
		{B1BB6FE0-FECA-1BAD-50ED-4F253C77848E}.Release|Win32.ActiveCfg = Release|Win32
		{B1BB6FE0-FECA-1BAD-50ED-4F253C77848E}.Release|Win32.Build.0 = Release|Win32
		{B1BB6FE0-FECA-1BAD-50ED-4F253C77848E}.Release|x64.ActiveCfg = Release|x64
		{B1BB6FE0-FECA-1BAD-50ED-4F253C77848E}.Release|x64.Build.0 = Release|x64
		{43E6149C-FECA-1BAD-4396-CE469044BAA5}.Debug|Win32.ActiveCfg = Debug|Win32
		{43E6149C-FECA-1BAD-4396-CE469044BAA5}.Debug|Win32.Build.0 = Debug|Win32
		{43E6149C-FECA-1BAD-4396-CE469044BAA5}.Debug|x64.ActiveCfg = Debug|x64
		{43E6149C-FECA-1BAD-4396-CE469044BAA5}.Debug|x64.Build.0 = Debug|x64
		{43E6149C-FECA-1BAD-4396-CE469044BAA5}.Release|Win32.ActiveCfg = Release|Win32
		{43E6149C-FECA-1BAD-4396-CE469044BAA5}.Release|Win32.Build.0 = Release|Win32
		{43E6149C-FECA-1BAD-4396-CE469044BAA5}.Release|x64.ActiveCfg = Release|x64
		{43E6149C-FECA-1BAD-4396-CE469044BAA5}.Release|x64.Build.0 = Release|x64
		{74455E66-FECA-1BAD-B17B-DED7F9319518}.Debug|Win32.ActiveCfg = Debug|Win32
		{74455E66-FECA-1BAD-B17B-DED7F9319518}.Debug|Win32.Build.0 = Debug|Win32
		{74455E66-FECA-1BAD-B17B-DED7F9319518}.Debug|x64.ActiveCfg = Debug|x64
		{74455E66-FECA-1BAD-B17B-DED7F9319518}.Debug|x64.Build.0 = Debug|x64
		{74455E66-FECA-1BAD-B17B-DED7F9319518}.Release|Win32.ActiveCfg = Release|Win32
		{74455E66-FECA-1BAD-B17B-DED7F9319518}.Release|Win32.Build.0 = Release|Win32
		{74455E66-FECA-1BAD-B17B-DED7F9319518}.Release|x64.ActiveCfg = Release|x64
		{74455E66-FECA-1BAD-B17B-DED7F9319518}.Release|x64.Build.0 = Release|x64
		{C3B38B75-FECA-1BAD-B17B-DED7F9319518}.Debug|Win32.ActiveCfg = Debug|Win32
		{C3B38B75-FECA-1BAD-B17B-DED7F9319518}.Debug|Win32.Build.0 = Debug|Win32
		{C3B38B75-FECA-1BAD-B17B-DED7F9319518}.Debug|x64.ActiveCfg = Debug|x64
		{C3B38B75-FECA-1BAD-B17B-DED7F9319518}.Debug|x64.Build.0 = Debug|x64
		{C3B38B75-FECA-1BAD-B17B-DED7F9319518}.Release|Win32.ActiveCfg = Release|Win32
		{C3B38B75-FECA-1BAD-B17B-DED7F9319518}.Release|Win32.Build.0 = Release|Win32
		{C3B38B75-FECA-1BAD-B17B-DED7F9319518}.Release|x64.ActiveCfg = Release|x64
		{C3B38B75-FECA-1BAD-B17B-DED7F9319518}.Release|x64.Build.0 = Release|x64
		{1455D45D-FECA-1BAD-B17B-DED7F9319518}.Debug|Win32.ActiveCfg = Debug|Win32
		{1455D45D-FECA-1BAD-B17B-DED7F9319518}.Debug|Win32.Build.0 = Debug|Win32
		{1455D45D-FECA-1BAD-B17B-DED7F9319518}.Debug|x64.ActiveCfg = Debug|x64
		{1455D45D-FECA-1BAD-B17B-DED7F9319518}.Debug|x64.Build.0 = Debug|x64
		{1455D45D-FECA-1BAD-B17B-DED7F9319518}.Release|Win32.ActiveCfg = Release|Win32
		{1455D45D-FECA-1BAD-B17B-DED7F9319518}.Release|Win32.Build.0 = Release|Win32
		{1455D45D-FECA-1BAD-B17B-DED7F9319518}.Release|x64.ActiveCfg = Release|x64
		{1455D45D-FECA-1BAD-B17B-DED7F9319518}.Release|x64.Build.0 = Release|x64
		{093DB6CF-FECA-1BAD-2366-B6B55D2F12B0}.Debug|Win32.ActiveCfg = Debug|Win32
		{093DB6CF-FECA-1BAD-2366-B6B55D2F12B0}.Debug|Win32.Build.0 = Debug|Win32
		{093DB6CF-FECA-1BAD-2366-B6B55D2F12B0}.Debug|x64.ActiveCfg = Debug|x64
		{093DB6CF-FECA-1BAD-2366-B6B55D2F12B0}.Debug|x64.Build.0 = Debug|x64
		{093DB6CF-FECA-1BAD-2366-B6B55D2F12B0}.Release|Win32.ActiveCfg = Release|Win32
		{093DB6CF-FECA-1BAD-2366-B6B55D2F12B0}.Release|Win32.Build.0 = Release|Win32
		{093DB6CF-FECA-1BAD-2366-B6B55D2F12B0}.Release|x64.ActiveCfg = Release|x64
		{093DB6CF-FECA-1BAD-2366-B6B55D2F12B0}.Release|x64.Build.0 = Release|x64
		{59D516E7-FECA-1BAD-6427-6D7633749D14}.Debug|Win32.ActiveCfg = Debug|Win32
		{59D516E7-FECA-1BAD-6427-6D7633749D14}.Debug|Win32.Build.0 = Debug|Win32
		{59D516E7-FECA-1BAD-6427-6D7633749D14}.Debug|x64.ActiveCfg = Debug|x64
		{59D516E7-FECA-1BAD-6427-6D7633749D14}.Debug|x64.Build.0 = Debug|x64
		{59D516E7-FECA-1BAD-6427-6D7633749D14}.Release|Win32.ActiveCfg = Release|Win32
		{59D516E7-FECA-1BAD-6427-6D7633749D14}.Release|Win32.Build.0 = Release|Win32
		{59D516E7-FECA-1BAD-6427-6D7633749D14}.Release|x64.ActiveCfg = Release|x64
		{59D516E7-FECA-1BAD-6427-6D7633749D14}.Release|x64.Build.0 = Release|x64
		{9C06FFE7-FECA-1BAD-3093-9D763749D171}.Debug|Win32.ActiveCfg = Debug|Win32
		{9C06FFE7-FECA-1BAD-3093-9D763749D171}.Debug|Win32.Build.0 = Debug|Win32
		{9C06FFE7-FECA-1BAD-3093-9D763749D171}.Debug|x64.ActiveCfg = Debug|x64
		{9C06FFE7-FECA-1BAD-3093-9D763749D171}.Debug|x64.Build.0 = Debug|x64
		{9C06FFE7-FECA-1BAD-3093-9D763749D171}.Release|Win32.ActiveCfg = Release|Win32
		{9C06FFE7-FECA-1BAD-3093-9D763749D171}.Release|Win32.Build.0 = Release|Win32
		{9C06FFE7-FECA-1BAD-3093-9D763749D171}.Release|x64.ActiveCfg = Release|x64
		{9C06FFE7-FECA-1BAD-3093-9D763749D171}.Release|x64.Build.0 = Release|x64
		{DBAD0F4F-FECA-1BAD-3093-9D763749D171}.Debug|Win32.ActiveCfg = Debug|Win32
		{DBAD0F4F-FECA-1BAD-3093-9D763749D171}.Debug|Win32.Build.0 = Debug|Win32
		{DBAD0F4F-FECA-1BAD-3093-9D763749D171}.Debug|x64.ActiveCfg = Debug|x64
		{DBAD0F4F-FECA-1BAD-3093-9D763749D171}.Debug|x64.Build.0 = Debug|x64
		{DBAD0F4F-FECA-1BAD-3093-9D763749D171}.Release|Win32.ActiveCfg = Release|Win32
		{DBAD0F4F-FECA-1BAD-3093-9D763749D171}.Release|Win32.Build.0 = Release|Win32
		{DBAD0F4F-FECA-1BAD-3093-9D763749D171}.Release|x64.ActiveCfg = Release|x64
		{DBAD0F4F-FECA-1BAD-3093-9D763749D171}.Release|x64.Build.0 = Release|x64
		{FC1675DC-FECA-1BAD-3093-9D763749D171}.Debug|Win32.ActiveCfg = Debug|Win32
		{FC1675DC-FECA-1BAD-3093-9D763749D171}.Debug|Win32.Build.0 = Debug|Win32
		{FC1675DC-FECA-1BAD-3093-9D763749D171}.Debug|x64.ActiveCfg = Debug|x64
		{FC1675DC-FECA-1BAD-3093-9D763749D171}.Debug|x64.Build.0 = Debug|x64
		{FC1675DC-FECA-1BAD-3093-9D763749D171}.Release|Win32.ActiveCfg = Release|Win32
		{FC1675DC-FECA-1BAD-3093-9D763749D171}.Release|Win32.Build.0 = Release|Win32
		{FC1675DC-FECA-1BAD-3093-9D763749D171}.Release|x64.ActiveCfg = Release|x64
		{FC1675DC-FECA-1BAD-3093-9D763749D171}.Release|x64.Build.0 = Release|x64
		{DB84BB4E-FECA-1BAD-99D4-1F3288178645}.Debug|Win32.ActiveCfg = Debug|Win32
		{DB84BB4E-FECA-1BAD-99D4-1F3288178645}.Debug|Win32.Build.0 = Debug|Win32
		{DB84BB4E-FECA-1BAD-99D4-1F3288178645}.Debug|x64.ActiveCfg = Debug|x64
		{DB84BB4E-FECA-1BAD-99D4-1F3288178645}.Debug|x64.Build.0 = Debug|x64
		{DB84BB4E-FECA-1BAD-99D4-1F3288178645}.Release|Win32.ActiveCfg = Release|Win32
		{DB84BB4E-FECA-1BAD-99D4-1F3288178645}.Release|Win32.Build.0 = Release|Win32
		{DB84BB4E-FECA-1BAD-99D4-1F3288178645}.Release|x64.ActiveCfg = Release|x64
		{DB84BB4E-FECA-1BAD-99D4-1F3288178645}.Release|x64.Build.0 = Release|x64
		{91397749-FECA-1BAD-99D4-1F3288178645}.Debug|Win32.ActiveCfg = Debug|Win32
		{91397749-FECA-1BAD-99D4-1F3288178645}.Debug|Win32.Build.0 = Debug|Win32
		{91397749-FECA-1BAD-99D4-1F3288178645}.Debug|x64.ActiveCfg = Debug|x64
		{91397749-FECA-1BAD-99D4-1F3288178645}.Debug|x64.Build.0 = Debug|x64
		{91397749-FECA-1BAD-99D4-1F3288178645}.Release|Win32.ActiveCfg = Release|Win32
		{91397749-FECA-1BAD-99D4-1F3288178645}.Release|Win32.Build.0 = Release|Win32
		{91397749-FECA-1BAD-99D4-1F3288178645}.Release|x64.ActiveCfg = Release|x64
		{91397749-FECA-1BAD-99D4-1F3288178645}.Release|x64.Build.0 = Release|x64
		{BB943175-FECA-1BAD-99D4-1F3288178645}.Debug|Win32.ActiveCfg = Debug|Win32
		{BB943175-FECA-1BAD-99D4-1F3288178645}.Debug|Win32.Build.0 = Debug|Win32
		{BB943175-FECA-1BAD-99D4-1F3288178645}.Debug|x64.ActiveCfg = Debug|x64
		{BB943175-FECA-1BAD-99D4-1F3288178645}.Debug|x64.Build.0 = Debug|x64
		{BB943175-FECA-1BAD-99D4-1F3288178645}.Release|Win32.ActiveCfg = Release|Win32
		{BB943175-FECA-1BAD-99D4-1F3288178645}.Release|Win32.Build.0 = Release|Win32
		{BB943175-FECA-1BAD-99D4-1F3288178645}.Release|x64.ActiveCfg = Release|x64
		{BB943175-FECA-1BAD-99D4-1F3288178645}.Release|x64.Build.0 = Release|x64
		{996AC01F-FECA-1BAD-0BAB-668B3889F298}.Debug|Win32.ActiveCfg = Debug|Win32
		{996AC01F-FECA-1BAD-0BAB-668B3889F298}.Debug|Win32.Build.0 = Debug|Win32
		{996AC01F-FECA-1BAD-0BAB-668B3889F298}.Debug|x64.ActiveCfg = Debug|x64
		{996AC01F-FECA-1BAD-0BAB-668B3889F298}.Debug|x64.Build.0 = Debug|x64
		{996AC01F-FECA-1BAD-0BAB-668B3889F298}.Release|Win32.ActiveCfg = Release|Win32
		{996AC01F-FECA-1BAD-0BAB-668B3889F298}.Release|Win32.Build.0 = Release|Win32
		{996AC01F-FECA-1BAD-0BAB-668B3889F298}.Release|x64.ActiveCfg = Release|x64
		{996AC01F-FECA-1BAD-0BAB-668B3889F298}.Release|x64.Build.0 = Release|x64
		{880B153F-FECA-1BAD-0855-CF9658B317C4}.Debug|Win32.ActiveCfg = Debug|Win32
		{880B153F-FECA-1BAD-0855-CF9658B317C4}.Debug|Win32.Build.0 = Debug|Win32
		{880B153F-FECA-1BAD-0855-CF9658B317C4}.Debug|x64.ActiveCfg = Debug|x64
		{880B153F-FECA-1BAD-0855-CF9658B317C4}.Debug|x64.Build.0 = Debug|x64
		{880B153F-FECA-1BAD-0855-CF9658B317C4}.Release|Win32.ActiveCfg = Release|Win32
		{880B153F-FECA-1BAD-0855-CF9658B317C4}.Release|Win32.Build.0 = Release|Win32
		{880B153F-FECA-1BAD-0855-CF9658B317C4}.Release|x64.ActiveCfg = Release|x64
		{880B153F-FECA-1BAD-0855-CF9658B317C4}.Release|x64.Build.0 = Release|x64
		{BC81801A-FECA-1BAD-5F4D-C83F5A4D9D25}.Debug|Win32.ActiveCfg = Debug|Win32
		{BC81801A-FECA-1BAD-5F4D-C83F5A4D9D25}.Debug|Win32.Build.0 = Debug|Win32
		{BC81801A-FECA-1BAD-5F4D-C83F5A4D9D25}.Debug|x64.ActiveCfg = Debug|x64
		{BC81801A-FECA-1BAD-5F4D-C83F5A4D9D25}.Debug|x64.Build.0 = Debug|x64
		{BC81801A-FECA-1BAD-5F4D-C83F5A4D9D25}.Release|Win32.ActiveCfg = Release|Win32
		{BC81801A-FECA-1BAD-5F4D-C83F5A4D9D25}.Release|Win32.Build.0 = Release|Win32
		{BC81801A-FECA-1BAD-5F4D-C83F5A4D9D25}.Release|x64.ActiveCfg = Release|x64
		{BC81801A-FECA-1BAD-5F4D-C83F5A4D9D25}.Release|x64.Build.0 = Release|x64
		{71D48C6A-FECA-1BAD-861E-5F8F7869A27D}.Debug|Win32.ActiveCfg = Debug|Win32
		{71D48C6A-FECA-1BAD-861E-5F8F7869A27D}.Debug|Win32.Build.0 = Debug|Win32
		{71D48C6A-FECA-1BAD-861E-5F8F7869A27D}.Debug|x64.ActiveCfg = Debug|x64
		{71D48C6A-FECA-1BAD-861E-5F8F7869A27D}.Debug|x64.Build.0 = Debug|x64
		{71D48C6A-FECA-1BAD-861E-5F8F7869A27D}.Release|Win32.ActiveCfg = Release|Win32
		{71D48C6A-FECA-1BAD-861E-5F8F7869A27D}.Release|Win32.Build.0 = Release|Win32
		{71D48C6A-FECA-1BAD-861E-5F8F7869A27D}.Release|x64.ActiveCfg = Release|x64
		{71D48C6A-FECA-1BAD-861E-5F8F7869A27D}.Release|x64.Build.0 = Release|x64
		{13ABC1EE-FECA-1BAD-4007-3A9B9499ED80}.Debug|Win32.ActiveCfg = Debug|Win32
		{13ABC1EE-FECA-1BAD-4007-3A9B9499ED80}.Debug|Win32.Build.0 = Debug|Win32
		{13ABC1EE-FECA-1BAD-4007-3A9B9499ED80}.Debug|x64.ActiveCfg = Debug|x64
		{13ABC1EE-FECA-1BAD-4007-3A9B9499ED80}.Debug|x64.Build.0 = Debug|x64
		{13ABC1EE-FECA-1BAD-4007-3A9B9499ED80}.Release|Win32.ActiveCfg = Release|Win32
		{13ABC1EE-FECA-1BAD-4007-3A9B9499ED80}.Release|Win32.Build.0 = Release|Win32
		{13ABC1EE-FECA-1BAD-4007-3A9B9499ED80}.Release|x64.ActiveCfg = Release|x64
		{13ABC1EE-FECA-1BAD-4007-3A9B9499ED80}.Release|x64.Build.0 = Release|x64
		{8245C5B3-FECA-1BAD-648D-DE4C4EF736C9}.Debug|Win32.ActiveCfg = Debug|Win32
		{8245C5B3-FECA-1BAD-648D-DE4C4EF736C9}.Debug|Win32.Build.0 = Debug|Win32
		{8245C5B3-FECA-1BAD-648D-DE4C4EF736C9}.Debug|x64.ActiveCfg = Debug|x64
		{8245C5B3-FECA-1BAD-648D-DE4C4EF736C9}.Debug|x64.Build.0 = Debug|x64
		{8245C5B3-FECA-1BAD-648D-DE4C4EF736C9}.Release|Win32.ActiveCfg = Release|Win32
		{8245C5B3-FECA-1BAD-648D-DE4C4EF736C9}.Release|Win32.Build.0 = Release|Win32
		{8245C5B3-FECA-1BAD-648D-DE4C4EF736C9}.Release|x64.ActiveCfg = Release|x64
		{8245C5B3-FECA-1BAD-648D-DE4C4EF736C9}.Release|x64.Build.0 = Release|x64
		{7EECEB7C-FECA-1BAD-648D-DE4C4EF736C9}.Debug|Win32.ActiveCfg = Debug|Win32
		{7EECEB7C-FECA-1BAD-648D-DE4C4EF736C9}.Debug|Win32.Build.0 = Debug|Win32
		{7EECEB7C-FECA-1BAD-648D-DE4C4EF736C9}.Debug|x64.ActiveCfg = Debug|x64
		{7EECEB7C-FECA-1BAD-648D-DE4C4EF736C9}.Debug|x64.Build.0 = Debug|x64
		{7EECEB7C-FECA-1BAD-648D-DE4C4EF736C9}.Release|Win32.ActiveCfg = Release|Win32
		{7EECEB7C-FECA-1BAD-648D-DE4C4EF736C9}.Release|Win32.Build.0 = Release|Win32
		{7EECEB7C-FECA-1BAD-648D-DE4C4EF736C9}.Release|x64.ActiveCfg = Release|x64
		{7EECEB7C-FECA-1BAD-648D-DE4C4EF736C9}.Release|x64.Build.0 = Release|x64
		{E2554F88-FECA-1BAD-648D-DE4C4EF736C9}.Debug|Win32.ActiveCfg = Debug|Win32
		{E2554F88-FECA-1BAD-648D-DE4C4EF736C9}.Debug|Win32.Build.0 = Debug|Win32
		{E2554F88-FECA-1BAD-648D-DE4C4EF736C9}.Debug|x64.ActiveCfg = Debug|x64
		{E2554F88-FECA-1BAD-648D-DE4C4EF736C9}.Debug|x64.Build.0 = Debug|x64
		{E2554F88-FECA-1BAD-648D-DE4C4EF736C9}.Release|Win32.ActiveCfg = Release|Win32
		{E2554F88-FECA-1BAD-648D-DE4C4EF736C9}.Release|Win32.Build.0 = Release|Win32
		{E2554F88-FECA-1BAD-648D-DE4C4EF736C9}.Release|x64.ActiveCfg = Release|x64
		{E2554F88-FECA-1BAD-648D-DE4C4EF736C9}.Release|x64.Build.0 = Release|x64
		{DB05F7A0-FECA-1BAD-77D4-9E7E307CDA53}.Debug|Win32.ActiveCfg = Debug|Win32
		{DB05F7A0-FECA-1BAD-77D4-9E7E307CDA53}.Debug|Win32.Build.0 = Debug|Win32
		{DB05F7A0-FECA-1BAD-77D4-9E7E307CDA53}.Debug|x64.ActiveCfg = Debug|x64
		{DB05F7A0-FECA-1BAD-77D4-9E7E307CDA53}.Debug|x64.Build.0 = Debug|x64
		{DB05F7A0-FECA-1BAD-77D4-9E7E307CDA53}.Release|Win32.ActiveCfg = Release|Win32
		{DB05F7A0-FECA-1BAD-77D4-9E7E307CDA53}.Release|Win32.Build.0 = Release|Win32
		{DB05F7A0-FECA-1BAD-77D4-9E7E307CDA53}.Release|x64.ActiveCfg = Release|x64
		{DB05F7A0-FECA-1BAD-77D4-9E7E307CDA53}.Release|x64.Build.0 = Release|x64
		{BFD97F00-FECA-1BAD-77D4-9E7E307CDA53}.Debug|Win32.ActiveCfg = Debug|Win32
		{BFD97F00-FECA-1BAD-77D4-9E7E307CDA53}.Debug|Win32.Build.0 = Debug|Win32
		{BFD97F00-FECA-1BAD-77D4-9E7E307CDA53}.Debug|x64.ActiveCfg = Debug|x64
		{BFD97F00-FECA-1BAD-77D4-9E7E307CDA53}.Debug|x64.Build.0 = Debug|x64
		{BFD97F00-FECA-1BAD-77D4-9E7E307CDA53}.Release|Win32.ActiveCfg = Release|Win32
		{BFD97F00-FECA-1BAD-77D4-9E7E307CDA53}.Release|Win32.Build.0 = Release|Win32
		{BFD97F00-FECA-1BAD-77D4-9E7E307CDA53}.Release|x64.ActiveCfg = Release|x64
		{BFD97F00-FECA-1BAD-77D4-9E7E307CDA53}.Release|x64.Build.0 = Release|x64
		{678783B9-FECA-1BAD-2E3F-785AB426BD20}.Debug|Win32.ActiveCfg = Debug|Win32
		{678783B9-FECA-1BAD-2E3F-785AB426BD20}.Debug|Win32.Build.0 = Debug|Win32
		{678783B9-FECA-1BAD-2E3F-785AB426BD20}.Debug|x64.ActiveCfg = Debug|x64
		{678783B9-FECA-1BAD-2E3F-785AB426BD20}.Debug|x64.Build.0 = Debug|x64
		{678783B9-FECA-1BAD-2E3F-785AB426BD20}.Release|Win32.ActiveCfg = Release|Win32
		{678783B9-FECA-1BAD-2E3F-785AB426BD20}.Release|Win32.Build.0 = Release|Win32
		{678783B9-FECA-1BAD-2E3F-785AB426BD20}.Release|x64.ActiveCfg = Release|x64
		{678783B9-FECA-1BAD-2E3F-785AB426BD20}.Release|x64.Build.0 = Release|x64
		{044AC99B-FECA-1BAD-776B-C1CA19EF6DB1}.Debug|Win32.ActiveCfg = Debug|Win32
		{044AC99B-FECA-1BAD-776B-C1CA19EF6DB1}.Debug|Win32.Build.0 = Debug|Win32
		{044AC99B-FECA-1BAD-776B-C1CA19EF6DB1}.Debug|x64.ActiveCfg = Debug|x64
		{044AC99B-FECA-1BAD-776B-C1CA19EF6DB1}.Debug|x64.Build.0 = Debug|x64
		{044AC99B-FECA-1BAD-776B-C1CA19EF6DB1}.Release|Win32.ActiveCfg = Release|Win32
		{044AC99B-FECA-1BAD-776B-C1CA19EF6DB1}.Release|Win32.Build.0 = Release|Win32
		{044AC99B-FECA-1BAD-776B-C1CA19EF6DB1}.Release|x64.ActiveCfg = Release|x64
		{044AC99B-FECA-1BAD-776B-C1CA19EF6DB1}.Release|x64.Build.0 = Release|x64
		{690BF707-FECA-1BAD-6190-95D300237CD4}.Debug|Win32.ActiveCfg = Debug|Win32
		{690BF707-FECA-1BAD-6190-95D300237CD4}.Debug|Win32.Build.0 = Debug|Win32
		{690BF707-FECA-1BAD-6190-95D300237CD4}.Debug|x64.ActiveCfg = Debug|x64
		{690BF707-FECA-1BAD-6190-95D300237CD4}.Debug|x64.Build.0 = Debug|x64
		{690BF707-FECA-1BAD-6190-95D300237CD4}.Release|Win32.ActiveCfg = Release|Win32
		{690BF707-FECA-1BAD-6190-95D300237CD4}.Release|Win32.Build.0 = Release|Win32
		{690BF707-FECA-1BAD-6190-95D300237CD4}.Release|x64.ActiveCfg = Release|x64
		{690BF707-FECA-1BAD-6190-95D300237CD4}.Release|x64.Build.0 = Release|x64
		{FCA7ED0D-FECA-1BAD-C139-CF125AE2DC7D}.Debug|Win32.ActiveCfg = Debug|Win32
		{FCA7ED0D-FECA-1BAD-C139-CF125AE2DC7D}.Debug|Win32.Build.0 = Debug|Win32
		{FCA7ED0D-FECA-1BAD-C139-CF125AE2DC7D}.Debug|x64.ActiveCfg = Debug|x64
		{FCA7ED0D-FECA-1BAD-C139-CF125AE2DC7D}.Debug|x64.Build.0 = Debug|x64
		{FCA7ED0D-FECA-1BAD-C139-CF125AE2DC7D}.Release|Win32.ActiveCfg = Release|Win32
		{FCA7ED0D-FECA-1BAD-C139-CF125AE2DC7D}.Release|Win32.Build.0 = Release|Win32
		{FCA7ED0D-FECA-1BAD-C139-CF125AE2DC7D}.Release|x64.ActiveCfg = Release|x64
		{FCA7ED0D-FECA-1BAD-C139-CF125AE2DC7D}.Release|x64.Build.0 = Release|x64
		{EC1C67F1-FECA-1BAD-21F8-C1E119C43B22}.Debug|Win32.ActiveCfg = Debug|Win32
		{EC1C67F1-FECA-1BAD-21F8-C1E119C43B22}.Debug|Win32.Build.0 = Debug|Win32
		{EC1C67F1-FECA-1BAD-21F8-C1E119C43B22}.Debug|x64.ActiveCfg = Debug|x64
		{EC1C67F1-FECA-1BAD-21F8-C1E119C43B22}.Debug|x64.Build.0 = Debug|x64
		{EC1C67F1-FECA-1BAD-21F8-C1E119C43B22}.Release|Win32.ActiveCfg = Release|Win32
		{EC1C67F1-FECA-1BAD-21F8-C1E119C43B22}.Release|Win32.Build.0 = Release|Win32
		{EC1C67F1-FECA-1BAD-21F8-C1E119C43B22}.Release|x64.ActiveCfg = Release|x64
		{EC1C67F1-FECA-1BAD-21F8-C1E119C43B22}.Release|x64.Build.0 = Release|x64
		{B670BA70-FECA-1BAD-F9E8-2C63351DBFF5}.Debug|Win32.ActiveCfg = Debug|Win32
		{B670BA70-FECA-1BAD-F9E8-2C63351DBFF5}.Debug|Win32.Build.0 = Debug|Win32
		{B670BA70-FECA-1BAD-F9E8-2C63351DBFF5}.Debug|x64.ActiveCfg = Debug|x64
		{B670BA70-FECA-1BAD-F9E8-2C63351DBFF5}.Debug|x64.Build.0 = Debug|x64
		{B670BA70-FECA-1BAD-F9E8-2C63351DBFF5}.Release|Win32.ActiveCfg = Release|Win32
		{B670BA70-FECA-1BAD-F9E8-2C63351DBFF5}.Release|Win32.Build.0 = Release|Win32
		{B670BA70-FECA-1BAD-F9E8-2C63351DBFF5}.Release|x64.ActiveCfg = Release|x64
		{B670BA70-FECA-1BAD-F9E8-2C63351DBFF5}.Release|x64.Build.0 = Release|x64
		{DD9B09B5-FECA-1BAD-35BB-8D23FE71E1D8}.Debug|Win32.ActiveCfg = Debug|Win32
		{DD9B09B5-FECA-1BAD-35BB-8D23FE71E1D8}.Debug|Win32.Build.0 = Debug|Win32
		{DD9B09B5-FECA-1BAD-35BB-8D23FE71E1D8}.Debug|x64.ActiveCfg = Debug|x64
		{DD9B09B5-FECA-1BAD-35BB-8D23FE71E1D8}.Debug|x64.Build.0 = Debug|x64
		{DD9B09B5-FECA-1BAD-35BB-8D23FE71E1D8}.Release|Win32.ActiveCfg = Release|Win32
		{DD9B09B5-FECA-1BAD-35BB-8D23FE71E1D8}.Release|Win32.Build.0 = Release|Win32
		{DD9B09B5-FECA-1BAD-35BB-8D23FE71E1D8}.Release|x64.ActiveCfg = Release|x64
		{DD9B09B5-FECA-1BAD-35BB-8D23FE71E1D8}.Release|x64.Build.0 = Release|x64
		{2C4EC8B4-FECA-1BAD-25A4-907FE32DF1C7}.Debug|Win32.ActiveCfg = Debug|Win32
		{2C4EC8B4-FECA-1BAD-25A4-907FE32DF1C7}.Debug|Win32.Build.0 = Debug|Win32
		{2C4EC8B4-FECA-1BAD-25A4-907FE32DF1C7}.Debug|x64.ActiveCfg = Debug|x64
		{2C4EC8B4-FECA-1BAD-25A4-907FE32DF1C7}.Debug|x64.Build.0 = Debug|x64
		{2C4EC8B4-FECA-1BAD-25A4-907FE32DF1C7}.Release|Win32.ActiveCfg = Release|Win32
		{2C4EC8B4-FECA-1BAD-25A4-907FE32DF1C7}.Release|Win32.Build.0 = Release|Win32
		{2C4EC8B4-FECA-1BAD-25A4-907FE32DF1C7}.Release|x64.ActiveCfg = Release|x64
		{2C4EC8B4-FECA-1BAD-25A4-907FE32DF1C7}.Release|x64.Build.0 = Release|x64
		{EAA23878-FECA-1BAD-D968-AA0459806D54}.Debug|Win32.ActiveCfg = Debug|Win32
		{EAA23878-FECA-1BAD-D968-AA0459806D54}.Debug|Win32.Build.0 = Debug|Win32
		{EAA23878-FECA-1BAD-D968-AA0459806D54}.Debug|x64.ActiveCfg = Debug|x64
		{EAA23878-FECA-1BAD-D968-AA0459806D54}.Debug|x64.Build.0 = Debug|x64
		{EAA23878-FECA-1BAD-D968-AA0459806D54}.Release|Win32.ActiveCfg = Release|Win32
		{EAA23878-FECA-1BAD-D968-AA0459806D54}.Release|Win32.Build.0 = Release|Win32
		{EAA23878-FECA-1BAD-D968-AA0459806D54}.Release|x64.ActiveCfg = Release|x64
		{EAA23878-FECA-1BAD-D968-AA0459806D54}.Release|x64.Build.0 = Release|x64
		{305F5543-FECA-1BAD-AF5F-D4568667E947}.Debug|Win32.ActiveCfg = Debug|Win32
		{305F5543-FECA-1BAD-AF5F-D4568667E947}.Debug|Win32.Build.0 = Debug|Win32
		{305F5543-FECA-1BAD-AF5F-D4568667E947}.Debug|x64.ActiveCfg = Debug|x64
		{305F5543-FECA-1BAD-AF5F-D4568667E947}.Debug|x64.Build.0 = Debug|x64
		{305F5543-FECA-1BAD-AF5F-D4568667E947}.Release|Win32.ActiveCfg = Release|Win32
		{305F5543-FECA-1BAD-AF5F-D4568667E947}.Release|Win32.Build.0 = Release|Win32
		{305F5543-FECA-1BAD-AF5F-D4568667E947}.Release|x64.ActiveCfg = Release|x64
		{305F5543-FECA-1BAD-AF5F-D4568667E947}.Release|x64.Build.0 = Release|x64
		{D20080C0-FECA-1BAD-2CBD-8B83604DA99B}.Debug|Win32.ActiveCfg = Debug|Win32
		{D20080C0-FECA-1BAD-2CBD-8B83604DA99B}.Debug|Win32.Build.0 = Debug|Win32
		{D20080C0-FECA-1BAD-2CBD-8B83604DA99B}.Debug|x64.ActiveCfg = Debug|x64
		{D20080C0-FECA-1BAD-2CBD-8B83604DA99B}.Debug|x64.Build.0 = Debug|x64
		{D20080C0-FECA-1BAD-2CBD-8B83604DA99B}.Release|Win32.ActiveCfg = Release|Win32
		{D20080C0-FECA-1BAD-2CBD-8B83604DA99B}.Release|Win32.Build.0 = Release|Win32
		{D20080C0-FECA-1BAD-2CBD-8B83604DA99B}.Release|x64.ActiveCfg = Release|x64
		{D20080C0-FECA-1BAD-2CBD-8B83604DA99B}.Release|x64.Build.0 = Release|x64
		{B5FD3450-FECA-1BAD-AF1D-5FA0B43A9ECB}.Debug|Win32.ActiveCfg = Debug|Win32
		{B5FD3450-FECA-1BAD-AF1D-5FA0B43A9ECB}.Debug|Win32.Build.0 = Debug|Win32
		{B5FD3450-FECA-1BAD-AF1D-5FA0B43A9ECB}.Debug|x64.ActiveCfg = Debug|x64
		{B5FD3450-FECA-1BAD-AF1D-5FA0B43A9ECB}.Debug|x64.Build.0 = Debug|x64
		{B5FD3450-FECA-1BAD-AF1D-5FA0B43A9ECB}.Release|Win32.ActiveCfg = Release|Win32
		{B5FD3450-FECA-1BAD-AF1D-5FA0B43A9ECB}.Release|Win32.Build.0 = Release|Win32
		{B5FD3450-FECA-1BAD-AF1D-5FA0B43A9ECB}.Release|x64.ActiveCfg = Release|x64
		{B5FD3450-FECA-1BAD-AF1D-5FA0B43A9ECB}.Release|x64.Build.0 = Release|x64
		{23EF08C5-FECA-1BAD-D2B4-3ED7D54DE362}.Debug|Win32.ActiveCfg = Debug|Win32
		{23EF08C5-FECA-1BAD-D2B4-3ED7D54DE362}.Debug|Win32.Build.0 = Debug|Win32
		{23EF08C5-FECA-1BAD-D2B4-3ED7D54DE362}.Debug|x64.ActiveCfg = Debug|x64
		{23EF08C5-FECA-1BAD-D2B4-3ED7D54DE362}.Debug|x64.Build.0 = Debug|x64
		{23EF08C5-FECA-1BAD-D2B4-3ED7D54DE362}.Release|Win32.ActiveCfg = Release|Win32
		{23EF08C5-FECA-1BAD-D2B4-3ED7D54DE362}.Release|Win32.Build.0 = Release|Win32
		{23EF08C5-FECA-1BAD-D2B4-3ED7D54DE362}.Release|x64.ActiveCfg = Release|x64
		{23EF08C5-FECA-1BAD-D2B4-3ED7D54DE362}.Release|x64.Build.0 = Release|x64
		{A1BC497E-FECA-1BAD-9DB8-EBE3B5E1648B}.Debug|Win32.ActiveCfg = Debug|Win32
		{A1BC497E-FECA-1BAD-9DB8-EBE3B5E1648B}.Debug|Win32.Build.0 = Debug|Win32
		{A1BC497E-FECA-1BAD-9DB8-EBE3B5E1648B}.Debug|x64.ActiveCfg = Debug|x64
		{A1BC497E-FECA-1BAD-9DB8-EBE3B5E1648B}.Debug|x64.Build.0 = Debug|x64
		{A1BC497E-FECA-1BAD-9DB8-EBE3B5E1648B}.Release|Win32.ActiveCfg = Release|Win32
		{A1BC497E-FECA-1BAD-9DB8-EBE3B5E1648B}.Release|Win32.Build.0 = Release|Win32
		{A1BC497E-FECA-1BAD-9DB8-EBE3B5E1648B}.Release|x64.ActiveCfg = Release|x64
		{A1BC497E-FECA-1BAD-9DB8-EBE3B5E1648B}.Release|x64.Build.0 = Release|x64
		{812903A9-FECA-1BAD-3E88-C80C73BB5F73}.Debug|Win32.ActiveCfg = Debug|Win32
		{812903A9-FECA-1BAD-3E88-C80C73BB5F73}.Debug|Win32.Build.0 = Debug|Win32
		{812903A9-FECA-1BAD-3E88-C80C73BB5F73}.Debug|x64.ActiveCfg = Debug|x64
		{812903A9-FECA-1BAD-3E88-C80C73BB5F73}.Debug|x64.Build.0 = Debug|x64
		{812903A9-FECA-1BAD-3E88-C80C73BB5F73}.Release|Win32.ActiveCfg = Release|Win32
		{812903A9-FECA-1BAD-3E88-C80C73BB5F73}.Release|Win32.Build.0 = Release|Win32
		{812903A9-FECA-1BAD-3E88-C80C73BB5F73}.Release|x64.ActiveCfg = Release|x64
		{812903A9-FECA-1BAD-3E88-C80C73BB5F73}.Release|x64.Build.0 = Release|x64
		{3C18FD4D-FECA-1BAD-3E88-C80C73BB5F73}.Debug|Win32.ActiveCfg = Debug|Win32
		{3C18FD4D-FECA-1BAD-3E88-C80C73BB5F73}.Debug|Win32.Build.0 = Debug|Win32
		{3C18FD4D-FECA-1BAD-3E88-C80C73BB5F73}.Debug|x64.ActiveCfg = Debug|x64
		{3C18FD4D-FECA-1BAD-3E88-C80C73BB5F73}.Debug|x64.Build.0 = Debug|x64
		{3C18FD4D-FECA-1BAD-3E88-C80C73BB5F73}.Release|Win32.ActiveCfg = Release|Win32
		{3C18FD4D-FECA-1BAD-3E88-C80C73BB5F73}.Release|Win32.Build.0 = Release|Win32
		{3C18FD4D-FECA-1BAD-3E88-C80C73BB5F73}.Release|x64.ActiveCfg = Release|x64
		{3C18FD4D-FECA-1BAD-3E88-C80C73BB5F73}.Release|x64.Build.0 = Release|x64
		{BA491323-FECA-1BAD-3E88-C80C73BB5F73}.Debug|Win32.ActiveCfg = Debug|Win32
		{BA491323-FECA-1BAD-3E88-C80C73BB5F73}.Debug|Win32.Build.0 = Debug|Win32
		{BA491323-FECA-1BAD-3E88-C80C73BB5F73}.Debug|x64.ActiveCfg = Debug|x64
		{BA491323-FECA-1BAD-3E88-C80C73BB5F73}.Debug|x64.Build.0 = Debug|x64
		{BA491323-FECA-1BAD-3E88-C80C73BB5F73}.Release|Win32.ActiveCfg = Release|Win32
		{BA491323-FECA-1BAD-3E88-C80C73BB5F73}.Release|Win32.Build.0 = Release|Win32
		{BA491323-FECA-1BAD-3E88-C80C73BB5F73}.Release|x64.ActiveCfg = Release|x64
		{BA491323-FECA-1BAD-3E88-C80C73BB5F73}.Release|x64.Build.0 = Release|x64
		{DE3EE4A8-FECA-1BAD-5F24-E3CC2FB0CC3B}.Debug|Win32.ActiveCfg = Debug|Win32
		{DE3EE4A8-FECA-1BAD-5F24-E3CC2FB0CC3B}.Debug|Win32.Build.0 = Debug|Win32
		{DE3EE4A8-FECA-1BAD-5F24-E3CC2FB0CC3B}.Debug|x64.ActiveCfg = Debug|x64
		{DE3EE4A8-FECA-1BAD-5F24-E3CC2FB0CC3B}.Debug|x64.Build.0 = Debug|x64
		{DE3EE4A8-FECA-1BAD-5F24-E3CC2FB0CC3B}.Release|Win32.ActiveCfg = Release|Win32
		{DE3EE4A8-FECA-1BAD-5F24-E3CC2FB0CC3B}.Release|Win32.Build.0 = Release|Win32
		{DE3EE4A8-FECA-1BAD-5F24-E3CC2FB0CC3B}.Release|x64.ActiveCfg = Release|x64
		{DE3EE4A8-FECA-1BAD-5F24-E3CC2FB0CC3B}.Release|x64.Build.0 = Release|x64
		{CC21E241-FECA-1BAD-ADA3-AAE1417B9C75}.Debug|Win32.ActiveCfg = Debug|Win32
		{CC21E241-FECA-1BAD-ADA3-AAE1417B9C75}.Debug|Win32.Build.0 = Debug|Win32
		{CC21E241-FECA-1BAD-ADA3-AAE1417B9C75}.Debug|x64.ActiveCfg = Debug|x64
		{CC21E241-FECA-1BAD-ADA3-AAE1417B9C75}.Debug|x64.Build.0 = Debug|x64
		{CC21E241-FECA-1BAD-ADA3-AAE1417B9C75}.Release|Win32.ActiveCfg = Release|Win32
		{CC21E241-FECA-1BAD-ADA3-AAE1417B9C75}.Release|Win32.Build.0 = Release|Win32
		{CC21E241-FECA-1BAD-ADA3-AAE1417B9C75}.Release|x64.ActiveCfg = Release|x64
		{CC21E241-FECA-1BAD-ADA3-AAE1417B9C75}.Release|x64.Build.0 = Release|x64
		{A25B1A43-FECA-1BAD-AFCD-D01945E9B289}.Debug|Win32.ActiveCfg = Debug|Win32
		{A25B1A43-FECA-1BAD-AFCD-D01945E9B289}.Debug|Win32.Build.0 = Debug|Win32
		{A25B1A43-FECA-1BAD-AFCD-D01945E9B289}.Debug|x64.ActiveCfg = Debug|x64
		{A25B1A43-FECA-1BAD-AFCD-D01945E9B289}.Debug|x64.Build.0 = Debug|x64
		{A25B1A43-FECA-1BAD-AFCD-D01945E9B289}.Release|Win32.ActiveCfg = Release|Win32
		{A25B1A43-FECA-1BAD-AFCD-D01945E9B289}.Release|Win32.Build.0 = Release|Win32
		{A25B1A43-FECA-1BAD-AFCD-D01945E9B289}.Release|x64.ActiveCfg = Release|x64
		{A25B1A43-FECA-1BAD-AFCD-D01945E9B289}.Release|x64.Build.0 = Release|x64
		{DC55F8F8-FECA-1BAD-14B3-DEFB80F9ED80}.Debug|Win32.ActiveCfg = Debug|Win32
		{DC55F8F8-FECA-1BAD-14B3-DEFB80F9ED80}.Debug|Win32.Build.0 = Debug|Win32
		{DC55F8F8-FECA-1BAD-14B3-DEFB80F9ED80}.Debug|x64.ActiveCfg = Debug|x64
		{DC55F8F8-FECA-1BAD-14B3-DEFB80F9ED80}.Debug|x64.Build.0 = Debug|x64
		{DC55F8F8-FECA-1BAD-14B3-DEFB80F9ED80}.Release|Win32.ActiveCfg = Release|Win32
		{DC55F8F8-FECA-1BAD-14B3-DEFB80F9ED80}.Release|Win32.Build.0 = Release|Win32
		{DC55F8F8-FECA-1BAD-14B3-DEFB80F9ED80}.Release|x64.ActiveCfg = Release|x64
		{DC55F8F8-FECA-1BAD-14B3-DEFB80F9ED80}.Release|x64.Build.0 = Release|x64
		{EB6CB70E-FECA-1BAD-DE08-E258910A0A6B}.Debug|Win32.ActiveCfg = Debug|Win32
		{EB6CB70E-FECA-1BAD-DE08-E258910A0A6B}.Debug|Win32.Build.0 = Debug|Win32
		{EB6CB70E-FECA-1BAD-DE08-E258910A0A6B}.Debug|x64.ActiveCfg = Debug|x64
		{EB6CB70E-FECA-1BAD-DE08-E258910A0A6B}.Debug|x64.Build.0 = Debug|x64
		{EB6CB70E-FECA-1BAD-DE08-E258910A0A6B}.Release|Win32.ActiveCfg = Release|Win32
		{EB6CB70E-FECA-1BAD-DE08-E258910A0A6B}.Release|Win32.Build.0 = Release|Win32
		{EB6CB70E-FECA-1BAD-DE08-E258910A0A6B}.Release|x64.ActiveCfg = Release|x64
		{EB6CB70E-FECA-1BAD-DE08-E258910A0A6B}.Release|x64.Build.0 = Release|x64
		{D8455E77-FECA-1BAD-A0D7-DED7F93184B4}.Debug|Win32.ActiveCfg = Debug|Win32
		{D8455E77-FECA-1BAD-A0D7-DED7F93184B4}.Debug|Win32.Build.0 = Debug|Win32
		{D8455E77-FECA-1BAD-A0D7-DED7F93184B4}.Debug|x64.ActiveCfg = Debug|x64
		{D8455E77-FECA-1BAD-A0D7-DED7F93184B4}.Debug|x64.Build.0 = Debug|x64
		{D8455E77-FECA-1BAD-A0D7-DED7F93184B4}.Release|Win32.ActiveCfg = Release|Win32
		{D8455E77-FECA-1BAD-A0D7-DED7F93184B4}.Release|Win32.Build.0 = Release|Win32
		{D8455E77-FECA-1BAD-A0D7-DED7F93184B4}.Release|x64.ActiveCfg = Release|x64
		{D8455E77-FECA-1BAD-A0D7-DED7F93184B4}.Release|x64.Build.0 = Release|x64
		{C2A94B75-FECA-1BAD-A0D7-DED7F93184B4}.Debug|Win32.ActiveCfg = Debug|Win32
		{C2A94B75-FECA-1BAD-A0D7-DED7F93184B4}.Debug|Win32.Build.0 = Debug|Win32
		{C2A94B75-FECA-1BAD-A0D7-DED7F93184B4}.Debug|x64.ActiveCfg = Debug|x64
		{C2A94B75-FECA-1BAD-A0D7-DED7F93184B4}.Debug|x64.Build.0 = Debug|x64
		{C2A94B75-FECA-1BAD-A0D7-DED7F93184B4}.Release|Win32.ActiveCfg = Release|Win32
		{C2A94B75-FECA-1BAD-A0D7-DED7F93184B4}.Release|Win32.Build.0 = Release|Win32
		{C2A94B75-FECA-1BAD-A0D7-DED7F93184B4}.Release|x64.ActiveCfg = Release|x64
		{C2A94B75-FECA-1BAD-A0D7-DED7F93184B4}.Release|x64.Build.0 = Release|x64
		{B855D44C-FECA-1BAD-A0D7-DED7F93184B4}.Debug|Win32.ActiveCfg = Debug|Win32
		{B855D44C-FECA-1BAD-A0D7-DED7F93184B4}.Debug|Win32.Build.0 = Debug|Win32
		{B855D44C-FECA-1BAD-A0D7-DED7F93184B4}.Debug|x64.ActiveCfg = Debug|x64
		{B855D44C-FECA-1BAD-A0D7-DED7F93184B4}.Debug|x64.Build.0 = Debug|x64
		{B855D44C-FECA-1BAD-A0D7-DED7F93184B4}.Release|Win32.ActiveCfg = Release|Win32
		{B855D44C-FECA-1BAD-A0D7-DED7F93184B4}.Release|Win32.Build.0 = Release|Win32
		{B855D44C-FECA-1BAD-A0D7-DED7F93184B4}.Release|x64.ActiveCfg = Release|x64
		{B855D44C-FECA-1BAD-A0D7-DED7F93184B4}.Release|x64.Build.0 = Release|x64
		{D635AAB5-FECA-1BAD-27BB-35C9469BF3D8}.Debug|Win32.ActiveCfg = Debug|Win32
		{D635AAB5-FECA-1BAD-27BB-35C9469BF3D8}.Debug|Win32.Build.0 = Debug|Win32
		{D635AAB5-FECA-1BAD-27BB-35C9469BF3D8}.Debug|x64.ActiveCfg = Debug|x64
		{D635AAB5-FECA-1BAD-27BB-35C9469BF3D8}.Debug|x64.Build.0 = Debug|x64
		{D635AAB5-FECA-1BAD-27BB-35C9469BF3D8}.Release|Win32.ActiveCfg = Release|Win32
		{D635AAB5-FECA-1BAD-27BB-35C9469BF3D8}.Release|Win32.Build.0 = Release|Win32
		{D635AAB5-FECA-1BAD-27BB-35C9469BF3D8}.Release|x64.ActiveCfg = Release|x64
		{D635AAB5-FECA-1BAD-27BB-35C9469BF3D8}.Release|x64.Build.0 = Release|x64
	EndGlobalSection
	GlobalSection(SolutionProperties) = preSolution
		HideSolutionNode = FALSE
	EndGlobalSection
EndGlobal
