
Microsoft Visual Studio Solution File, Format Version 12.00
# Visual Studio 15
#
# This file was generated by MPC.  Any changes made directly to
# this file will be lost the next time it is generated.
#
# MPC Command:
# /home/johnny/DOC_ROOT/stage-6819/ACE_wrappers/bin/mwc.pl -type vs2017 -recurse -hierarchy -relative ACE_ROOT=/home/johnny/DOC_ROOT/stage-6819/ACE_wrappers -relative TAO_ROOT=/home/johnny/DOC_ROOT/stage-6819/ACE_wrappers/TAO -workers 8 -name_modifier "*_vs2017"
Project("{8BC9CEB8-8B4A-11D0-8D11-00A0C91BC942}") = "Demux_Poa_Client", "Demux_Poa_Client_vs2017.vcxproj", "{DE2BC771-FECA-1BAD-3A2A-8A214980F5FF}"
	ProjectSection(ProjectDependencies) = postProject
		{52C92DBE-FECA-1BAD-3A2A-8A214980F5FF} = {52C92DBE-FECA-1BAD-3A2A-8A214980F5FF}
	EndProjectSection
EndProject
Project("{8BC9CEB8-8B4A-11D0-8D11-00A0C91BC942}") = "Demux_Poa_Idl", "Demux_Poa_Idl_vs2017.vcxproj", "{52C92DBE-FECA-1BAD-3A2A-8A214980F5FF}"
EndProject
Project("{8BC9CEB8-8B4A-11D0-8D11-00A0C91BC942}") = "Demux_Poa_Server", "Demux_Poa_Server_vs2017.vcxproj", "{BE3B4D4A-FECA-1BAD-3A2A-8A214980F5FF}"
	ProjectSection(ProjectDependencies) = postProject
		{52C92DBE-FECA-1BAD-3A2A-8A214980F5FF} = {52C92DBE-FECA-1BAD-3A2A-8A214980F5FF}
	EndProjectSection
EndProject
Global
	GlobalSection(SolutionConfigurationPlatforms) = preSolution
		Debug|Win32 = Debug|Win32
		Debug|x64 = Debug|x64
		Release|Win32 = Release|Win32
		Release|x64 = Release|x64
	EndGlobalSection
	GlobalSection(ProjectConfigurationPlatforms) = postSolution
		{DE2BC771-FECA-1BAD-3A2A-8A214980F5FF}.Debug|Win32.ActiveCfg = Debug|Win32
		{DE2BC771-FECA-1BAD-3A2A-8A214980F5FF}.Debug|Win32.Build.0 = Debug|Win32
		{DE2BC771-FECA-1BAD-3A2A-8A214980F5FF}.Debug|x64.ActiveCfg = Debug|x64
		{DE2BC771-FECA-1BAD-3A2A-8A214980F5FF}.Debug|x64.Build.0 = Debug|x64
		{DE2BC771-FECA-1BAD-3A2A-8A214980F5FF}.Release|Win32.ActiveCfg = Release|Win32
		{DE2BC771-FECA-1BAD-3A2A-8A214980F5FF}.Release|Win32.Build.0 = Release|Win32
		{DE2BC771-FECA-1BAD-3A2A-8A214980F5FF}.Release|x64.ActiveCfg = Release|x64
		{DE2BC771-FECA-1BAD-3A2A-8A214980F5FF}.Release|x64.Build.0 = Release|x64
		{52C92DBE-FECA-1BAD-3A2A-8A214980F5FF}.Debug|Win32.ActiveCfg = Debug|Win32
		{52C92DBE-FECA-1BAD-3A2A-8A214980F5FF}.Debug|Win32.Build.0 = Debug|Win32
		{52C92DBE-FECA-1BAD-3A2A-8A214980F5FF}.Debug|x64.ActiveCfg = Debug|x64
		{52C92DBE-FECA-1BAD-3A2A-8A214980F5FF}.Debug|x64.Build.0 = Debug|x64
		{52C92DBE-FECA-1BAD-3A2A-8A214980F5FF}.Release|Win32.ActiveCfg = Release|Win32
		{52C92DBE-FECA-1BAD-3A2A-8A214980F5FF}.Release|Win32.Build.0 = Release|Win32
		{52C92DBE-FECA-1BAD-3A2A-8A214980F5FF}.Release|x64.ActiveCfg = Release|x64
		{52C92DBE-FECA-1BAD-3A2A-8A214980F5FF}.Release|x64.Build.0 = Release|x64
		{BE3B4D4A-FECA-1BAD-3A2A-8A214980F5FF}.Debug|Win32.ActiveCfg = Debug|Win32
		{BE3B4D4A-FECA-1BAD-3A2A-8A214980F5FF}.Debug|Win32.Build.0 = Debug|Win32
		{BE3B4D4A-FECA-1BAD-3A2A-8A214980F5FF}.Debug|x64.ActiveCfg = Debug|x64
		{BE3B4D4A-FECA-1BAD-3A2A-8A214980F5FF}.Debug|x64.Build.0 = Debug|x64
		{BE3B4D4A-FECA-1BAD-3A2A-8A214980F5FF}.Release|Win32.ActiveCfg = Release|Win32
		{BE3B4D4A-FECA-1BAD-3A2A-8A214980F5FF}.Release|Win32.Build.0 = Release|Win32
		{BE3B4D4A-FECA-1BAD-3A2A-8A214980F5FF}.Release|x64.ActiveCfg = Release|x64
		{BE3B4D4A-FECA-1BAD-3A2A-8A214980F5FF}.Release|x64.Build.0 = Release|x64
	EndGlobalSection
	GlobalSection(SolutionProperties) = preSolution
		HideSolutionNode = FALSE
	EndGlobalSection
EndGlobal
