
Microsoft Visual Studio Solution File, Format Version 12.00
# Visual Studio 14
#
# This file was generated by MPC.  Any changes made directly to
# this file will be lost the next time it is generated.
#
# MPC Command:
# /home/johnny/DOC_ROOT/stage-6819/ACE_wrappers/bin/mwc.pl -type vc14 -recurse -hierarchy -relative ACE_ROOT=/home/johnny/DOC_ROOT/stage-6819/ACE_wrappers -relative TAO_ROOT=/home/johnny/DOC_ROOT/stage-6819/ACE_wrappers/TAO -workers 8 -name_modifier "*_vc14"
Project("{8BC9CEB8-8B4A-11D0-8D11-00A0C91BC942}") = "IndirectedTest_Client", "IndirectedTest_Client_vc14.vcxproj", "{25AEA58B-FECA-1BAD-0C05-CCAA30E2DB8A}"
	ProjectSection(ProjectDependencies) = postProject
		{8EBC96C2-FECA-1BAD-0C05-CCAA30E2DB8A} = {8EBC96C2-FECA-1BAD-0C05-CCAA30E2DB8A}
	EndProjectSection
EndProject
Project("{8BC9CEB8-8B4A-11D0-8D11-00A0C91BC942}") = "IndirectedTest_Idl", "IndirectedTest_Idl_vc14.vcxproj", "{8EBC96C2-FECA-1BAD-0C05-CCAA30E2DB8A}"
EndProject
Global
	GlobalSection(SolutionConfigurationPlatforms) = preSolution
		Debug|Win32 = Debug|Win32
		Debug|x64 = Debug|x64
		Release|Win32 = Release|Win32
		Release|x64 = Release|x64
	EndGlobalSection
	GlobalSection(ProjectConfigurationPlatforms) = postSolution
		{25AEA58B-FECA-1BAD-0C05-CCAA30E2DB8A}.Debug|Win32.ActiveCfg = Debug|Win32
		{25AEA58B-FECA-1BAD-0C05-CCAA30E2DB8A}.Debug|Win32.Build.0 = Debug|Win32
		{25AEA58B-FECA-1BAD-0C05-CCAA30E2DB8A}.Debug|x64.ActiveCfg = Debug|x64
		{25AEA58B-FECA-1BAD-0C05-CCAA30E2DB8A}.Debug|x64.Build.0 = Debug|x64
		{25AEA58B-FECA-1BAD-0C05-CCAA30E2DB8A}.Release|Win32.ActiveCfg = Release|Win32
		{25AEA58B-FECA-1BAD-0C05-CCAA30E2DB8A}.Release|Win32.Build.0 = Release|Win32
		{25AEA58B-FECA-1BAD-0C05-CCAA30E2DB8A}.Release|x64.ActiveCfg = Release|x64
		{25AEA58B-FECA-1BAD-0C05-CCAA30E2DB8A}.Release|x64.Build.0 = Release|x64
		{8EBC96C2-FECA-1BAD-0C05-CCAA30E2DB8A}.Debug|Win32.ActiveCfg = Debug|Win32
		{8EBC96C2-FECA-1BAD-0C05-CCAA30E2DB8A}.Debug|Win32.Build.0 = Debug|Win32
		{8EBC96C2-FECA-1BAD-0C05-CCAA30E2DB8A}.Debug|x64.ActiveCfg = Debug|x64
		{8EBC96C2-FECA-1BAD-0C05-CCAA30E2DB8A}.Debug|x64.Build.0 = Debug|x64
		{8EBC96C2-FECA-1BAD-0C05-CCAA30E2DB8A}.Release|Win32.ActiveCfg = Release|Win32
		{8EBC96C2-FECA-1BAD-0C05-CCAA30E2DB8A}.Release|Win32.Build.0 = Release|Win32
		{8EBC96C2-FECA-1BAD-0C05-CCAA30E2DB8A}.Release|x64.ActiveCfg = Release|x64
		{8EBC96C2-FECA-1BAD-0C05-CCAA30E2DB8A}.Release|x64.Build.0 = Release|x64
	EndGlobalSection
	GlobalSection(SolutionProperties) = preSolution
		HideSolutionNode = FALSE
	EndGlobalSection
EndGlobal
