
Microsoft Visual Studio Solution File, Format Version 12.00
# Visual Studio 15
#
# This file was generated by MPC.  Any changes made directly to
# this file will be lost the next time it is generated.
#
# MPC Command:
# /home/johnny/DOC_ROOT/stage-6819/ACE_wrappers/bin/mwc.pl -type vs2017 -recurse -hierarchy -relative ACE_ROOT=/home/johnny/DOC_ROOT/stage-6819/ACE_wrappers -relative TAO_ROOT=/home/johnny/DOC_ROOT/stage-6819/ACE_wrappers/TAO -workers 8 -name_modifier "*_vs2017"
Project("{8BC9CEB8-8B4A-11D0-8D11-00A0C91BC942}") = "RTNotify_Client", "RTNotify_Client_vs2017.vcxproj", "{116162F8-FECA-1BAD-2F1E-FAEB01D04033}"
	ProjectSection(ProjectDependencies) = postProject
		{0A55D914-FECA-1BAD-2F1E-FAEB01D04033} = {0A55D914-FECA-1BAD-2F1E-FAEB01D04033}
	EndProjectSection
EndProject
Project("{8BC9CEB8-8B4A-11D0-8D11-00A0C91BC942}") = "RTNotify_Consumer", "RTNotify_Consumer_vs2017.vcxproj", "{ADB52945-FECA-1BAD-2F1E-FAEB01D04033}"
	ProjectSection(ProjectDependencies) = postProject
		{0A55D914-FECA-1BAD-2F1E-FAEB01D04033} = {0A55D914-FECA-1BAD-2F1E-FAEB01D04033}
	EndProjectSection
EndProject
Project("{8BC9CEB8-8B4A-11D0-8D11-00A0C91BC942}") = "RTNotify_Idl", "RTNotify_Idl_vs2017.vcxproj", "{0A55D914-FECA-1BAD-2F1E-FAEB01D04033}"
EndProject
Project("{8BC9CEB8-8B4A-11D0-8D11-00A0C91BC942}") = "RTNotify_Server", "RTNotify_Server_vs2017.vcxproj", "{7171E8C3-FECA-1BAD-2F1E-FAEB01D04033}"
	ProjectSection(ProjectDependencies) = postProject
		{0A55D914-FECA-1BAD-2F1E-FAEB01D04033} = {0A55D914-FECA-1BAD-2F1E-FAEB01D04033}
	EndProjectSection
EndProject
Global
	GlobalSection(SolutionConfigurationPlatforms) = preSolution
		Debug|Win32 = Debug|Win32
		Debug|x64 = Debug|x64
		Release|Win32 = Release|Win32
		Release|x64 = Release|x64
	EndGlobalSection
	GlobalSection(ProjectConfigurationPlatforms) = postSolution
		{116162F8-FECA-1BAD-2F1E-FAEB01D04033}.Debug|Win32.ActiveCfg = Debug|Win32
		{116162F8-FECA-1BAD-2F1E-FAEB01D04033}.Debug|Win32.Build.0 = Debug|Win32
		{116162F8-FECA-1BAD-2F1E-FAEB01D04033}.Debug|x64.ActiveCfg = Debug|x64
		{116162F8-FECA-1BAD-2F1E-FAEB01D04033}.Debug|x64.Build.0 = Debug|x64
		{116162F8-FECA-1BAD-2F1E-FAEB01D04033}.Release|Win32.ActiveCfg = Release|Win32
		{116162F8-FECA-1BAD-2F1E-FAEB01D04033}.Release|Win32.Build.0 = Release|Win32
		{116162F8-FECA-1BAD-2F1E-FAEB01D04033}.Release|x64.ActiveCfg = Release|x64
		{116162F8-FECA-1BAD-2F1E-FAEB01D04033}.Release|x64.Build.0 = Release|x64
		{ADB52945-FECA-1BAD-2F1E-FAEB01D04033}.Debug|Win32.ActiveCfg = Debug|Win32
		{ADB52945-FECA-1BAD-2F1E-FAEB01D04033}.Debug|Win32.Build.0 = Debug|Win32
		{ADB52945-FECA-1BAD-2F1E-FAEB01D04033}.Debug|x64.ActiveCfg = Debug|x64
		{ADB52945-FECA-1BAD-2F1E-FAEB01D04033}.Debug|x64.Build.0 = Debug|x64
		{ADB52945-FECA-1BAD-2F1E-FAEB01D04033}.Release|Win32.ActiveCfg = Release|Win32
		{ADB52945-FECA-1BAD-2F1E-FAEB01D04033}.Release|Win32.Build.0 = Release|Win32
		{ADB52945-FECA-1BAD-2F1E-FAEB01D04033}.Release|x64.ActiveCfg = Release|x64
		{ADB52945-FECA-1BAD-2F1E-FAEB01D04033}.Release|x64.Build.0 = Release|x64
		{0A55D914-FECA-1BAD-2F1E-FAEB01D04033}.Debug|Win32.ActiveCfg = Debug|Win32
		{0A55D914-FECA-1BAD-2F1E-FAEB01D04033}.Debug|Win32.Build.0 = Debug|Win32
		{0A55D914-FECA-1BAD-2F1E-FAEB01D04033}.Debug|x64.ActiveCfg = Debug|x64
		{0A55D914-FECA-1BAD-2F1E-FAEB01D04033}.Debug|x64.Build.0 = Debug|x64
		{0A55D914-FECA-1BAD-2F1E-FAEB01D04033}.Release|Win32.ActiveCfg = Release|Win32
		{0A55D914-FECA-1BAD-2F1E-FAEB01D04033}.Release|Win32.Build.0 = Release|Win32
		{0A55D914-FECA-1BAD-2F1E-FAEB01D04033}.Release|x64.ActiveCfg = Release|x64
		{0A55D914-FECA-1BAD-2F1E-FAEB01D04033}.Release|x64.Build.0 = Release|x64
		{7171E8C3-FECA-1BAD-2F1E-FAEB01D04033}.Debug|Win32.ActiveCfg = Debug|Win32
		{7171E8C3-FECA-1BAD-2F1E-FAEB01D04033}.Debug|Win32.Build.0 = Debug|Win32
		{7171E8C3-FECA-1BAD-2F1E-FAEB01D04033}.Debug|x64.ActiveCfg = Debug|x64
		{7171E8C3-FECA-1BAD-2F1E-FAEB01D04033}.Debug|x64.Build.0 = Debug|x64
		{7171E8C3-FECA-1BAD-2F1E-FAEB01D04033}.Release|Win32.ActiveCfg = Release|Win32
		{7171E8C3-FECA-1BAD-2F1E-FAEB01D04033}.Release|Win32.Build.0 = Release|Win32
		{7171E8C3-FECA-1BAD-2F1E-FAEB01D04033}.Release|x64.ActiveCfg = Release|x64
		{7171E8C3-FECA-1BAD-2F1E-FAEB01D04033}.Release|x64.Build.0 = Release|x64
	EndGlobalSection
	GlobalSection(SolutionProperties) = preSolution
		HideSolutionNode = FALSE
	EndGlobalSection
EndGlobal
