
Microsoft Visual Studio Solution File, Format Version 12.00
# Visual Studio 14
#
# This file was generated by MPC.  Any changes made directly to
# this file will be lost the next time it is generated.
#
# MPC Command:
# /home/johnny/DOC_ROOT/stage-6819/ACE_wrappers/bin/mwc.pl -type vc14 -recurse -hierarchy -relative ACE_ROOT=/home/johnny/DOC_ROOT/stage-6819/ACE_wrappers -relative TAO_ROOT=/home/johnny/DOC_ROOT/stage-6819/ACE_wrappers/TAO -workers 8 -name_modifier "*_vc14"
Project("{8BC9CEB8-8B4A-11D0-8D11-00A0C91BC942}") = "Interop_Wchar_Client", "Interop_Wchar_Client_vc14.vcxproj", "{E5EF66AC-FECA-1BAD-CC44-0F8D455E63D4}"
	ProjectSection(ProjectDependencies) = postProject
		{9EC092DE-FECA-1BAD-CC44-0F8D455E63D4} = {9EC092DE-FECA-1BAD-CC44-0F8D455E63D4}
	EndProjectSection
EndProject
Project("{8BC9CEB8-8B4A-11D0-8D11-00A0C91BC942}") = "Interop_Wchar_Server", "Interop_Wchar_Server_vc14.vcxproj", "{DE8F7626-FECA-1BAD-CC44-0F8D455E63D4}"
	ProjectSection(ProjectDependencies) = postProject
		{9EC092DE-FECA-1BAD-CC44-0F8D455E63D4} = {9EC092DE-FECA-1BAD-CC44-0F8D455E63D4}
	EndProjectSection
EndProject
Project("{8BC9CEB8-8B4A-11D0-8D11-00A0C91BC942}") = "interop_wchar_IDL", "interop_wchar_IDL_vc14.vcxproj", "{9EC092DE-FECA-1BAD-CC44-0F8D455E63D4}"
EndProject
Global
	GlobalSection(SolutionConfigurationPlatforms) = preSolution
		Debug|Win32 = Debug|Win32
		Debug|x64 = Debug|x64
		Release|Win32 = Release|Win32
		Release|x64 = Release|x64
	EndGlobalSection
	GlobalSection(ProjectConfigurationPlatforms) = postSolution
		{E5EF66AC-FECA-1BAD-CC44-0F8D455E63D4}.Debug|Win32.ActiveCfg = Debug|Win32
		{E5EF66AC-FECA-1BAD-CC44-0F8D455E63D4}.Debug|Win32.Build.0 = Debug|Win32
		{E5EF66AC-FECA-1BAD-CC44-0F8D455E63D4}.Debug|x64.ActiveCfg = Debug|x64
		{E5EF66AC-FECA-1BAD-CC44-0F8D455E63D4}.Debug|x64.Build.0 = Debug|x64
		{E5EF66AC-FECA-1BAD-CC44-0F8D455E63D4}.Release|Win32.ActiveCfg = Release|Win32
		{E5EF66AC-FECA-1BAD-CC44-0F8D455E63D4}.Release|Win32.Build.0 = Release|Win32
		{E5EF66AC-FECA-1BAD-CC44-0F8D455E63D4}.Release|x64.ActiveCfg = Release|x64
		{E5EF66AC-FECA-1BAD-CC44-0F8D455E63D4}.Release|x64.Build.0 = Release|x64
		{DE8F7626-FECA-1BAD-CC44-0F8D455E63D4}.Debug|Win32.ActiveCfg = Debug|Win32
		{DE8F7626-FECA-1BAD-CC44-0F8D455E63D4}.Debug|Win32.Build.0 = Debug|Win32
		{DE8F7626-FECA-1BAD-CC44-0F8D455E63D4}.Debug|x64.ActiveCfg = Debug|x64
		{DE8F7626-FECA-1BAD-CC44-0F8D455E63D4}.Debug|x64.Build.0 = Debug|x64
		{DE8F7626-FECA-1BAD-CC44-0F8D455E63D4}.Release|Win32.ActiveCfg = Release|Win32
		{DE8F7626-FECA-1BAD-CC44-0F8D455E63D4}.Release|Win32.Build.0 = Release|Win32
		{DE8F7626-FECA-1BAD-CC44-0F8D455E63D4}.Release|x64.ActiveCfg = Release|x64
		{DE8F7626-FECA-1BAD-CC44-0F8D455E63D4}.Release|x64.Build.0 = Release|x64
		{9EC092DE-FECA-1BAD-CC44-0F8D455E63D4}.Debug|Win32.ActiveCfg = Debug|Win32
		{9EC092DE-FECA-1BAD-CC44-0F8D455E63D4}.Debug|Win32.Build.0 = Debug|Win32
		{9EC092DE-FECA-1BAD-CC44-0F8D455E63D4}.Debug|x64.ActiveCfg = Debug|x64
		{9EC092DE-FECA-1BAD-CC44-0F8D455E63D4}.Debug|x64.Build.0 = Debug|x64
		{9EC092DE-FECA-1BAD-CC44-0F8D455E63D4}.Release|Win32.ActiveCfg = Release|Win32
		{9EC092DE-FECA-1BAD-CC44-0F8D455E63D4}.Release|Win32.Build.0 = Release|Win32
		{9EC092DE-FECA-1BAD-CC44-0F8D455E63D4}.Release|x64.ActiveCfg = Release|x64
		{9EC092DE-FECA-1BAD-CC44-0F8D455E63D4}.Release|x64.Build.0 = Release|x64
	EndGlobalSection
	GlobalSection(SolutionProperties) = preSolution
		HideSolutionNode = FALSE
	EndGlobalSection
EndGlobal
