
Microsoft Visual Studio Solution File, Format Version 12.00
# Visual Studio 14
#
# This file was generated by MPC.  Any changes made directly to
# this file will be lost the next time it is generated.
#
# MPC Command:
# /home/johnny/DOC_ROOT/stage-6819/ACE_wrappers/bin/mwc.pl -type vc14 -recurse -hierarchy -relative ACE_ROOT=/home/johnny/DOC_ROOT/stage-6819/ACE_wrappers -relative TAO_ROOT=/home/johnny/DOC_ROOT/stage-6819/ACE_wrappers/TAO -workers 8 -name_modifier "*_vc14"
Project("{8BC9CEB8-8B4A-11D0-8D11-00A0C91BC942}") = "ARGV_Example", "ARGV_Example_vc14.vcxproj", "{188778D3-FECA-1BAD-80F5-8C3AFDFBF954}"
EndProject
Project("{8BC9CEB8-8B4A-11D0-8D11-00A0C91BC942}") = "Config_HA_Status", "Config_HA_Status_vc14.vcxproj", "{095D6AC4-FECA-1BAD-80F5-8C3AFDFBF954}"
EndProject
Project("{8BC9CEB8-8B4A-11D0-8D11-00A0C91BC942}") = "Get_Opt_Long", "Get_Opt_Long_vc14.vcxproj", "{A9242716-FECA-1BAD-80F5-8C3AFDFBF954}"
EndProject
Project("{8BC9CEB8-8B4A-11D0-8D11-00A0C91BC942}") = "Get_Opt", "Get_Opt_vc14.vcxproj", "{97A844F6-FECA-1BAD-80F5-8C3AFDFBF954}"
EndProject
Global
	GlobalSection(SolutionConfigurationPlatforms) = preSolution
		Debug|Win32 = Debug|Win32
		Debug|x64 = Debug|x64
		Release|Win32 = Release|Win32
		Release|x64 = Release|x64
	EndGlobalSection
	GlobalSection(ProjectConfigurationPlatforms) = postSolution
		{188778D3-FECA-1BAD-80F5-8C3AFDFBF954}.Debug|Win32.ActiveCfg = Debug|Win32
		{188778D3-FECA-1BAD-80F5-8C3AFDFBF954}.Debug|Win32.Build.0 = Debug|Win32
		{188778D3-FECA-1BAD-80F5-8C3AFDFBF954}.Debug|x64.ActiveCfg = Debug|x64
		{188778D3-FECA-1BAD-80F5-8C3AFDFBF954}.Debug|x64.Build.0 = Debug|x64
		{188778D3-FECA-1BAD-80F5-8C3AFDFBF954}.Release|Win32.ActiveCfg = Release|Win32
		{188778D3-FECA-1BAD-80F5-8C3AFDFBF954}.Release|Win32.Build.0 = Release|Win32
		{188778D3-FECA-1BAD-80F5-8C3AFDFBF954}.Release|x64.ActiveCfg = Release|x64
		{188778D3-FECA-1BAD-80F5-8C3AFDFBF954}.Release|x64.Build.0 = Release|x64
		{095D6AC4-FECA-1BAD-80F5-8C3AFDFBF954}.Debug|Win32.ActiveCfg = Debug|Win32
		{095D6AC4-FECA-1BAD-80F5-8C3AFDFBF954}.Debug|Win32.Build.0 = Debug|Win32
		{095D6AC4-FECA-1BAD-80F5-8C3AFDFBF954}.Debug|x64.ActiveCfg = Debug|x64
		{095D6AC4-FECA-1BAD-80F5-8C3AFDFBF954}.Debug|x64.Build.0 = Debug|x64
		{095D6AC4-FECA-1BAD-80F5-8C3AFDFBF954}.Release|Win32.ActiveCfg = Release|Win32
		{095D6AC4-FECA-1BAD-80F5-8C3AFDFBF954}.Release|Win32.Build.0 = Release|Win32
		{095D6AC4-FECA-1BAD-80F5-8C3AFDFBF954}.Release|x64.ActiveCfg = Release|x64
		{095D6AC4-FECA-1BAD-80F5-8C3AFDFBF954}.Release|x64.Build.0 = Release|x64
		{A9242716-FECA-1BAD-80F5-8C3AFDFBF954}.Debug|Win32.ActiveCfg = Debug|Win32
		{A9242716-FECA-1BAD-80F5-8C3AFDFBF954}.Debug|Win32.Build.0 = Debug|Win32
		{A9242716-FECA-1BAD-80F5-8C3AFDFBF954}.Debug|x64.ActiveCfg = Debug|x64
		{A9242716-FECA-1BAD-80F5-8C3AFDFBF954}.Debug|x64.Build.0 = Debug|x64
		{A9242716-FECA-1BAD-80F5-8C3AFDFBF954}.Release|Win32.ActiveCfg = Release|Win32
		{A9242716-FECA-1BAD-80F5-8C3AFDFBF954}.Release|Win32.Build.0 = Release|Win32
		{A9242716-FECA-1BAD-80F5-8C3AFDFBF954}.Release|x64.ActiveCfg = Release|x64
		{A9242716-FECA-1BAD-80F5-8C3AFDFBF954}.Release|x64.Build.0 = Release|x64
		{97A844F6-FECA-1BAD-80F5-8C3AFDFBF954}.Debug|Win32.ActiveCfg = Debug|Win32
		{97A844F6-FECA-1BAD-80F5-8C3AFDFBF954}.Debug|Win32.Build.0 = Debug|Win32
		{97A844F6-FECA-1BAD-80F5-8C3AFDFBF954}.Debug|x64.ActiveCfg = Debug|x64
		{97A844F6-FECA-1BAD-80F5-8C3AFDFBF954}.Debug|x64.Build.0 = Debug|x64
		{97A844F6-FECA-1BAD-80F5-8C3AFDFBF954}.Release|Win32.ActiveCfg = Release|Win32
		{97A844F6-FECA-1BAD-80F5-8C3AFDFBF954}.Release|Win32.Build.0 = Release|Win32
		{97A844F6-FECA-1BAD-80F5-8C3AFDFBF954}.Release|x64.ActiveCfg = Release|x64
		{97A844F6-FECA-1BAD-80F5-8C3AFDFBF954}.Release|x64.Build.0 = Release|x64
	EndGlobalSection
	GlobalSection(SolutionProperties) = preSolution
		HideSolutionNode = FALSE
	EndGlobalSection
EndGlobal
