
Microsoft Visual Studio Solution File, Format Version 12.00
# Visual Studio 14
#
# This file was generated by MPC.  Any changes made directly to
# this file will be lost the next time it is generated.
#
# MPC Command:
# /home/johnny/DOC_ROOT/stage-6819/ACE_wrappers/bin/mwc.pl -type vc14 -recurse -hierarchy -relative ACE_ROOT=/home/johnny/DOC_ROOT/stage-6819/ACE_wrappers -relative TAO_ROOT=/home/johnny/DOC_ROOT/stage-6819/ACE_wrappers/TAO -workers 8 -name_modifier "*_vc14"
Project("{8BC9CEB8-8B4A-11D0-8D11-00A0C91BC942}") = "ping_interrupt_idl", "ping_interrupt_idl_vc14.vcxproj", "{B681580D-FECA-1BAD-D0E9-1F29E9F625EC}"
EndProject
Project("{8BC9CEB8-8B4A-11D0-8D11-00A0C91BC942}") = "ping_interrupt_server", "ping_interrupt_server_vc14.vcxproj", "{C2224682-FECA-1BAD-D0E9-1F29E9F625EC}"
	ProjectSection(ProjectDependencies) = postProject
		{B681580D-FECA-1BAD-D0E9-1F29E9F625EC} = {B681580D-FECA-1BAD-D0E9-1F29E9F625EC}
	EndProjectSection
EndProject
Global
	GlobalSection(SolutionConfigurationPlatforms) = preSolution
		Debug|Win32 = Debug|Win32
		Debug|x64 = Debug|x64
		Release|Win32 = Release|Win32
		Release|x64 = Release|x64
	EndGlobalSection
	GlobalSection(ProjectConfigurationPlatforms) = postSolution
		{B681580D-FECA-1BAD-D0E9-1F29E9F625EC}.Debug|Win32.ActiveCfg = Debug|Win32
		{B681580D-FECA-1BAD-D0E9-1F29E9F625EC}.Debug|Win32.Build.0 = Debug|Win32
		{B681580D-FECA-1BAD-D0E9-1F29E9F625EC}.Debug|x64.ActiveCfg = Debug|x64
		{B681580D-FECA-1BAD-D0E9-1F29E9F625EC}.Debug|x64.Build.0 = Debug|x64
		{B681580D-FECA-1BAD-D0E9-1F29E9F625EC}.Release|Win32.ActiveCfg = Release|Win32
		{B681580D-FECA-1BAD-D0E9-1F29E9F625EC}.Release|Win32.Build.0 = Release|Win32
		{B681580D-FECA-1BAD-D0E9-1F29E9F625EC}.Release|x64.ActiveCfg = Release|x64
		{B681580D-FECA-1BAD-D0E9-1F29E9F625EC}.Release|x64.Build.0 = Release|x64
		{C2224682-FECA-1BAD-D0E9-1F29E9F625EC}.Debug|Win32.ActiveCfg = Debug|Win32
		{C2224682-FECA-1BAD-D0E9-1F29E9F625EC}.Debug|Win32.Build.0 = Debug|Win32
		{C2224682-FECA-1BAD-D0E9-1F29E9F625EC}.Debug|x64.ActiveCfg = Debug|x64
		{C2224682-FECA-1BAD-D0E9-1F29E9F625EC}.Debug|x64.Build.0 = Debug|x64
		{C2224682-FECA-1BAD-D0E9-1F29E9F625EC}.Release|Win32.ActiveCfg = Release|Win32
		{C2224682-FECA-1BAD-D0E9-1F29E9F625EC}.Release|Win32.Build.0 = Release|Win32
		{C2224682-FECA-1BAD-D0E9-1F29E9F625EC}.Release|x64.ActiveCfg = Release|x64
		{C2224682-FECA-1BAD-D0E9-1F29E9F625EC}.Release|x64.Build.0 = Release|x64
	EndGlobalSection
	GlobalSection(SolutionProperties) = preSolution
		HideSolutionNode = FALSE
	EndGlobalSection
EndGlobal
